// !$*UTF8*$!
{
	archiveVersion = 1;
	classes = {
	};
	objectVersion = 56;
	objects = {

/* Begin PBXBuildFile section */
		590EFABF2CB3860600AF7986 /* SettingsVC.swift in Sources */ = {isa = PBXBuildFile; fileRef = 590EFABD2CB3860600AF7986 /* SettingsVC.swift */; };
		590EFAC02CB3860600AF7986 /* SettingsVC.xib in Resources */ = {isa = PBXBuildFile; fileRef = 590EFABE2CB3860600AF7986 /* SettingsVC.xib */; };
		590EFAC42CB3863300AF7986 /* SettingsCell.swift in Sources */ = {isa = PBXBuildFile; fileRef = 590EFAC22CB3863300AF7986 /* SettingsCell.swift */; };
		590EFAC52CB3863300AF7986 /* SettingsCell.xib in Resources */ = {isa = PBXBuildFile; fileRef = 590EFAC32CB3863300AF7986 /* SettingsCell.xib */; };
		592411582CBBB90600904E2E /* LinearProgressView.swift in Sources */ = {isa = PBXBuildFile; fileRef = 592411572CBBB90600904E2E /* LinearProgressView.swift */; };
		59265E7A2CBA932100D6569C /* HouseIdeasVC.swift in Sources */ = {isa = PBXBuildFile; fileRef = 59265E782CBA932100D6569C /* HouseIdeasVC.swift */; };
		59265E7B2CBA932100D6569C /* HouseIdeasVC.xib in Resources */ = {isa = PBXBuildFile; fileRef = 59265E792CBA932100D6569C /* HouseIdeasVC.xib */; };
		59265E7F2CBA93AA00D6569C /* HouseIdeasCell.swift in Sources */ = {isa = PBXBuildFile; fileRef = 59265E7D2CBA93AA00D6569C /* HouseIdeasCell.swift */; };
		59265E802CBA93AA00D6569C /* HouseIdeasCell.xib in Resources */ = {isa = PBXBuildFile; fileRef = 59265E7E2CBA93AA00D6569C /* HouseIdeasCell.xib */; };
		59334D8F2CC89DD0009488E1 /* UserDefaults.swift in Sources */ = {isa = PBXBuildFile; fileRef = 59334D8E2CC89DD0009488E1 /* UserDefaults.swift */; };
		594335B62CBE15410060D66D /* StoreManager_AW.swift in Sources */ = {isa = PBXBuildFile; fileRef = 594335B32CBE15410060D66D /* StoreManager_AW.swift */; };
		594335B72CBE15410060D66D /* NetworkManager_AW.swift in Sources */ = {isa = PBXBuildFile; fileRef = 594335B12CBE15410060D66D /* NetworkManager_AW.swift */; };
		594335B82CBE15410060D66D /* ContentType_AW.swift in Sources */ = {isa = PBXBuildFile; fileRef = 594335AC2CBE15410060D66D /* ContentType_AW.swift */; };
		594335B92CBE15410060D66D /* ApkStoreManager_AW.swift in Sources */ = {isa = PBXBuildFile; fileRef = 594335AA2CBE15410060D66D /* ApkStoreManager_AW.swift */; };
		594335BA2CBE15410060D66D /* ReachabilityManager_AW.swift in Sources */ = {isa = PBXBuildFile; fileRef = 594335B22CBE15410060D66D /* ReachabilityManager_AW.swift */; };
		594335BB2CBE15410060D66D /* FileSession_AW.swift in Sources */ = {isa = PBXBuildFile; fileRef = 594335AE2CBE15410060D66D /* FileSession_AW.swift */; };
		594335BC2CBE15410060D66D /* Keys_AW.swift in Sources */ = {isa = PBXBuildFile; fileRef = 594335B02CBE15410060D66D /* Keys_AW.swift */; };
		594335BD2CBE15410060D66D /* ContentManager_AW.swift in Sources */ = {isa = PBXBuildFile; fileRef = 594335AB2CBE15410060D66D /* ContentManager_AW.swift */; };
		594335BE2CBE15410060D66D /* DBManager_AW.swift in Sources */ = {isa = PBXBuildFile; fileRef = 594335AD2CBE15410060D66D /* DBManager_AW.swift */; };
		594335BF2CBE15410060D66D /* InternetManager_AW.swift in Sources */ = {isa = PBXBuildFile; fileRef = 594335AF2CBE15410060D66D /* InternetManager_AW.swift */; };
		594335C02CBE15410060D66D /* StoreManagerCharacters_AW.swift in Sources */ = {isa = PBXBuildFile; fileRef = 594335B42CBE15410060D66D /* StoreManagerCharacters_AW.swift */; };
		594335C42CBE15670060D66D /* SkinCell.xib in Resources */ = {isa = PBXBuildFile; fileRef = 594335C22CBE15670060D66D /* SkinCell.xib */; };
		594335C52CBE15670060D66D /* SkinCell.swift in Sources */ = {isa = PBXBuildFile; fileRef = 594335C12CBE15670060D66D /* SkinCell.swift */; };
		594335CC2CBE15990060D66D /* ContentListDataModel_AW.swift in Sources */ = {isa = PBXBuildFile; fileRef = 594335C92CBE15990060D66D /* ContentListDataModel_AW.swift */; };
		594335CD2CBE15990060D66D /* CategoriesModel.swift in Sources */ = {isa = PBXBuildFile; fileRef = 594335C62CBE15990060D66D /* CategoriesModel.swift */; };
		594335CE2CBE15990060D66D /* EditorContentData_AW.swift in Sources */ = {isa = PBXBuildFile; fileRef = 594335CA2CBE15990060D66D /* EditorContentData_AW.swift */; };
		594335CF2CBE15990060D66D /* CharacterContentType_AW.swift in Sources */ = {isa = PBXBuildFile; fileRef = 594335C82CBE15990060D66D /* CharacterContentType_AW.swift */; };
		594335D02CBE15990060D66D /* Category_AW.swift in Sources */ = {isa = PBXBuildFile; fileRef = 594335C72CBE15990060D66D /* Category_AW.swift */; };
		594335E12CBE196D0060D66D /* CharacterEditorImage_AW.xib in Resources */ = {isa = PBXBuildFile; fileRef = 594335D62CBE196D0060D66D /* CharacterEditorImage_AW.xib */; };
		594335E22CBE196D0060D66D /* CategoryCollectionViewCell.xib in Resources */ = {isa = PBXBuildFile; fileRef = 594335D32CBE196D0060D66D /* CategoryCollectionViewCell.xib */; };
		594335E32CBE196D0060D66D /* ContentCollectionViewCell.xib in Resources */ = {isa = PBXBuildFile; fileRef = 594335D92CBE196D0060D66D /* ContentCollectionViewCell.xib */; };
		594335E42CBE196D0060D66D /* EditorSetupViewController_AW.xib in Resources */ = {isa = PBXBuildFile; fileRef = 594335DE2CBE196D0060D66D /* EditorSetupViewController_AW.xib */; };
		594335E52CBE196D0060D66D /* CategoryCollectionViewCell.swift in Sources */ = {isa = PBXBuildFile; fileRef = 594335D22CBE196D0060D66D /* CategoryCollectionViewCell.swift */; };
		594335E62CBE196D0060D66D /* EditorSetupViewController_AW.swift in Sources */ = {isa = PBXBuildFile; fileRef = 594335DD2CBE196D0060D66D /* EditorSetupViewController_AW.swift */; };
		594335E72CBE196D0060D66D /* ContentCollectionViewCell.swift in Sources */ = {isa = PBXBuildFile; fileRef = 594335D82CBE196D0060D66D /* ContentCollectionViewCell.swift */; };
		594335E82CBE196D0060D66D /* EditorSetupViewModel_AW.swift in Sources */ = {isa = PBXBuildFile; fileRef = 594335DF2CBE196D0060D66D /* EditorSetupViewModel_AW.swift */; };
		594335E92CBE196D0060D66D /* CharacterEditorImage_AW.swift in Sources */ = {isa = PBXBuildFile; fileRef = 594335D52CBE196D0060D66D /* CharacterEditorImage_AW.swift */; };
		594335EA2CBE196D0060D66D /* CachedImageView_AW.swift in Sources */ = {isa = PBXBuildFile; fileRef = 594335DB2CBE196D0060D66D /* CachedImageView_AW.swift */; };
		595628282CC9EE2C00716D5B /* ShowSkinApplied.xib in Resources */ = {isa = PBXBuildFile; fileRef = 595628272CC9EE2C00716D5B /* ShowSkinApplied.xib */; };
		595628292CC9EE2C00716D5B /* ShowSkinApplied.swift in Sources */ = {isa = PBXBuildFile; fileRef = 595628262CC9EE2C00716D5B /* ShowSkinApplied.swift */; };
		5966E0D62CB6D51D00294C90 /* ModsDetailsVC.swift in Sources */ = {isa = PBXBuildFile; fileRef = 5966E0D42CB6D51D00294C90 /* ModsDetailsVC.swift */; };
		5966E0D72CB6D51D00294C90 /* ModsDetailsVC.xib in Resources */ = {isa = PBXBuildFile; fileRef = 5966E0D52CB6D51D00294C90 /* ModsDetailsVC.xib */; };
		5966E0DB2CB6DC0500294C90 /* PopUPView.swift in Sources */ = {isa = PBXBuildFile; fileRef = 5966E0D92CB6DC0500294C90 /* PopUPView.swift */; };
		5966E0DC2CB6DC0500294C90 /* PopUPView.xib in Resources */ = {isa = PBXBuildFile; fileRef = 5966E0DA2CB6DC0500294C90 /* PopUPView.xib */; };
		597CD0BC2CA9214700D8BF2B /* HomeVC.swift in Sources */ = {isa = PBXBuildFile; fileRef = 597CD0BA2CA9214700D8BF2B /* HomeVC.swift */; };
		597CD0BD2CA9214700D8BF2B /* HomeVC.xib in Resources */ = {isa = PBXBuildFile; fileRef = 597CD0BB2CA9214700D8BF2B /* HomeVC.xib */; };
		597CD0C12CA9258100D8BF2B /* HomeTVC.swift in Sources */ = {isa = PBXBuildFile; fileRef = 597CD0BF2CA9258100D8BF2B /* HomeTVC.swift */; };
		597CD0C22CA9258100D8BF2B /* HomeTVC.xib in Resources */ = {isa = PBXBuildFile; fileRef = 597CD0C02CA9258100D8BF2B /* HomeTVC.xib */; };
		597CD0C62CA92CDC00D8BF2B /* AppFunctions.swift in Sources */ = {isa = PBXBuildFile; fileRef = 597CD0C52CA92CDC00D8BF2B /* AppFunctions.swift */; };
		597CD0CA2CA92E8800D8BF2B /* AppColors.swift in Sources */ = {isa = PBXBuildFile; fileRef = 597CD0C92CA92E8800D8BF2B /* AppColors.swift */; };
		597CD0CC2CA9344500D8BF2B /* AppConstants.swift in Sources */ = {isa = PBXBuildFile; fileRef = 597CD0CB2CA9344500D8BF2B /* AppConstants.swift */; };
		597CD0D02CA9358500D8BF2B /* ModsVCViewController.swift in Sources */ = {isa = PBXBuildFile; fileRef = 597CD0CE2CA9358500D8BF2B /* ModsVCViewController.swift */; };
		597CD0D12CA9358500D8BF2B /* ModsVCViewController.xib in Resources */ = {isa = PBXBuildFile; fileRef = 597CD0CF2CA9358500D8BF2B /* ModsVCViewController.xib */; };
		597CD0D42CA935AF00D8BF2B /* GilroyAppConstFontsTexture.swift in Sources */ = {isa = PBXBuildFile; fileRef = 597CD0D32CA935AF00D8BF2B /* GilroyAppConstFontsTexture.swift */; };
		597CD0D82CA93A7C00D8BF2B /* CategoryCell.swift in Sources */ = {isa = PBXBuildFile; fileRef = 597CD0D62CA93A7C00D8BF2B /* CategoryCell.swift */; };
		597CD0D92CA93A7C00D8BF2B /* CategoryCell.xib in Resources */ = {isa = PBXBuildFile; fileRef = 597CD0D72CA93A7C00D8BF2B /* CategoryCell.xib */; };
		597CD0E62CA9477100D8BF2B /* gilroyFloatRegular.ttf in Resources */ = {isa = PBXBuildFile; fileRef = 597CD0E32CA9477100D8BF2B /* gilroyFloatRegular.ttf */; };
		597CD0E72CA9477100D8BF2B /* gilroyChromeShadesExtraBold.ttf in Resources */ = {isa = PBXBuildFile; fileRef = 597CD0E02CA9477100D8BF2B /* gilroyChromeShadesExtraBold.ttf */; };
		597CD0E82CA9477100D8BF2B /* gilroyLongMedium.ttf in Resources */ = {isa = PBXBuildFile; fileRef = 597CD0E22CA9477100D8BF2B /* gilroyLongMedium.ttf */; };
		597CD0E92CA9477100D8BF2B /* gilroyStringSemiBold.ttf in Resources */ = {isa = PBXBuildFile; fileRef = 597CD0E42CA9477100D8BF2B /* gilroyStringSemiBold.ttf */; };
		597CD0EA2CA9477100D8BF2B /* gilroyIntegerThink.ttf in Resources */ = {isa = PBXBuildFile; fileRef = 597CD0E52CA9477100D8BF2B /* gilroyIntegerThink.ttf */; };
		597CD0EB2CA9477100D8BF2B /* gilroyDoubleBold.ttf in Resources */ = {isa = PBXBuildFile; fileRef = 597CD0DF2CA9477100D8BF2B /* gilroyDoubleBold.ttf */; };
		597CD0EC2CA9477100D8BF2B /* gilroyLightGroundKey.ttf in Resources */ = {isa = PBXBuildFile; fileRef = 597CD0E12CA9477100D8BF2B /* gilroyLightGroundKey.ttf */; };
		597CD0F32CA94AF400D8BF2B /* ModsTableCell.swift in Sources */ = {isa = PBXBuildFile; fileRef = 597CD0F12CA94AF400D8BF2B /* ModsTableCell.swift */; };
		597CD0F42CA94AF400D8BF2B /* ModsTableCell.xib in Resources */ = {isa = PBXBuildFile; fileRef = 597CD0F22CA94AF400D8BF2B /* ModsTableCell.xib */; };
		5984E23B2CBBF4E3004E94F2 /* SkinMakerPreviewVC.xib in Resources */ = {isa = PBXBuildFile; fileRef = 5984E2392CBBF4E3004E94F2 /* SkinMakerPreviewVC.xib */; };
		5984E23C2CBBF4E3004E94F2 /* SkinMakerPreviewVC.swift in Sources */ = {isa = PBXBuildFile; fileRef = 5984E2382CBBF4E3004E94F2 /* SkinMakerPreviewVC.swift */; };
		59FB6FBF2CBA64040058AD3E /* DeleteVC.swift in Sources */ = {isa = PBXBuildFile; fileRef = 59FB6FBD2CBA64040058AD3E /* DeleteVC.swift */; };
		59FB6FC02CBA64040058AD3E /* DeleteVC.xib in Resources */ = {isa = PBXBuildFile; fileRef = 59FB6FBE2CBA64040058AD3E /* DeleteVC.xib */; };
		59FB6FC32CBA640B0058AD3E /* SearchVC.swift in Sources */ = {isa = PBXBuildFile; fileRef = 59FB6FC12CBA640B0058AD3E /* SearchVC.swift */; };
		59FB6FC42CBA640B0058AD3E /* SearchVC.xib in Resources */ = {isa = PBXBuildFile; fileRef = 59FB6FC22CBA640B0058AD3E /* SearchVC.xib */; };
		59FB6FC72CBA64140058AD3E /* SkinMakerVC.swift in Sources */ = {isa = PBXBuildFile; fileRef = 59FB6FC52CBA64140058AD3E /* SkinMakerVC.swift */; };
		59FB6FC82CBA64140058AD3E /* SkinMakerVC.xib in Resources */ = {isa = PBXBuildFile; fileRef = 59FB6FC62CBA64140058AD3E /* SkinMakerVC.xib */; };
		59FB6FCB2CBA641C0058AD3E /* TermsVC.swift in Sources */ = {isa = PBXBuildFile; fileRef = 59FB6FC92CBA641C0058AD3E /* TermsVC.swift */; };
		59FB6FCC2CBA641C0058AD3E /* TermsVC.xib in Resources */ = {isa = PBXBuildFile; fileRef = 59FB6FCA2CBA641C0058AD3E /* TermsVC.xib */; };
		59FB6FCF2CBA64240058AD3E /* PrivacyVC.swift in Sources */ = {isa = PBXBuildFile; fileRef = 59FB6FCD2CBA64240058AD3E /* PrivacyVC.swift */; };
		59FB6FD02CBA64240058AD3E /* PrivacyVC.xib in Resources */ = {isa = PBXBuildFile; fileRef = 59FB6FCE2CBA64240058AD3E /* PrivacyVC.xib */; };
		59FB6FD72CBA7CCE0058AD3E /* LockScreenView.xib in Resources */ = {isa = PBXBuildFile; fileRef = 59FB6FD62CBA7CCE0058AD3E /* LockScreenView.xib */; };
		59FB6FD82CBA7CCE0058AD3E /* LockScreenView.swift in Sources */ = {isa = PBXBuildFile; fileRef = 59FB6FD52CBA7CCE0058AD3E /* LockScreenView.swift */; };
		59FB6FDA2CBA7D010058AD3E /* BaseView.swift in Sources */ = {isa = PBXBuildFile; fileRef = 59FB6FD92CBA7D010058AD3E /* BaseView.swift */; };
		965E1E572CBBD8340051888C /* SearchCell.swift in Sources */ = {isa = PBXBuildFile; fileRef = 965E1E552CBBD8340051888C /* SearchCell.swift */; };
		965E1E582CBBD8340051888C /* SearchCell.xib in Resources */ = {isa = PBXBuildFile; fileRef = 965E1E562CBBD8340051888C /* SearchCell.xib */; };
		966F6D0E2CC3C3530094940F /* HouseIdeas.swift in Sources */ = {isa = PBXBuildFile; fileRef = 966F6D0D2CC3C3530094940F /* HouseIdeas.swift */; };
		966F6D102CC3CF8F0094940F /* Mods.swift in Sources */ = {isa = PBXBuildFile; fileRef = 966F6D0F2CC3CF8F0094940F /* Mods.swift */; };
		966F6D122CC3DC5C0094940F /* EditorContent.swift in Sources */ = {isa = PBXBuildFile; fileRef = 966F6D112CC3DC5C0094940F /* EditorContent.swift */; };
		96C91FE32CC39CF500C0C929 /* Coordinators_AW.swift in Sources */ = {isa = PBXBuildFile; fileRef = 96C91FE22CC39CF500C0C929 /* Coordinators_AW.swift */; };
		96C91FE72CC39D7E00C0C929 /* PreloaderVC.swift in Sources */ = {isa = PBXBuildFile; fileRef = 96C91FE52CC39D7E00C0C929 /* PreloaderVC.swift */; };
		96C91FE82CC39D7E00C0C929 /* PreloaderVC.xib in Resources */ = {isa = PBXBuildFile; fileRef = 96C91FE62CC39D7E00C0C929 /* PreloaderVC.xib */; };
		96C91FEC2CC39DF300C0C929 /* ContentService_AW.swift in Sources */ = {isa = PBXBuildFile; fileRef = 96C91FEA2CC39DF300C0C929 /* ContentService_AW.swift */; };
		96C91FED2CC39DF300C0C929 /* ServiceHolder_AW.swift in Sources */ = {isa = PBXBuildFile; fileRef = 96C91FEB2CC39DF300C0C929 /* ServiceHolder_AW.swift */; };
		B82C401A2AF15F2500401575 /* animation.json in Resources */ = {isa = PBXBuildFile; fileRef = B82C40192AF15F2500401575 /* animation.json */; };
		B89FFD672AAA34F400DD71EF /* AppDelegate.swift in Sources */ = {isa = PBXBuildFile; fileRef = B89FFD662AAA34F400DD71EF /* AppDelegate.swift */; };
		B89FFD6E2AAA34F400DD71EF /* Main.storyboard in Resources */ = {isa = PBXBuildFile; fileRef = B89FFD6C2AAA34F400DD71EF /* Main.storyboard */; };
		B89FFD702AAA34F500DD71EF /* Assets.xcassets in Resources */ = {isa = PBXBuildFile; fileRef = B89FFD6F2AAA34F500DD71EF /* Assets.xcassets */; };
		B89FFD732AAA34F500DD71EF /* LaunchScreen.storyboard in Resources */ = {isa = PBXBuildFile; fileRef = B89FFD712AAA34F500DD71EF /* LaunchScreen.storyboard */; };
/* End PBXBuildFile section */

/* Begin PBXFileReference section */
		590EFABD2CB3860600AF7986 /* SettingsVC.swift */ = {isa = PBXFileReference; lastKnownFileType = sourcecode.swift; path = SettingsVC.swift; sourceTree = "<group>"; };
		590EFABE2CB3860600AF7986 /* SettingsVC.xib */ = {isa = PBXFileReference; lastKnownFileType = file.xib; path = SettingsVC.xib; sourceTree = "<group>"; };
		590EFAC22CB3863300AF7986 /* SettingsCell.swift */ = {isa = PBXFileReference; lastKnownFileType = sourcecode.swift; path = SettingsCell.swift; sourceTree = "<group>"; };
		590EFAC32CB3863300AF7986 /* SettingsCell.xib */ = {isa = PBXFileReference; lastKnownFileType = file.xib; path = SettingsCell.xib; sourceTree = "<group>"; };
		592411572CBBB90600904E2E /* LinearProgressView.swift */ = {isa = PBXFileReference; lastKnownFileType = sourcecode.swift; path = LinearProgressView.swift; sourceTree = "<group>"; };
		59265E782CBA932100D6569C /* HouseIdeasVC.swift */ = {isa = PBXFileReference; lastKnownFileType = sourcecode.swift; path = HouseIdeasVC.swift; sourceTree = "<group>"; };
		59265E792CBA932100D6569C /* HouseIdeasVC.xib */ = {isa = PBXFileReference; lastKnownFileType = file.xib; path = HouseIdeasVC.xib; sourceTree = "<group>"; };
		59265E7D2CBA93AA00D6569C /* HouseIdeasCell.swift */ = {isa = PBXFileReference; lastKnownFileType = sourcecode.swift; path = HouseIdeasCell.swift; sourceTree = "<group>"; };
		59265E7E2CBA93AA00D6569C /* HouseIdeasCell.xib */ = {isa = PBXFileReference; lastKnownFileType = file.xib; path = HouseIdeasCell.xib; sourceTree = "<group>"; };
		59334D8E2CC89DD0009488E1 /* UserDefaults.swift */ = {isa = PBXFileReference; lastKnownFileType = sourcecode.swift; path = UserDefaults.swift; sourceTree = "<group>"; };
		594335AA2CBE15410060D66D /* ApkStoreManager_AW.swift */ = {isa = PBXFileReference; lastKnownFileType = sourcecode.swift; path = ApkStoreManager_AW.swift; sourceTree = "<group>"; };
		594335AB2CBE15410060D66D /* ContentManager_AW.swift */ = {isa = PBXFileReference; lastKnownFileType = sourcecode.swift; path = ContentManager_AW.swift; sourceTree = "<group>"; };
		594335AC2CBE15410060D66D /* ContentType_AW.swift */ = {isa = PBXFileReference; lastKnownFileType = sourcecode.swift; path = ContentType_AW.swift; sourceTree = "<group>"; };
		594335AD2CBE15410060D66D /* DBManager_AW.swift */ = {isa = PBXFileReference; lastKnownFileType = sourcecode.swift; path = DBManager_AW.swift; sourceTree = "<group>"; };
		594335AE2CBE15410060D66D /* FileSession_AW.swift */ = {isa = PBXFileReference; lastKnownFileType = sourcecode.swift; path = FileSession_AW.swift; sourceTree = "<group>"; };
		594335AF2CBE15410060D66D /* InternetManager_AW.swift */ = {isa = PBXFileReference; lastKnownFileType = sourcecode.swift; path = InternetManager_AW.swift; sourceTree = "<group>"; };
		594335B02CBE15410060D66D /* Keys_AW.swift */ = {isa = PBXFileReference; lastKnownFileType = sourcecode.swift; path = Keys_AW.swift; sourceTree = "<group>"; };
		594335B12CBE15410060D66D /* NetworkManager_AW.swift */ = {isa = PBXFileReference; lastKnownFileType = sourcecode.swift; path = NetworkManager_AW.swift; sourceTree = "<group>"; };
		594335B22CBE15410060D66D /* ReachabilityManager_AW.swift */ = {isa = PBXFileReference; lastKnownFileType = sourcecode.swift; path = ReachabilityManager_AW.swift; sourceTree = "<group>"; };
		594335B32CBE15410060D66D /* StoreManager_AW.swift */ = {isa = PBXFileReference; lastKnownFileType = sourcecode.swift; path = StoreManager_AW.swift; sourceTree = "<group>"; };
		594335B42CBE15410060D66D /* StoreManagerCharacters_AW.swift */ = {isa = PBXFileReference; lastKnownFileType = sourcecode.swift; path = StoreManagerCharacters_AW.swift; sourceTree = "<group>"; };
		594335C12CBE15670060D66D /* SkinCell.swift */ = {isa = PBXFileReference; lastKnownFileType = sourcecode.swift; path = SkinCell.swift; sourceTree = "<group>"; };
		594335C22CBE15670060D66D /* SkinCell.xib */ = {isa = PBXFileReference; lastKnownFileType = file.xib; path = SkinCell.xib; sourceTree = "<group>"; };
		594335C62CBE15990060D66D /* CategoriesModel.swift */ = {isa = PBXFileReference; lastKnownFileType = sourcecode.swift; path = CategoriesModel.swift; sourceTree = "<group>"; };
		594335C72CBE15990060D66D /* Category_AW.swift */ = {isa = PBXFileReference; lastKnownFileType = sourcecode.swift; path = Category_AW.swift; sourceTree = "<group>"; };
		594335C82CBE15990060D66D /* CharacterContentType_AW.swift */ = {isa = PBXFileReference; lastKnownFileType = sourcecode.swift; path = CharacterContentType_AW.swift; sourceTree = "<group>"; };
		594335C92CBE15990060D66D /* ContentListDataModel_AW.swift */ = {isa = PBXFileReference; lastKnownFileType = sourcecode.swift; path = ContentListDataModel_AW.swift; sourceTree = "<group>"; };
		594335CA2CBE15990060D66D /* EditorContentData_AW.swift */ = {isa = PBXFileReference; lastKnownFileType = sourcecode.swift; path = EditorContentData_AW.swift; sourceTree = "<group>"; };
		594335D22CBE196D0060D66D /* CategoryCollectionViewCell.swift */ = {isa = PBXFileReference; lastKnownFileType = sourcecode.swift; path = CategoryCollectionViewCell.swift; sourceTree = "<group>"; };
		594335D32CBE196D0060D66D /* CategoryCollectionViewCell.xib */ = {isa = PBXFileReference; lastKnownFileType = file.xib; path = CategoryCollectionViewCell.xib; sourceTree = "<group>"; };
		594335D52CBE196D0060D66D /* CharacterEditorImage_AW.swift */ = {isa = PBXFileReference; lastKnownFileType = sourcecode.swift; path = CharacterEditorImage_AW.swift; sourceTree = "<group>"; };
		594335D62CBE196D0060D66D /* CharacterEditorImage_AW.xib */ = {isa = PBXFileReference; lastKnownFileType = file.xib; path = CharacterEditorImage_AW.xib; sourceTree = "<group>"; };
		594335D82CBE196D0060D66D /* ContentCollectionViewCell.swift */ = {isa = PBXFileReference; lastKnownFileType = sourcecode.swift; path = ContentCollectionViewCell.swift; sourceTree = "<group>"; };
		594335D92CBE196D0060D66D /* ContentCollectionViewCell.xib */ = {isa = PBXFileReference; lastKnownFileType = file.xib; path = ContentCollectionViewCell.xib; sourceTree = "<group>"; };
		594335DB2CBE196D0060D66D /* CachedImageView_AW.swift */ = {isa = PBXFileReference; lastKnownFileType = sourcecode.swift; path = CachedImageView_AW.swift; sourceTree = "<group>"; };
		594335DD2CBE196D0060D66D /* EditorSetupViewController_AW.swift */ = {isa = PBXFileReference; lastKnownFileType = sourcecode.swift; path = EditorSetupViewController_AW.swift; sourceTree = "<group>"; };
		594335DE2CBE196D0060D66D /* EditorSetupViewController_AW.xib */ = {isa = PBXFileReference; lastKnownFileType = file.xib; path = EditorSetupViewController_AW.xib; sourceTree = "<group>"; };
		594335DF2CBE196D0060D66D /* EditorSetupViewModel_AW.swift */ = {isa = PBXFileReference; lastKnownFileType = sourcecode.swift; path = EditorSetupViewModel_AW.swift; sourceTree = "<group>"; };
		595628262CC9EE2C00716D5B /* ShowSkinApplied.swift */ = {isa = PBXFileReference; lastKnownFileType = sourcecode.swift; path = ShowSkinApplied.swift; sourceTree = "<group>"; };
		595628272CC9EE2C00716D5B /* ShowSkinApplied.xib */ = {isa = PBXFileReference; lastKnownFileType = file.xib; path = ShowSkinApplied.xib; sourceTree = "<group>"; };
		5966E0D42CB6D51D00294C90 /* ModsDetailsVC.swift */ = {isa = PBXFileReference; lastKnownFileType = sourcecode.swift; path = ModsDetailsVC.swift; sourceTree = "<group>"; };
		5966E0D52CB6D51D00294C90 /* ModsDetailsVC.xib */ = {isa = PBXFileReference; lastKnownFileType = file.xib; path = ModsDetailsVC.xib; sourceTree = "<group>"; };
		5966E0D92CB6DC0500294C90 /* PopUPView.swift */ = {isa = PBXFileReference; lastKnownFileType = sourcecode.swift; path = PopUPView.swift; sourceTree = "<group>"; };
		5966E0DA2CB6DC0500294C90 /* PopUPView.xib */ = {isa = PBXFileReference; lastKnownFileType = file.xib; path = PopUPView.xib; sourceTree = "<group>"; };
		597CD0BA2CA9214700D8BF2B /* HomeVC.swift */ = {isa = PBXFileReference; lastKnownFileType = sourcecode.swift; path = HomeVC.swift; sourceTree = "<group>"; };
		597CD0BB2CA9214700D8BF2B /* HomeVC.xib */ = {isa = PBXFileReference; lastKnownFileType = file.xib; path = HomeVC.xib; sourceTree = "<group>"; };
		597CD0BF2CA9258100D8BF2B /* HomeTVC.swift */ = {isa = PBXFileReference; lastKnownFileType = sourcecode.swift; path = HomeTVC.swift; sourceTree = "<group>"; };
		597CD0C02CA9258100D8BF2B /* HomeTVC.xib */ = {isa = PBXFileReference; lastKnownFileType = file.xib; path = HomeTVC.xib; sourceTree = "<group>"; };
		597CD0C52CA92CDC00D8BF2B /* AppFunctions.swift */ = {isa = PBXFileReference; lastKnownFileType = sourcecode.swift; path = AppFunctions.swift; sourceTree = "<group>"; };
		597CD0C92CA92E8800D8BF2B /* AppColors.swift */ = {isa = PBXFileReference; lastKnownFileType = sourcecode.swift; path = AppColors.swift; sourceTree = "<group>"; };
		597CD0CB2CA9344500D8BF2B /* AppConstants.swift */ = {isa = PBXFileReference; lastKnownFileType = sourcecode.swift; path = AppConstants.swift; sourceTree = "<group>"; };
		597CD0CE2CA9358500D8BF2B /* ModsVCViewController.swift */ = {isa = PBXFileReference; lastKnownFileType = sourcecode.swift; path = ModsVCViewController.swift; sourceTree = "<group>"; };
		597CD0CF2CA9358500D8BF2B /* ModsVCViewController.xib */ = {isa = PBXFileReference; lastKnownFileType = file.xib; path = ModsVCViewController.xib; sourceTree = "<group>"; };
		597CD0D32CA935AF00D8BF2B /* GilroyAppConstFontsTexture.swift */ = {isa = PBXFileReference; lastKnownFileType = sourcecode.swift; path = GilroyAppConstFontsTexture.swift; sourceTree = "<group>"; };
		597CD0D62CA93A7C00D8BF2B /* CategoryCell.swift */ = {isa = PBXFileReference; lastKnownFileType = sourcecode.swift; path = CategoryCell.swift; sourceTree = "<group>"; };
		597CD0D72CA93A7C00D8BF2B /* CategoryCell.xib */ = {isa = PBXFileReference; lastKnownFileType = file.xib; path = CategoryCell.xib; sourceTree = "<group>"; };
		597CD0DF2CA9477100D8BF2B /* gilroyDoubleBold.ttf */ = {isa = PBXFileReference; lastKnownFileType = file; path = gilroyDoubleBold.ttf; sourceTree = "<group>"; };
		597CD0E02CA9477100D8BF2B /* gilroyChromeShadesExtraBold.ttf */ = {isa = PBXFileReference; lastKnownFileType = file; path = gilroyChromeShadesExtraBold.ttf; sourceTree = "<group>"; };
		597CD0E12CA9477100D8BF2B /* gilroyLightGroundKey.ttf */ = {isa = PBXFileReference; lastKnownFileType = file; path = gilroyLightGroundKey.ttf; sourceTree = "<group>"; };
		597CD0E22CA9477100D8BF2B /* gilroyLongMedium.ttf */ = {isa = PBXFileReference; lastKnownFileType = file; path = gilroyLongMedium.ttf; sourceTree = "<group>"; };
		597CD0E32CA9477100D8BF2B /* gilroyFloatRegular.ttf */ = {isa = PBXFileReference; lastKnownFileType = file; path = gilroyFloatRegular.ttf; sourceTree = "<group>"; };
		597CD0E42CA9477100D8BF2B /* gilroyStringSemiBold.ttf */ = {isa = PBXFileReference; lastKnownFileType = file; path = gilroyStringSemiBold.ttf; sourceTree = "<group>"; };
		597CD0E52CA9477100D8BF2B /* gilroyIntegerThink.ttf */ = {isa = PBXFileReference; lastKnownFileType = file; path = gilroyIntegerThink.ttf; sourceTree = "<group>"; };
		597CD0F12CA94AF400D8BF2B /* ModsTableCell.swift */ = {isa = PBXFileReference; lastKnownFileType = sourcecode.swift; path = ModsTableCell.swift; sourceTree = "<group>"; };
		597CD0F22CA94AF400D8BF2B /* ModsTableCell.xib */ = {isa = PBXFileReference; lastKnownFileType = file.xib; path = ModsTableCell.xib; sourceTree = "<group>"; };
		5984E2382CBBF4E3004E94F2 /* SkinMakerPreviewVC.swift */ = {isa = PBXFileReference; lastKnownFileType = sourcecode.swift; path = SkinMakerPreviewVC.swift; sourceTree = "<group>"; };
		5984E2392CBBF4E3004E94F2 /* SkinMakerPreviewVC.xib */ = {isa = PBXFileReference; lastKnownFileType = file.xib; path = SkinMakerPreviewVC.xib; sourceTree = "<group>"; };
		59FB6FBD2CBA64040058AD3E /* DeleteVC.swift */ = {isa = PBXFileReference; lastKnownFileType = sourcecode.swift; path = DeleteVC.swift; sourceTree = "<group>"; };
		59FB6FBE2CBA64040058AD3E /* DeleteVC.xib */ = {isa = PBXFileReference; lastKnownFileType = file.xib; path = DeleteVC.xib; sourceTree = "<group>"; };
		59FB6FC12CBA640B0058AD3E /* SearchVC.swift */ = {isa = PBXFileReference; lastKnownFileType = sourcecode.swift; path = SearchVC.swift; sourceTree = "<group>"; };
		59FB6FC22CBA640B0058AD3E /* SearchVC.xib */ = {isa = PBXFileReference; lastKnownFileType = file.xib; path = SearchVC.xib; sourceTree = "<group>"; };
		59FB6FC52CBA64140058AD3E /* SkinMakerVC.swift */ = {isa = PBXFileReference; lastKnownFileType = sourcecode.swift; path = SkinMakerVC.swift; sourceTree = "<group>"; };
		59FB6FC62CBA64140058AD3E /* SkinMakerVC.xib */ = {isa = PBXFileReference; lastKnownFileType = file.xib; path = SkinMakerVC.xib; sourceTree = "<group>"; };
		59FB6FC92CBA641C0058AD3E /* TermsVC.swift */ = {isa = PBXFileReference; lastKnownFileType = sourcecode.swift; path = TermsVC.swift; sourceTree = "<group>"; };
		59FB6FCA2CBA641C0058AD3E /* TermsVC.xib */ = {isa = PBXFileReference; lastKnownFileType = file.xib; path = TermsVC.xib; sourceTree = "<group>"; };
		59FB6FCD2CBA64240058AD3E /* PrivacyVC.swift */ = {isa = PBXFileReference; lastKnownFileType = sourcecode.swift; path = PrivacyVC.swift; sourceTree = "<group>"; };
		59FB6FCE2CBA64240058AD3E /* PrivacyVC.xib */ = {isa = PBXFileReference; lastKnownFileType = file.xib; path = PrivacyVC.xib; sourceTree = "<group>"; };
		59FB6FD52CBA7CCE0058AD3E /* LockScreenView.swift */ = {isa = PBXFileReference; lastKnownFileType = sourcecode.swift; path = LockScreenView.swift; sourceTree = "<group>"; };
		59FB6FD62CBA7CCE0058AD3E /* LockScreenView.xib */ = {isa = PBXFileReference; lastKnownFileType = file.xib; path = LockScreenView.xib; sourceTree = "<group>"; };
		59FB6FD92CBA7D010058AD3E /* BaseView.swift */ = {isa = PBXFileReference; lastKnownFileType = sourcecode.swift; path = BaseView.swift; sourceTree = "<group>"; };
		965E1E552CBBD8340051888C /* SearchCell.swift */ = {isa = PBXFileReference; lastKnownFileType = sourcecode.swift; path = SearchCell.swift; sourceTree = "<group>"; };
		965E1E562CBBD8340051888C /* SearchCell.xib */ = {isa = PBXFileReference; lastKnownFileType = file.xib; path = SearchCell.xib; sourceTree = "<group>"; };
		966F6D0D2CC3C3530094940F /* HouseIdeas.swift */ = {isa = PBXFileReference; lastKnownFileType = sourcecode.swift; path = HouseIdeas.swift; sourceTree = "<group>"; };
		966F6D0F2CC3CF8F0094940F /* Mods.swift */ = {isa = PBXFileReference; lastKnownFileType = sourcecode.swift; path = Mods.swift; sourceTree = "<group>"; };
		966F6D112CC3DC5C0094940F /* EditorContent.swift */ = {isa = PBXFileReference; lastKnownFileType = sourcecode.swift; path = EditorContent.swift; sourceTree = "<group>"; };
		96C91FE22CC39CF500C0C929 /* Coordinators_AW.swift */ = {isa = PBXFileReference; fileEncoding = 4; lastKnownFileType = sourcecode.swift; path = Coordinators_AW.swift; sourceTree = "<group>"; };
		96C91FE52CC39D7E00C0C929 /* PreloaderVC.swift */ = {isa = PBXFileReference; lastKnownFileType = sourcecode.swift; path = PreloaderVC.swift; sourceTree = "<group>"; };
		96C91FE62CC39D7E00C0C929 /* PreloaderVC.xib */ = {isa = PBXFileReference; lastKnownFileType = file.xib; path = PreloaderVC.xib; sourceTree = "<group>"; };
		96C91FEA2CC39DF300C0C929 /* ContentService_AW.swift */ = {isa = PBXFileReference; fileEncoding = 4; lastKnownFileType = sourcecode.swift; path = ContentService_AW.swift; sourceTree = "<group>"; };
		96C91FEB2CC39DF300C0C929 /* ServiceHolder_AW.swift */ = {isa = PBXFileReference; fileEncoding = 4; lastKnownFileType = sourcecode.swift; path = ServiceHolder_AW.swift; sourceTree = "<group>"; };
		B815D4312AED1C50003A1344 /* Avatar world city life mod.entitlements */ = {isa = PBXFileReference; lastKnownFileType = text.plist.entitlements; path = "Avatar world city life mod.entitlements"; sourceTree = "<group>"; };
		B815D4332AED1C8F003A1344 /* StoreKit.framework */ = {isa = PBXFileReference; lastKnownFileType = wrapper.framework; name = StoreKit.framework; path = System/Library/Frameworks/StoreKit.framework; sourceTree = SDKROOT; };
		B82C40192AF15F2500401575 /* animation.json */ = {isa = PBXFileReference; fileEncoding = 4; lastKnownFileType = text.json; path = animation.json; sourceTree = "<group>"; };
		B89FFD632AAA34F400DD71EF /* Avatar world city life mod.app */ = {isa = PBXFileReference; explicitFileType = wrapper.application; includeInIndex = 0; path = "Avatar world city life mod.app"; sourceTree = BUILT_PRODUCTS_DIR; };
		B89FFD662AAA34F400DD71EF /* AppDelegate.swift */ = {isa = PBXFileReference; lastKnownFileType = sourcecode.swift; path = AppDelegate.swift; sourceTree = "<group>"; };
		B89FFD6D2AAA34F400DD71EF /* Base */ = {isa = PBXFileReference; lastKnownFileType = file.storyboard; name = Base; path = Base.lproj/Main.storyboard; sourceTree = "<group>"; };
		B89FFD6F2AAA34F500DD71EF /* Assets.xcassets */ = {isa = PBXFileReference; lastKnownFileType = folder.assetcatalog; path = Assets.xcassets; sourceTree = "<group>"; };
		B89FFD722AAA34F500DD71EF /* Base */ = {isa = PBXFileReference; lastKnownFileType = file.storyboard; name = Base; path = Base.lproj/LaunchScreen.storyboard; sourceTree = "<group>"; };
		B89FFD742AAA34F500DD71EF /* Info.plist */ = {isa = PBXFileReference; lastKnownFileType = text.plist.xml; path = Info.plist; sourceTree = "<group>"; };
/* End PBXFileReference section */

/* Begin PBXFrameworksBuildPhase section */
		B89FFD602AAA34F400DD71EF /* Frameworks */ = {
			isa = PBXFrameworksBuildPhase;
			buildActionMask = 2147483647;
			files = (
			);
			runOnlyForDeploymentPostprocessing = 0;
		};
/* End PBXFrameworksBuildPhase section */

/* Begin PBXGroup section */
		4330B6D0C856ACE672748968 /* Pods */ = {
			isa = PBXGroup;
			children = (
			);
			path = Pods;
			sourceTree = "<group>";
		};
		590EFABC2CB385F900AF7986 /* SettingsVC */ = {
			isa = PBXGroup;
			children = (
				590EFABD2CB3860600AF7986 /* SettingsVC.swift */,
				590EFABE2CB3860600AF7986 /* SettingsVC.xib */,
			);
			path = SettingsVC;
			sourceTree = "<group>";
		};
		590EFAC12CB3862500AF7986 /* SettingsCell */ = {
			isa = PBXGroup;
			children = (
				590EFAC22CB3863300AF7986 /* SettingsCell.swift */,
				590EFAC32CB3863300AF7986 /* SettingsCell.xib */,
			);
			path = SettingsCell;
			sourceTree = "<group>";
		};
		59265E772CBA931500D6569C /* HouseIdeasVC */ = {
			isa = PBXGroup;
			children = (
				59265E782CBA932100D6569C /* HouseIdeasVC.swift */,
				59265E792CBA932100D6569C /* HouseIdeasVC.xib */,
			);
			path = HouseIdeasVC;
			sourceTree = "<group>";
		};
		59265E7C2CBA939700D6569C /* HouseIdeasCell */ = {
			isa = PBXGroup;
			children = (
				59265E7D2CBA93AA00D6569C /* HouseIdeasCell.swift */,
				59265E7E2CBA93AA00D6569C /* HouseIdeasCell.xib */,
			);
			path = HouseIdeasCell;
			sourceTree = "<group>";
		};
		594335B52CBE15410060D66D /* Utilities */ = {
			isa = PBXGroup;
			children = (
				594335AA2CBE15410060D66D /* ApkStoreManager_AW.swift */,
				594335AB2CBE15410060D66D /* ContentManager_AW.swift */,
				594335AC2CBE15410060D66D /* ContentType_AW.swift */,
				594335AD2CBE15410060D66D /* DBManager_AW.swift */,
				594335AE2CBE15410060D66D /* FileSession_AW.swift */,
				594335AF2CBE15410060D66D /* InternetManager_AW.swift */,
				594335B02CBE15410060D66D /* Keys_AW.swift */,
				594335B12CBE15410060D66D /* NetworkManager_AW.swift */,
				594335B22CBE15410060D66D /* ReachabilityManager_AW.swift */,
				594335B32CBE15410060D66D /* StoreManager_AW.swift */,
				594335B42CBE15410060D66D /* StoreManagerCharacters_AW.swift */,
				59334D8E2CC89DD0009488E1 /* UserDefaults.swift */,
			);
			path = Utilities;
			sourceTree = "<group>";
		};
		594335C32CBE15670060D66D /* SkinCell */ = {
			isa = PBXGroup;
			children = (
				594335C12CBE15670060D66D /* SkinCell.swift */,
				594335C22CBE15670060D66D /* SkinCell.xib */,
			);
			path = SkinCell;
			sourceTree = "<group>";
		};
		594335CB2CBE15990060D66D /* Models */ = {
			isa = PBXGroup;
			children = (
				594335C62CBE15990060D66D /* CategoriesModel.swift */,
				594335C72CBE15990060D66D /* Category_AW.swift */,
				594335C82CBE15990060D66D /* CharacterContentType_AW.swift */,
				594335C92CBE15990060D66D /* ContentListDataModel_AW.swift */,
				594335CA2CBE15990060D66D /* EditorContentData_AW.swift */,
			);
			path = Models;
			sourceTree = "<group>";
		};
		594335D12CBE19600060D66D /* EditorSetup */ = {
			isa = PBXGroup;
			children = (
				594335E02CBE196D0060D66D /* EditorSetup */,
			);
			path = EditorSetup;
			sourceTree = "<group>";
		};
		594335D42CBE196D0060D66D /* Category */ = {
			isa = PBXGroup;
			children = (
				594335D22CBE196D0060D66D /* CategoryCollectionViewCell.swift */,
				594335D32CBE196D0060D66D /* CategoryCollectionViewCell.xib */,
			);
			path = Category;
			sourceTree = "<group>";
		};
		594335D72CBE196D0060D66D /* CharacterEditorImage_AW */ = {
			isa = PBXGroup;
			children = (
				594335D52CBE196D0060D66D /* CharacterEditorImage_AW.swift */,
				594335D62CBE196D0060D66D /* CharacterEditorImage_AW.xib */,
			);
			path = CharacterEditorImage_AW;
			sourceTree = "<group>";
		};
		594335DA2CBE196D0060D66D /* Content */ = {
			isa = PBXGroup;
			children = (
				594335D82CBE196D0060D66D /* ContentCollectionViewCell.swift */,
				594335D92CBE196D0060D66D /* ContentCollectionViewCell.xib */,
			);
			path = Content;
			sourceTree = "<group>";
		};
		594335DC2CBE196D0060D66D /* Views */ = {
			isa = PBXGroup;
			children = (
				594335D42CBE196D0060D66D /* Category */,
				594335D72CBE196D0060D66D /* CharacterEditorImage_AW */,
				594335DA2CBE196D0060D66D /* Content */,
				594335DB2CBE196D0060D66D /* CachedImageView_AW.swift */,
			);
			path = Views;
			sourceTree = "<group>";
		};
		594335E02CBE196D0060D66D /* EditorSetup */ = {
			isa = PBXGroup;
			children = (
				594335DC2CBE196D0060D66D /* Views */,
				594335DD2CBE196D0060D66D /* EditorSetupViewController_AW.swift */,
				594335DE2CBE196D0060D66D /* EditorSetupViewController_AW.xib */,
				594335DF2CBE196D0060D66D /* EditorSetupViewModel_AW.swift */,
			);
			path = EditorSetup;
			sourceTree = "<group>";
		};
		595628252CC9EE1E00716D5B /* ShowSkinApplied */ = {
			isa = PBXGroup;
			children = (
				595628262CC9EE2C00716D5B /* ShowSkinApplied.swift */,
				595628272CC9EE2C00716D5B /* ShowSkinApplied.xib */,
			);
			path = ShowSkinApplied;
			sourceTree = "<group>";
		};
		595E5E772CAB0E5E0072F776 /* Cells */ = {
			isa = PBXGroup;
			children = (
				965E1E542CBBD81F0051888C /* SearchCell */,
				59265E7C2CBA939700D6569C /* HouseIdeasCell */,
				590EFAC12CB3862500AF7986 /* SettingsCell */,
				597CD0DA2CA93D6E00D8BF2B /* ModsTableCell */,
				597CD0D52CA93A6D00D8BF2B /* CategoryCell */,
				594335C32CBE15670060D66D /* SkinCell */,
			);
			path = Cells;
			sourceTree = "<group>";
		};
		5966E0D32CB6D50400294C90 /* ModsDetailsVC */ = {
			isa = PBXGroup;
			children = (
				5966E0D42CB6D51D00294C90 /* ModsDetailsVC.swift */,
				5966E0D52CB6D51D00294C90 /* ModsDetailsVC.xib */,
			);
			path = ModsDetailsVC;
			sourceTree = "<group>";
		};
		5966E0D82CB6DBF600294C90 /* PopUPView */ = {
			isa = PBXGroup;
			children = (
				5966E0D92CB6DC0500294C90 /* PopUPView.swift */,
				5966E0DA2CB6DC0500294C90 /* PopUPView.xib */,
			);
			path = PopUPView;
			sourceTree = "<group>";
		};
		597CD0B82CA91BE900D8BF2B /* NewFiles */ = {
			isa = PBXGroup;
			children = (
				594335D12CBE19600060D66D /* EditorSetup */,
				59FB6FD42CBA7CC50058AD3E /* Views */,
				595E5E772CAB0E5E0072F776 /* Cells */,
				597CD0D22CA935A600D8BF2B /* AppFonts */,
				597CD0C82CA92E7F00D8BF2B /* AppColors */,
				597CD0C72CA92E7700D8BF2B /* AppConstants */,
				597CD0C42CA92CA300D8BF2B /* AppFunctions */,
				96C91FE92CC39DF300C0C929 /* Services */,
				597CD0C32CA92C9800D8BF2B /* Controllers */,
				594335B52CBE15410060D66D /* Utilities */,
				594335CB2CBE15990060D66D /* Models */,
			);
			path = NewFiles;
			sourceTree = "<group>";
		};
		597CD0B92CA9213A00D8BF2B /* HomeVC */ = {
			isa = PBXGroup;
			children = (
				597CD0BE2CA9257200D8BF2B /* HomeTVC */,
				597CD0BA2CA9214700D8BF2B /* HomeVC.swift */,
				597CD0BB2CA9214700D8BF2B /* HomeVC.xib */,
			);
			path = HomeVC;
			sourceTree = "<group>";
		};
		597CD0BE2CA9257200D8BF2B /* HomeTVC */ = {
			isa = PBXGroup;
			children = (
				597CD0BF2CA9258100D8BF2B /* HomeTVC.swift */,
				597CD0C02CA9258100D8BF2B /* HomeTVC.xib */,
			);
			path = HomeTVC;
			sourceTree = "<group>";
		};
		597CD0C32CA92C9800D8BF2B /* Controllers */ = {
			isa = PBXGroup;
			children = (
				595628252CC9EE1E00716D5B /* ShowSkinApplied */,
				96C91FE42CC39D6E00C0C929 /* PreloaderVC */,
				597CD0B92CA9213A00D8BF2B /* HomeVC */,
				597CD0CD2CA9355F00D8BF2B /* ModsVC */,
				5966E0D32CB6D50400294C90 /* ModsDetailsVC */,
				59265E772CBA931500D6569C /* HouseIdeasVC */,
				59FB6FBA2CBA61CC0058AD3E /* SkinMakerVC */,
				5984E23A2CBBF4E3004E94F2 /* SkinMakerPreview */,
				590EFABC2CB385F900AF7986 /* SettingsVC */,
				59FB6FBB2CBA631A0058AD3E /* SearchVC */,
				59FB6FBC2CBA63F20058AD3E /* DeleteVC */,
				59FB6FB92CBA61BE0058AD3E /* TermsVC */,
				59FB6FB82CBA61B80058AD3E /* PrivacyVC */,
				5966E0D82CB6DBF600294C90 /* PopUPView */,
			);
			path = Controllers;
			sourceTree = "<group>";
		};
		597CD0C42CA92CA300D8BF2B /* AppFunctions */ = {
			isa = PBXGroup;
			children = (
				597CD0C52CA92CDC00D8BF2B /* AppFunctions.swift */,
			);
			path = AppFunctions;
			sourceTree = "<group>";
		};
		597CD0C72CA92E7700D8BF2B /* AppConstants */ = {
			isa = PBXGroup;
			children = (
				597CD0CB2CA9344500D8BF2B /* AppConstants.swift */,
			);
			path = AppConstants;
			sourceTree = "<group>";
		};
		597CD0C82CA92E7F00D8BF2B /* AppColors */ = {
			isa = PBXGroup;
			children = (
				597CD0C92CA92E8800D8BF2B /* AppColors.swift */,
			);
			path = AppColors;
			sourceTree = "<group>";
		};
		597CD0CD2CA9355F00D8BF2B /* ModsVC */ = {
			isa = PBXGroup;
			children = (
				597CD0CE2CA9358500D8BF2B /* ModsVCViewController.swift */,
				597CD0CF2CA9358500D8BF2B /* ModsVCViewController.xib */,
			);
			path = ModsVC;
			sourceTree = "<group>";
		};
		597CD0D22CA935A600D8BF2B /* AppFonts */ = {
			isa = PBXGroup;
			children = (
				597CD0DF2CA9477100D8BF2B /* gilroyDoubleBold.ttf */,
				597CD0E02CA9477100D8BF2B /* gilroyChromeShadesExtraBold.ttf */,
				597CD0E12CA9477100D8BF2B /* gilroyLightGroundKey.ttf */,
				597CD0E22CA9477100D8BF2B /* gilroyLongMedium.ttf */,
				597CD0E32CA9477100D8BF2B /* gilroyFloatRegular.ttf */,
				597CD0E42CA9477100D8BF2B /* gilroyStringSemiBold.ttf */,
				597CD0E52CA9477100D8BF2B /* gilroyIntegerThink.ttf */,
				597CD0D32CA935AF00D8BF2B /* GilroyAppConstFontsTexture.swift */,
			);
			path = AppFonts;
			sourceTree = "<group>";
		};
		597CD0D52CA93A6D00D8BF2B /* CategoryCell */ = {
			isa = PBXGroup;
			children = (
				597CD0D62CA93A7C00D8BF2B /* CategoryCell.swift */,
				597CD0D72CA93A7C00D8BF2B /* CategoryCell.xib */,
			);
			path = CategoryCell;
			sourceTree = "<group>";
		};
		597CD0DA2CA93D6E00D8BF2B /* ModsTableCell */ = {
			isa = PBXGroup;
			children = (
				597CD0F12CA94AF400D8BF2B /* ModsTableCell.swift */,
				597CD0F22CA94AF400D8BF2B /* ModsTableCell.xib */,
			);
			path = ModsTableCell;
			sourceTree = "<group>";
		};
		5984E23A2CBBF4E3004E94F2 /* SkinMakerPreview */ = {
			isa = PBXGroup;
			children = (
				5984E2382CBBF4E3004E94F2 /* SkinMakerPreviewVC.swift */,
				5984E2392CBBF4E3004E94F2 /* SkinMakerPreviewVC.xib */,
			);
			path = SkinMakerPreview;
			sourceTree = "<group>";
		};
		59FB6FB82CBA61B80058AD3E /* PrivacyVC */ = {
			isa = PBXGroup;
			children = (
				59FB6FCD2CBA64240058AD3E /* PrivacyVC.swift */,
				59FB6FCE2CBA64240058AD3E /* PrivacyVC.xib */,
			);
			path = PrivacyVC;
			sourceTree = "<group>";
		};
		59FB6FB92CBA61BE0058AD3E /* TermsVC */ = {
			isa = PBXGroup;
			children = (
				59FB6FC92CBA641C0058AD3E /* TermsVC.swift */,
				59FB6FCA2CBA641C0058AD3E /* TermsVC.xib */,
			);
			path = TermsVC;
			sourceTree = "<group>";
		};
		59FB6FBA2CBA61CC0058AD3E /* SkinMakerVC */ = {
			isa = PBXGroup;
			children = (
				59FB6FC52CBA64140058AD3E /* SkinMakerVC.swift */,
				59FB6FC62CBA64140058AD3E /* SkinMakerVC.xib */,
			);
			path = SkinMakerVC;
			sourceTree = "<group>";
		};
		59FB6FBB2CBA631A0058AD3E /* SearchVC */ = {
			isa = PBXGroup;
			children = (
				59FB6FC12CBA640B0058AD3E /* SearchVC.swift */,
				59FB6FC22CBA640B0058AD3E /* SearchVC.xib */,
			);
			path = SearchVC;
			sourceTree = "<group>";
		};
		59FB6FBC2CBA63F20058AD3E /* DeleteVC */ = {
			isa = PBXGroup;
			children = (
				59FB6FBD2CBA64040058AD3E /* DeleteVC.swift */,
				59FB6FBE2CBA64040058AD3E /* DeleteVC.xib */,
			);
			path = DeleteVC;
			sourceTree = "<group>";
		};
		59FB6FD42CBA7CC50058AD3E /* Views */ = {
			isa = PBXGroup;
			children = (
				59FB6FD52CBA7CCE0058AD3E /* LockScreenView.swift */,
				59FB6FD62CBA7CCE0058AD3E /* LockScreenView.xib */,
				59FB6FD92CBA7D010058AD3E /* BaseView.swift */,
				592411572CBBB90600904E2E /* LinearProgressView.swift */,
			);
			path = Views;
			sourceTree = "<group>";
		};
		965E1E542CBBD81F0051888C /* SearchCell */ = {
			isa = PBXGroup;
			children = (
				965E1E552CBBD8340051888C /* SearchCell.swift */,
				965E1E562CBBD8340051888C /* SearchCell.xib */,
			);
			path = SearchCell;
			sourceTree = "<group>";
		};
		966F6D0C2CC3C3440094940F /* Model */ = {
			isa = PBXGroup;
			children = (
				966F6D0D2CC3C3530094940F /* HouseIdeas.swift */,
				966F6D0F2CC3CF8F0094940F /* Mods.swift */,
				966F6D112CC3DC5C0094940F /* EditorContent.swift */,
			);
			path = Model;
			sourceTree = "<group>";
		};
		96C91FE42CC39D6E00C0C929 /* PreloaderVC */ = {
			isa = PBXGroup;
			children = (
				96C91FE52CC39D7E00C0C929 /* PreloaderVC.swift */,
				96C91FE62CC39D7E00C0C929 /* PreloaderVC.xib */,
			);
			path = PreloaderVC;
			sourceTree = "<group>";
		};
		96C91FE92CC39DF300C0C929 /* Services */ = {
			isa = PBXGroup;
			children = (
				96C91FEA2CC39DF300C0C929 /* ContentService_AW.swift */,
				96C91FEB2CC39DF300C0C929 /* ServiceHolder_AW.swift */,
			);
			path = Services;
			sourceTree = "<group>";
		};
		B815D4322AED1C8F003A1344 /* Frameworks */ = {
			isa = PBXGroup;
			children = (
				B815D4332AED1C8F003A1344 /* StoreKit.framework */,
			);
			name = Frameworks;
			sourceTree = "<group>";
		};
		B844637A2AF3DA16004AFBD7 /* Recovered References */ = {
			isa = PBXGroup;
			children = (
			);
			name = "Recovered References";
			sourceTree = "<group>";
		};
		B89FFD5A2AAA34F400DD71EF = {
			isa = PBXGroup;
			children = (
				B89FFD652AAA34F400DD71EF /* Avatar world city life mod */,
				B89FFD642AAA34F400DD71EF /* Products */,
				B815D4322AED1C8F003A1344 /* Frameworks */,
				B844637A2AF3DA16004AFBD7 /* Recovered References */,
				4330B6D0C856ACE672748968 /* Pods */,
			);
			sourceTree = "<group>";
		};
		B89FFD642AAA34F400DD71EF /* Products */ = {
			isa = PBXGroup;
			children = (
				B89FFD632AAA34F400DD71EF /* Avatar world city life mod.app */,
			);
			name = Products;
			sourceTree = "<group>";
		};
		B89FFD652AAA34F400DD71EF /* Avatar world city life mod */ = {
			isa = PBXGroup;
			children = (
				B815D4312AED1C50003A1344 /* Avatar world city life mod.entitlements */,
				B89FFD662AAA34F400DD71EF /* AppDelegate.swift */,
				96C91FE22CC39CF500C0C929 /* Coordinators_AW.swift */,
				B89FFD7A2AAA368D00DD71EF /* Resource */,
				966F6D0C2CC3C3440094940F /* Model */,
				597CD0B82CA91BE900D8BF2B /* NewFiles */,
			);
			path = "Avatar world city life mod";
			sourceTree = "<group>";
		};
		B89FFD7A2AAA368D00DD71EF /* Resource */ = {
			isa = PBXGroup;
			children = (
				B82C40192AF15F2500401575 /* animation.json */,
				B89FFD6C2AAA34F400DD71EF /* Main.storyboard */,
				B89FFD6F2AAA34F500DD71EF /* Assets.xcassets */,
				B89FFD712AAA34F500DD71EF /* LaunchScreen.storyboard */,
				B89FFD742AAA34F500DD71EF /* Info.plist */,
			);
			path = Resource;
			sourceTree = "<group>";
		};
/* End PBXGroup section */

/* Begin PBXNativeTarget section */
		B89FFD622AAA34F400DD71EF /* Avatar world city life mod */ = {
			isa = PBXNativeTarget;
			buildConfigurationList = B89FFD772AAA34F500DD71EF /* Build configuration list for PBXNativeTarget "Avatar world city life mod" */;
			buildPhases = (
				B89FFD5F2AAA34F400DD71EF /* Sources */,
				B89FFD602AAA34F400DD71EF /* Frameworks */,
				B89FFD612AAA34F400DD71EF /* Resources */,
			);
			buildRules = (
			);
			dependencies = (
			);
			name = "Avatar world city life mod";
			productName = "Avatar world city life mod";
			productReference = B89FFD632AAA34F400DD71EF /* Avatar world city life mod.app */;
			productType = "com.apple.product-type.application";
		};
/* End PBXNativeTarget section */

/* Begin PBXProject section */
		B89FFD5B2AAA34F400DD71EF /* Project object */ = {
			isa = PBXProject;
			attributes = {
				BuildIndependentTargetsInParallel = 1;
				LastSwiftUpdateCheck = 1430;
				LastUpgradeCheck = 1430;
				TargetAttributes = {
					B89FFD622AAA34F400DD71EF = {
						CreatedOnToolsVersion = 14.3;
					};
				};
			};
			buildConfigurationList = B89FFD5E2AAA34F400DD71EF /* Build configuration list for PBXProject "Avatar world city life mod" */;
			compatibilityVersion = "Xcode 14.0";
			developmentRegion = en;
			hasScannedForEncodings = 0;
			knownRegions = (
				en,
				Base,
				"en-GB",
				"en-AU",
				"en-IN",
				de,
				he,
				ar,
				el,
				"zh-Hans",
				ja,
				uk,
				nb,
				es,
				sl,
				da,
				"es-419",
				it,
				sk,
				"fr-CA",
				sr,
				ms,
				sv,
				cs,
				ko,
				"zh-Hant",
				hu,
				tr,
				pl,
				"pt-BR",
				vi,
				lv,
				lt,
				ru,
				fr,
				fi,
				id,
				nl,
				th,
				"pt-PT",
				ro,
				hr,
				hi,
				ca,
			);
			mainGroup = B89FFD5A2AAA34F400DD71EF;
			productRefGroup = B89FFD642AAA34F400DD71EF /* Products */;
			projectDirPath = "";
			projectRoot = "";
			targets = (
				B89FFD622AAA34F400DD71EF /* Avatar world city life mod */,
			);
		};
/* End PBXProject section */

/* Begin PBXResourcesBuildPhase section */
		B89FFD612AAA34F400DD71EF /* Resources */ = {
			isa = PBXResourcesBuildPhase;
			buildActionMask = 2147483647;
			files = (
				597CD0C22CA9258100D8BF2B /* HomeTVC.xib in Resources */,
				59265E7B2CBA932100D6569C /* HouseIdeasVC.xib in Resources */,
				59FB6FC42CBA640B0058AD3E /* SearchVC.xib in Resources */,
				59FB6FC82CBA64140058AD3E /* SkinMakerVC.xib in Resources */,
				B89FFD732AAA34F500DD71EF /* LaunchScreen.storyboard in Resources */,
				590EFAC02CB3860600AF7986 /* SettingsVC.xib in Resources */,
				59265E802CBA93AA00D6569C /* HouseIdeasCell.xib in Resources */,
				B82C401A2AF15F2500401575 /* animation.json in Resources */,
				597CD0D12CA9358500D8BF2B /* ModsVCViewController.xib in Resources */,
				594335C42CBE15670060D66D /* SkinCell.xib in Resources */,
				965E1E582CBBD8340051888C /* SearchCell.xib in Resources */,
				59FB6FCC2CBA641C0058AD3E /* TermsVC.xib in Resources */,
				5984E23B2CBBF4E3004E94F2 /* SkinMakerPreviewVC.xib in Resources */,
				59FB6FD72CBA7CCE0058AD3E /* LockScreenView.xib in Resources */,
				59FB6FD02CBA64240058AD3E /* PrivacyVC.xib in Resources */,
				597CD0BD2CA9214700D8BF2B /* HomeVC.xib in Resources */,
				597CD0E62CA9477100D8BF2B /* gilroyFloatRegular.ttf in Resources */,
				597CD0E72CA9477100D8BF2B /* gilroyChromeShadesExtraBold.ttf in Resources */,
				597CD0F42CA94AF400D8BF2B /* ModsTableCell.xib in Resources */,
				597CD0E82CA9477100D8BF2B /* gilroyLongMedium.ttf in Resources */,
				597CD0E92CA9477100D8BF2B /* gilroyStringSemiBold.ttf in Resources */,
				597CD0EA2CA9477100D8BF2B /* gilroyIntegerThink.ttf in Resources */,
				597CD0EB2CA9477100D8BF2B /* gilroyDoubleBold.ttf in Resources */,
				597CD0EC2CA9477100D8BF2B /* gilroyLightGroundKey.ttf in Resources */,
				B89FFD702AAA34F500DD71EF /* Assets.xcassets in Resources */,
				595628282CC9EE2C00716D5B /* ShowSkinApplied.xib in Resources */,
				597CD0D92CA93A7C00D8BF2B /* CategoryCell.xib in Resources */,
				59FB6FC02CBA64040058AD3E /* DeleteVC.xib in Resources */,
				5966E0DC2CB6DC0500294C90 /* PopUPView.xib in Resources */,
				594335E12CBE196D0060D66D /* CharacterEditorImage_AW.xib in Resources */,
				594335E22CBE196D0060D66D /* CategoryCollectionViewCell.xib in Resources */,
				594335E32CBE196D0060D66D /* ContentCollectionViewCell.xib in Resources */,
				96C91FE82CC39D7E00C0C929 /* PreloaderVC.xib in Resources */,
				594335E42CBE196D0060D66D /* EditorSetupViewController_AW.xib in Resources */,
				B89FFD6E2AAA34F400DD71EF /* Main.storyboard in Resources */,
				5966E0D72CB6D51D00294C90 /* ModsDetailsVC.xib in Resources */,
				590EFAC52CB3863300AF7986 /* SettingsCell.xib in Resources */,
			);
			runOnlyForDeploymentPostprocessing = 0;
		};
/* End PBXResourcesBuildPhase section */

/* Begin PBXSourcesBuildPhase section */
		B89FFD5F2AAA34F400DD71EF /* Sources */ = {
			isa = PBXSourcesBuildPhase;
			buildActionMask = 2147483647;
			files = (
				59265E7A2CBA932100D6569C /* HouseIdeasVC.swift in Sources */,
				966F6D102CC3CF8F0094940F /* Mods.swift in Sources */,
				5966E0D62CB6D51D00294C90 /* ModsDetailsVC.swift in Sources */,
				59FB6FD82CBA7CCE0058AD3E /* LockScreenView.swift in Sources */,
				597CD0F32CA94AF400D8BF2B /* ModsTableCell.swift in Sources */,
				59FB6FCF2CBA64240058AD3E /* PrivacyVC.swift in Sources */,
				96C91FEC2CC39DF300C0C929 /* ContentService_AW.swift in Sources */,
				59FB6FDA2CBA7D010058AD3E /* BaseView.swift in Sources */,
				597CD0CA2CA92E8800D8BF2B /* AppColors.swift in Sources */,
				966F6D0E2CC3C3530094940F /* HouseIdeas.swift in Sources */,
				597CD0D82CA93A7C00D8BF2B /* CategoryCell.swift in Sources */,
				59FB6FC32CBA640B0058AD3E /* SearchVC.swift in Sources */,
				597CD0C12CA9258100D8BF2B /* HomeTVC.swift in Sources */,
				592411582CBBB90600904E2E /* LinearProgressView.swift in Sources */,
				594335B62CBE15410060D66D /* StoreManager_AW.swift in Sources */,
				594335B72CBE15410060D66D /* NetworkManager_AW.swift in Sources */,
				594335B82CBE15410060D66D /* ContentType_AW.swift in Sources */,
				594335B92CBE15410060D66D /* ApkStoreManager_AW.swift in Sources */,
				594335BA2CBE15410060D66D /* ReachabilityManager_AW.swift in Sources */,
				594335BB2CBE15410060D66D /* FileSession_AW.swift in Sources */,
				96C91FE72CC39D7E00C0C929 /* PreloaderVC.swift in Sources */,
				594335BC2CBE15410060D66D /* Keys_AW.swift in Sources */,
				594335BD2CBE15410060D66D /* ContentManager_AW.swift in Sources */,
				594335BE2CBE15410060D66D /* DBManager_AW.swift in Sources */,
				594335E52CBE196D0060D66D /* CategoryCollectionViewCell.swift in Sources */,
				594335E62CBE196D0060D66D /* EditorSetupViewController_AW.swift in Sources */,
				594335E72CBE196D0060D66D /* ContentCollectionViewCell.swift in Sources */,
				594335E82CBE196D0060D66D /* EditorSetupViewModel_AW.swift in Sources */,
				594335E92CBE196D0060D66D /* CharacterEditorImage_AW.swift in Sources */,
				594335EA2CBE196D0060D66D /* CachedImageView_AW.swift in Sources */,
				594335BF2CBE15410060D66D /* InternetManager_AW.swift in Sources */,
				594335C02CBE15410060D66D /* StoreManagerCharacters_AW.swift in Sources */,
				59334D8F2CC89DD0009488E1 /* UserDefaults.swift in Sources */,
				5966E0DB2CB6DC0500294C90 /* PopUPView.swift in Sources */,
				597CD0D02CA9358500D8BF2B /* ModsVCViewController.swift in Sources */,
				594335C52CBE15670060D66D /* SkinCell.swift in Sources */,
				59265E7F2CBA93AA00D6569C /* HouseIdeasCell.swift in Sources */,
				59FB6FCB2CBA641C0058AD3E /* TermsVC.swift in Sources */,
				594335CC2CBE15990060D66D /* ContentListDataModel_AW.swift in Sources */,
				594335CD2CBE15990060D66D /* CategoriesModel.swift in Sources */,
				594335CE2CBE15990060D66D /* EditorContentData_AW.swift in Sources */,
				595628292CC9EE2C00716D5B /* ShowSkinApplied.swift in Sources */,
				594335CF2CBE15990060D66D /* CharacterContentType_AW.swift in Sources */,
				594335D02CBE15990060D66D /* Category_AW.swift in Sources */,
				96C91FE32CC39CF500C0C929 /* Coordinators_AW.swift in Sources */,
				597CD0D42CA935AF00D8BF2B /* GilroyAppConstFontsTexture.swift in Sources */,
				597CD0C62CA92CDC00D8BF2B /* AppFunctions.swift in Sources */,
				590EFABF2CB3860600AF7986 /* SettingsVC.swift in Sources */,
				590EFAC42CB3863300AF7986 /* SettingsCell.swift in Sources */,
				5984E23C2CBBF4E3004E94F2 /* SkinMakerPreviewVC.swift in Sources */,
				966F6D122CC3DC5C0094940F /* EditorContent.swift in Sources */,
				B89FFD672AAA34F400DD71EF /* AppDelegate.swift in Sources */,
				96C91FED2CC39DF300C0C929 /* ServiceHolder_AW.swift in Sources */,
				59FB6FBF2CBA64040058AD3E /* DeleteVC.swift in Sources */,
				965E1E572CBBD8340051888C /* SearchCell.swift in Sources */,
				597CD0CC2CA9344500D8BF2B /* AppConstants.swift in Sources */,
				597CD0BC2CA9214700D8BF2B /* HomeVC.swift in Sources */,
				59FB6FC72CBA64140058AD3E /* SkinMakerVC.swift in Sources */,
			);
			runOnlyForDeploymentPostprocessing = 0;
		};
/* End PBXSourcesBuildPhase section */

/* Begin PBXVariantGroup section */
		B89FFD6C2AAA34F400DD71EF /* Main.storyboard */ = {
			isa = PBXVariantGroup;
			children = (
				B89FFD6D2AAA34F400DD71EF /* Base */,
			);
			name = Main.storyboard;
			sourceTree = "<group>";
		};
		B89FFD712AAA34F500DD71EF /* LaunchScreen.storyboard */ = {
			isa = PBXVariantGroup;
			children = (
				B89FFD722AAA34F500DD71EF /* Base */,
			);
			name = LaunchScreen.storyboard;
			sourceTree = "<group>";
		};
/* End PBXVariantGroup section */

/* Begin XCBuildConfiguration section */
		B89FFD752AAA34F500DD71EF /* Debug */ = {
			isa = XCBuildConfiguration;
			buildSettings = {
				ALWAYS_SEARCH_USER_PATHS = NO;
				CLANG_ANALYZER_NONNULL = YES;
				CLANG_ANALYZER_NUMBER_OBJECT_CONVERSION = YES_AGGRESSIVE;
				CLANG_CXX_LANGUAGE_STANDARD = "gnu++20";
				CLANG_ENABLE_MODULES = YES;
				CLANG_ENABLE_OBJC_ARC = YES;
				CLANG_ENABLE_OBJC_WEAK = YES;
				CLANG_WARN_BLOCK_CAPTURE_AUTORELEASING = YES;
				CLANG_WARN_BOOL_CONVERSION = YES;
				CLANG_WARN_COMMA = YES;
				CLANG_WARN_CONSTANT_CONVERSION = YES;
				CLANG_WARN_DEPRECATED_OBJC_IMPLEMENTATIONS = YES;
				CLANG_WARN_DIRECT_OBJC_ISA_USAGE = YES_ERROR;
				CLANG_WARN_DOCUMENTATION_COMMENTS = YES;
				CLANG_WARN_EMPTY_BODY = YES;
				CLANG_WARN_ENUM_CONVERSION = YES;
				CLANG_WARN_INFINITE_RECURSION = YES;
				CLANG_WARN_INT_CONVERSION = YES;
				CLANG_WARN_NON_LITERAL_NULL_CONVERSION = YES;
				CLANG_WARN_OBJC_IMPLICIT_RETAIN_SELF = YES;
				CLANG_WARN_OBJC_LITERAL_CONVERSION = YES;
				CLANG_WARN_OBJC_ROOT_CLASS = YES_ERROR;
				CLANG_WARN_QUOTED_INCLUDE_IN_FRAMEWORK_HEADER = YES;
				CLANG_WARN_RANGE_LOOP_ANALYSIS = YES;
				CLANG_WARN_STRICT_PROTOTYPES = YES;
				CLANG_WARN_SUSPICIOUS_MOVE = YES;
				CLANG_WARN_UNGUARDED_AVAILABILITY = YES_AGGRESSIVE;
				CLANG_WARN_UNREACHABLE_CODE = YES;
				CLANG_WARN__DUPLICATE_METHOD_MATCH = YES;
				COPY_PHASE_STRIP = NO;
				DEBUG_INFORMATION_FORMAT = dwarf;
				ENABLE_STRICT_OBJC_MSGSEND = YES;
				ENABLE_TESTABILITY = YES;
				GCC_C_LANGUAGE_STANDARD = gnu11;
				GCC_DYNAMIC_NO_PIC = NO;
				GCC_NO_COMMON_BLOCKS = YES;
				GCC_OPTIMIZATION_LEVEL = 0;
				GCC_PREPROCESSOR_DEFINITIONS = (
					"DEBUG=1",
					"$(inherited)",
				);
				GCC_WARN_64_TO_32_BIT_CONVERSION = YES;
				GCC_WARN_ABOUT_RETURN_TYPE = YES_ERROR;
				GCC_WARN_UNDECLARED_SELECTOR = YES;
				GCC_WARN_UNINITIALIZED_AUTOS = YES_AGGRESSIVE;
				GCC_WARN_UNUSED_FUNCTION = YES;
				GCC_WARN_UNUSED_VARIABLE = YES;
				IPHONEOS_DEPLOYMENT_TARGET = 14.0;
				MTL_ENABLE_DEBUG_INFO = INCLUDE_SOURCE;
				MTL_FAST_MATH = YES;
				ONLY_ACTIVE_ARCH = YES;
				SDKROOT = iphoneos;
				SWIFT_ACTIVE_COMPILATION_CONDITIONS = DEBUG;
				SWIFT_OPTIMIZATION_LEVEL = "-Onone";
			};
			name = Debug;
		};
		B89FFD762AAA34F500DD71EF /* Release */ = {
			isa = XCBuildConfiguration;
			buildSettings = {
				ALWAYS_SEARCH_USER_PATHS = NO;
				CLANG_ANALYZER_NONNULL = YES;
				CLANG_ANALYZER_NUMBER_OBJECT_CONVERSION = YES_AGGRESSIVE;
				CLANG_CXX_LANGUAGE_STANDARD = "gnu++20";
				CLANG_ENABLE_MODULES = YES;
				CLANG_ENABLE_OBJC_ARC = YES;
				CLANG_ENABLE_OBJC_WEAK = YES;
				CLANG_WARN_BLOCK_CAPTURE_AUTORELEASING = YES;
				CLANG_WARN_BOOL_CONVERSION = YES;
				CLANG_WARN_COMMA = YES;
				CLANG_WARN_CONSTANT_CONVERSION = YES;
				CLANG_WARN_DEPRECATED_OBJC_IMPLEMENTATIONS = YES;
				CLANG_WARN_DIRECT_OBJC_ISA_USAGE = YES_ERROR;
				CLANG_WARN_DOCUMENTATION_COMMENTS = YES;
				CLANG_WARN_EMPTY_BODY = YES;
				CLANG_WARN_ENUM_CONVERSION = YES;
				CLANG_WARN_INFINITE_RECURSION = YES;
				CLANG_WARN_INT_CONVERSION = YES;
				CLANG_WARN_NON_LITERAL_NULL_CONVERSION = YES;
				CLANG_WARN_OBJC_IMPLICIT_RETAIN_SELF = YES;
				CLANG_WARN_OBJC_LITERAL_CONVERSION = YES;
				CLANG_WARN_OBJC_ROOT_CLASS = YES_ERROR;
				CLANG_WARN_QUOTED_INCLUDE_IN_FRAMEWORK_HEADER = YES;
				CLANG_WARN_RANGE_LOOP_ANALYSIS = YES;
				CLANG_WARN_STRICT_PROTOTYPES = YES;
				CLANG_WARN_SUSPICIOUS_MOVE = YES;
				CLANG_WARN_UNGUARDED_AVAILABILITY = YES_AGGRESSIVE;
				CLANG_WARN_UNREACHABLE_CODE = YES;
				CLANG_WARN__DUPLICATE_METHOD_MATCH = YES;
				COPY_PHASE_STRIP = NO;
				DEBUG_INFORMATION_FORMAT = "dwarf-with-dsym";
				ENABLE_NS_ASSERTIONS = NO;
				ENABLE_STRICT_OBJC_MSGSEND = YES;
				GCC_C_LANGUAGE_STANDARD = gnu11;
				GCC_NO_COMMON_BLOCKS = YES;
				GCC_WARN_64_TO_32_BIT_CONVERSION = YES;
				GCC_WARN_ABOUT_RETURN_TYPE = YES_ERROR;
				GCC_WARN_UNDECLARED_SELECTOR = YES;
				GCC_WARN_UNINITIALIZED_AUTOS = YES_AGGRESSIVE;
				GCC_WARN_UNUSED_FUNCTION = YES;
				GCC_WARN_UNUSED_VARIABLE = YES;
				IPHONEOS_DEPLOYMENT_TARGET = 14.0;
				MTL_ENABLE_DEBUG_INFO = NO;
				MTL_FAST_MATH = YES;
				SDKROOT = iphoneos;
				SWIFT_COMPILATION_MODE = wholemodule;
				SWIFT_OPTIMIZATION_LEVEL = "-O";
				VALIDATE_PRODUCT = YES;
			};
			name = Release;
		};
		B89FFD782AAA34F500DD71EF /* Debug */ = {
			isa = XCBuildConfiguration;
			buildSettings = {
				ASSETCATALOG_COMPILER_APPICON_NAME = AppIcon;
				ASSETCATALOG_COMPILER_GLOBAL_ACCENT_COLOR_NAME = AccentColor;
				CODE_SIGN_ENTITLEMENTS = "Avatar world city life mod/Avatar world city life mod.entitlements";
				CODE_SIGN_STYLE = Automatic;
				CURRENT_PROJECT_VERSION = 1;
				DEVELOPMENT_TEAM = 954297RNB5;
				EXCLUDED_ARCHS = "";
				GENERATE_INFOPLIST_FILE = YES;
				INFOPLIST_FILE = "Avatar world city life mod/Resource/Info.plist";
				INFOPLIST_KEY_NSPhotoLibraryAddUsageDescription = "Downloading content to Photo Library";
				INFOPLIST_KEY_NSUserTrackingUsageDescription = "Tracking Usage Description";
				INFOPLIST_KEY_UIApplicationSupportsIndirectInputEvents = YES;
				INFOPLIST_KEY_UILaunchStoryboardName = HomeViewController_AW.xib;
				INFOPLIST_KEY_UIMainStoryboardFile = Main;
				INFOPLIST_KEY_UISupportedInterfaceOrientations = UIInterfaceOrientationPortrait;
				INFOPLIST_KEY_UIUserInterfaceStyle = Light;
				IPHONEOS_DEPLOYMENT_TARGET = 16.0;
				LD_RUNPATH_SEARCH_PATHS = (
					"$(inherited)",
					"@executable_path/Frameworks",
				);
				MARKETING_VERSION = 1.0;
				PRODUCT_BUNDLE_IDENTIFIER = com.avatar.mods.vasu;
				PRODUCT_NAME = "$(TARGET_NAME)";
				SUPPORTED_PLATFORMS = "iphoneos iphonesimulator";
				SUPPORTS_MACCATALYST = NO;
				SUPPORTS_MAC_DESIGNED_FOR_IPHONE_IPAD = NO;
				SWIFT_EMIT_LOC_STRINGS = YES;
				SWIFT_VERSION = 5.0;
				TARGETED_DEVICE_FAMILY = "1,2";
			};
			name = Debug;
		};
		B89FFD792AAA34F500DD71EF /* Release */ = {
			isa = XCBuildConfiguration;
			buildSettings = {
				ASSETCATALOG_COMPILER_APPICON_NAME = AppIcon;
				ASSETCATALOG_COMPILER_GLOBAL_ACCENT_COLOR_NAME = AccentColor;
				CODE_SIGN_ENTITLEMENTS = "Avatar world city life mod/Avatar world city life mod.entitlements";
				CODE_SIGN_STYLE = Automatic;
				CURRENT_PROJECT_VERSION = 1;
				DEVELOPMENT_TEAM = 954297RNB5;
				GENERATE_INFOPLIST_FILE = YES;
				INFOPLIST_FILE = "Avatar world city life mod/Resource/Info.plist";
				INFOPLIST_KEY_NSPhotoLibraryAddUsageDescription = "Downloading content to Photo Library";
				INFOPLIST_KEY_NSUserTrackingUsageDescription = "Tracking Usage Description";
				INFOPLIST_KEY_UIApplicationSupportsIndirectInputEvents = YES;
				INFOPLIST_KEY_UILaunchStoryboardName = HomeViewController_AW.xib;
				INFOPLIST_KEY_UIMainStoryboardFile = Main;
				INFOPLIST_KEY_UISupportedInterfaceOrientations = UIInterfaceOrientationPortrait;
				INFOPLIST_KEY_UIUserInterfaceStyle = Light;
				IPHONEOS_DEPLOYMENT_TARGET = 16.0;
				LD_RUNPATH_SEARCH_PATHS = (
					"$(inherited)",
					"@executable_path/Frameworks",
				);
				MARKETING_VERSION = 1.0;
				PRODUCT_BUNDLE_IDENTIFIER = com.avatar.mods.vasu;
				PRODUCT_NAME = "$(TARGET_NAME)";
				SUPPORTED_PLATFORMS = "iphoneos iphonesimulator";
				SUPPORTS_MACCATALYST = NO;
				SUPPORTS_MAC_DESIGNED_FOR_IPHONE_IPAD = NO;
				SWIFT_EMIT_LOC_STRINGS = YES;
				SWIFT_VERSION = 5.0;
				TARGETED_DEVICE_FAMILY = "1,2";
			};
			name = Release;
		};
/* End XCBuildConfiguration section */

/* Begin XCConfigurationList section */
		B89FFD5E2AAA34F400DD71EF /* Build configuration list for PBXProject "Avatar world city life mod" */ = {
			isa = XCConfigurationList;
			buildConfigurations = (
				B89FFD752AAA34F500DD71EF /* Debug */,
				B89FFD762AAA34F500DD71EF /* Release */,
			);
			defaultConfigurationIsVisible = 0;
			defaultConfigurationName = Release;
		};
		B89FFD772AAA34F500DD71EF /* Build configuration list for PBXNativeTarget "Avatar world city life mod" */ = {
			isa = XCConfigurationList;
			buildConfigurations = (
				B89FFD782AAA34F500DD71EF /* Debug */,
				B89FFD792AAA34F500DD71EF /* Release */,
			);
			defaultConfigurationIsVisible = 0;
			defaultConfigurationName = Release;
		};
/* End XCConfigurationList section */
	};
	rootObject = B89FFD5B2AAA34F400DD71EF /* Project object */;
}
