// !$*UTF8*$!
{
	archiveVersion = 1;
	classes = {
	};
	objectVersion = 56;
	objects = {

/* Begin PBXBuildFile section */
		28A9379A0CFA6D154CE91348 /* Pods_Avatar_world_city_life_mod.framework in Frameworks */ = {isa = PBXBuildFile; fileRef = 0B566DA273D2412985271AA9 /* Pods_Avatar_world_city_life_mod.framework */; };
		590EFABF2CB3860600AF7986 /* SettingsVC.swift in Sources */ = {isa = PBXBuildFile; fileRef = 590EFABD2CB3860600AF7986 /* SettingsVC.swift */; };
		590EFAC02CB3860600AF7986 /* SettingsVC.xib in Resources */ = {isa = PBXBuildFile; fileRef = 590EFABE2CB3860600AF7986 /* SettingsVC.xib */; };
		590EFAC42CB3863300AF7986 /* SettingsCell.swift in Sources */ = {isa = PBXBuildFile; fileRef = 590EFAC22CB3863300AF7986 /* SettingsCell.swift */; };
		590EFAC52CB3863300AF7986 /* SettingsCell.xib in Resources */ = {isa = PBXBuildFile; fileRef = 590EFAC32CB3863300AF7986 /* SettingsCell.xib */; };
		59265E7A2CBA932100D6569C /* HouseIdeasVC.swift in Sources */ = {isa = PBXBuildFile; fileRef = 59265E782CBA932100D6569C /* HouseIdeasVC.swift */; };
		59265E7B2CBA932100D6569C /* HouseIdeasVC.xib in Resources */ = {isa = PBXBuildFile; fileRef = 59265E792CBA932100D6569C /* HouseIdeasVC.xib */; };
		59265E7F2CBA93AA00D6569C /* HouseIdeasCell.swift in Sources */ = {isa = PBXBuildFile; fileRef = 59265E7D2CBA93AA00D6569C /* HouseIdeasCell.swift */; };
		59265E802CBA93AA00D6569C /* HouseIdeasCell.xib in Resources */ = {isa = PBXBuildFile; fileRef = 59265E7E2CBA93AA00D6569C /* HouseIdeasCell.xib */; };
		5966E0D62CB6D51D00294C90 /* ModsDetailsVC.swift in Sources */ = {isa = PBXBuildFile; fileRef = 5966E0D42CB6D51D00294C90 /* ModsDetailsVC.swift */; };
		5966E0D72CB6D51D00294C90 /* ModsDetailsVC.xib in Resources */ = {isa = PBXBuildFile; fileRef = 5966E0D52CB6D51D00294C90 /* ModsDetailsVC.xib */; };
		5966E0DB2CB6DC0500294C90 /* PopUPView.swift in Sources */ = {isa = PBXBuildFile; fileRef = 5966E0D92CB6DC0500294C90 /* PopUPView.swift */; };
		5966E0DC2CB6DC0500294C90 /* PopUPView.xib in Resources */ = {isa = PBXBuildFile; fileRef = 5966E0DA2CB6DC0500294C90 /* PopUPView.xib */; };
		597CD0BC2CA9214700D8BF2B /* HomeVC.swift in Sources */ = {isa = PBXBuildFile; fileRef = 597CD0BA2CA9214700D8BF2B /* HomeVC.swift */; };
		597CD0BD2CA9214700D8BF2B /* HomeVC.xib in Resources */ = {isa = PBXBuildFile; fileRef = 597CD0BB2CA9214700D8BF2B /* HomeVC.xib */; };
		597CD0C12CA9258100D8BF2B /* HomeTVC.swift in Sources */ = {isa = PBXBuildFile; fileRef = 597CD0BF2CA9258100D8BF2B /* HomeTVC.swift */; };
		597CD0C22CA9258100D8BF2B /* HomeTVC.xib in Resources */ = {isa = PBXBuildFile; fileRef = 597CD0C02CA9258100D8BF2B /* HomeTVC.xib */; };
		597CD0C62CA92CDC00D8BF2B /* AppFunctions.swift in Sources */ = {isa = PBXBuildFile; fileRef = 597CD0C52CA92CDC00D8BF2B /* AppFunctions.swift */; };
		597CD0CA2CA92E8800D8BF2B /* AppColors.swift in Sources */ = {isa = PBXBuildFile; fileRef = 597CD0C92CA92E8800D8BF2B /* AppColors.swift */; };
		597CD0CC2CA9344500D8BF2B /* AppConstants.swift in Sources */ = {isa = PBXBuildFile; fileRef = 597CD0CB2CA9344500D8BF2B /* AppConstants.swift */; };
		597CD0D02CA9358500D8BF2B /* ModsVCViewController.swift in Sources */ = {isa = PBXBuildFile; fileRef = 597CD0CE2CA9358500D8BF2B /* ModsVCViewController.swift */; };
		597CD0D12CA9358500D8BF2B /* ModsVCViewController.xib in Resources */ = {isa = PBXBuildFile; fileRef = 597CD0CF2CA9358500D8BF2B /* ModsVCViewController.xib */; };
		597CD0D42CA935AF00D8BF2B /* GilroyAppConstFontsTexture.swift in Sources */ = {isa = PBXBuildFile; fileRef = 597CD0D32CA935AF00D8BF2B /* GilroyAppConstFontsTexture.swift */; };
		597CD0D82CA93A7C00D8BF2B /* CategoryCell.swift in Sources */ = {isa = PBXBuildFile; fileRef = 597CD0D62CA93A7C00D8BF2B /* CategoryCell.swift */; };
		597CD0D92CA93A7C00D8BF2B /* CategoryCell.xib in Resources */ = {isa = PBXBuildFile; fileRef = 597CD0D72CA93A7C00D8BF2B /* CategoryCell.xib */; };
		597CD0E62CA9477100D8BF2B /* gilroyFloatRegular.ttf in Resources */ = {isa = PBXBuildFile; fileRef = 597CD0E32CA9477100D8BF2B /* gilroyFloatRegular.ttf */; };
		597CD0E72CA9477100D8BF2B /* gilroyChromeShadesExtraBold.ttf in Resources */ = {isa = PBXBuildFile; fileRef = 597CD0E02CA9477100D8BF2B /* gilroyChromeShadesExtraBold.ttf */; };
		597CD0E82CA9477100D8BF2B /* gilroyLongMedium.ttf in Resources */ = {isa = PBXBuildFile; fileRef = 597CD0E22CA9477100D8BF2B /* gilroyLongMedium.ttf */; };
		597CD0E92CA9477100D8BF2B /* gilroyStringSemiBold.ttf in Resources */ = {isa = PBXBuildFile; fileRef = 597CD0E42CA9477100D8BF2B /* gilroyStringSemiBold.ttf */; };
		597CD0EA2CA9477100D8BF2B /* gilroyIntegerThink.ttf in Resources */ = {isa = PBXBuildFile; fileRef = 597CD0E52CA9477100D8BF2B /* gilroyIntegerThink.ttf */; };
		597CD0EB2CA9477100D8BF2B /* gilroyDoubleBold.ttf in Resources */ = {isa = PBXBuildFile; fileRef = 597CD0DF2CA9477100D8BF2B /* gilroyDoubleBold.ttf */; };
		597CD0EC2CA9477100D8BF2B /* gilroyLightGroundKey.ttf in Resources */ = {isa = PBXBuildFile; fileRef = 597CD0E12CA9477100D8BF2B /* gilroyLightGroundKey.ttf */; };
		597CD0F32CA94AF400D8BF2B /* ModsTableCell.swift in Sources */ = {isa = PBXBuildFile; fileRef = 597CD0F12CA94AF400D8BF2B /* ModsTableCell.swift */; };
		597CD0F42CA94AF400D8BF2B /* ModsTableCell.xib in Resources */ = {isa = PBXBuildFile; fileRef = 597CD0F22CA94AF400D8BF2B /* ModsTableCell.xib */; };
		59FB6FBF2CBA64040058AD3E /* DeleteVC.swift in Sources */ = {isa = PBXBuildFile; fileRef = 59FB6FBD2CBA64040058AD3E /* DeleteVC.swift */; };
		59FB6FC02CBA64040058AD3E /* DeleteVC.xib in Resources */ = {isa = PBXBuildFile; fileRef = 59FB6FBE2CBA64040058AD3E /* DeleteVC.xib */; };
		59FB6FC32CBA640B0058AD3E /* SearchVC.swift in Sources */ = {isa = PBXBuildFile; fileRef = 59FB6FC12CBA640B0058AD3E /* SearchVC.swift */; };
		59FB6FC42CBA640B0058AD3E /* SearchVC.xib in Resources */ = {isa = PBXBuildFile; fileRef = 59FB6FC22CBA640B0058AD3E /* SearchVC.xib */; };
		59FB6FC72CBA64140058AD3E /* SkinMakerVC.swift in Sources */ = {isa = PBXBuildFile; fileRef = 59FB6FC52CBA64140058AD3E /* SkinMakerVC.swift */; };
		59FB6FC82CBA64140058AD3E /* SkinMakerVC.xib in Resources */ = {isa = PBXBuildFile; fileRef = 59FB6FC62CBA64140058AD3E /* SkinMakerVC.xib */; };
		59FB6FCB2CBA641C0058AD3E /* TermsVC.swift in Sources */ = {isa = PBXBuildFile; fileRef = 59FB6FC92CBA641C0058AD3E /* TermsVC.swift */; };
		59FB6FCC2CBA641C0058AD3E /* TermsVC.xib in Resources */ = {isa = PBXBuildFile; fileRef = 59FB6FCA2CBA641C0058AD3E /* TermsVC.xib */; };
		59FB6FCF2CBA64240058AD3E /* PrivacyVC.swift in Sources */ = {isa = PBXBuildFile; fileRef = 59FB6FCD2CBA64240058AD3E /* PrivacyVC.swift */; };
		59FB6FD02CBA64240058AD3E /* PrivacyVC.xib in Resources */ = {isa = PBXBuildFile; fileRef = 59FB6FCE2CBA64240058AD3E /* PrivacyVC.xib */; };
		59FB6FD72CBA7CCE0058AD3E /* LockScreenView.xib in Resources */ = {isa = PBXBuildFile; fileRef = 59FB6FD62CBA7CCE0058AD3E /* LockScreenView.xib */; };
		59FB6FD82CBA7CCE0058AD3E /* LockScreenView.swift in Sources */ = {isa = PBXBuildFile; fileRef = 59FB6FD52CBA7CCE0058AD3E /* LockScreenView.swift */; };
		59FB6FDA2CBA7D010058AD3E /* BaseView.swift in Sources */ = {isa = PBXBuildFile; fileRef = 59FB6FD92CBA7D010058AD3E /* BaseView.swift */; };
		B80004932AE670E70013D096 /* FilterViewTableViewCell_AW.swift in Sources */ = {isa = PBXBuildFile; fileRef = B80004912AE670E70013D096 /* FilterViewTableViewCell_AW.swift */; };
		B80004942AE670E70013D096 /* FilterViewTableViewCell_AW.xib in Resources */ = {isa = PBXBuildFile; fileRef = B80004922AE670E70013D096 /* FilterViewTableViewCell_AW.xib */; };
		B815D42E2AED1B44003A1344 /* Reachability in Frameworks */ = {isa = PBXBuildFile; productRef = B815D42D2AED1B44003A1344 /* Reachability */; };
		B815D4372AED9339003A1344 /* LoadingView_AW.swift in Sources */ = {isa = PBXBuildFile; fileRef = B815D4362AED9339003A1344 /* LoadingView_AW.swift */; };
		B815D4392AED933E003A1344 /* LoadingView_AW.xib in Resources */ = {isa = PBXBuildFile; fileRef = B815D4382AED933E003A1344 /* LoadingView_AW.xib */; };
		B815D43B2AEFA74C003A1344 /* ApkStoreManager_AW.swift in Sources */ = {isa = PBXBuildFile; fileRef = B815D43A2AEFA74C003A1344 /* ApkStoreManager_AW.swift */; };
		B815D43D2AEFA7BA003A1344 /* ViewController_AW+Extensions.swift in Sources */ = {isa = PBXBuildFile; fileRef = B815D43C2AEFA7BA003A1344 /* ViewController_AW+Extensions.swift */; };
		B815D4402AEFA7F5003A1344 /* MBProgressHUD in Frameworks */ = {isa = PBXBuildFile; productRef = B815D43F2AEFA7F5003A1344 /* MBProgressHUD */; };
		B815D67E2AF04B4B003A1344 /* Configurations_AW .swift in Sources */ = {isa = PBXBuildFile; fileRef = B815D63B2AF04B4A003A1344 /* Configurations_AW .swift */; };
		B815D6842AF127F2003A1344 /* UIImage_AW.swift in Sources */ = {isa = PBXBuildFile; fileRef = B815D6832AF127F2003A1344 /* UIImage_AW.swift */; };
		B815D6862AF12B04003A1344 /* ReachabilityManager_AW.swift in Sources */ = {isa = PBXBuildFile; fileRef = B815D6852AF12B04003A1344 /* ReachabilityManager_AW.swift */; };
		B82C40142AF15B9100401575 /* Lottie in Frameworks */ = {isa = PBXBuildFile; productRef = B82C40132AF15B9100401575 /* Lottie */; };
		B82C401A2AF15F2500401575 /* animation.json in Resources */ = {isa = PBXBuildFile; fileRef = B82C40192AF15F2500401575 /* animation.json */; };
		B834C0EC2AD55B2A00615420 /* DBManager_AW.swift in Sources */ = {isa = PBXBuildFile; fileRef = B834C0EB2AD55B2A00615420 /* DBManager_AW.swift */; };
		B834C0EF2AD55BB100615420 /* SwiftyDropbox in Frameworks */ = {isa = PBXBuildFile; productRef = B834C0EE2AD55BB100615420 /* SwiftyDropbox */; };
		B834C0F12AD55BE800615420 /* ContentManager_AW.swift in Sources */ = {isa = PBXBuildFile; fileRef = B834C0F02AD55BE800615420 /* ContentManager_AW.swift */; };
		B834C0F32AD55C0B00615420 /* NetworkManager_AW.swift in Sources */ = {isa = PBXBuildFile; fileRef = B834C0F22AD55C0B00615420 /* NetworkManager_AW.swift */; };
		B834C0F52AD55C2000615420 /* Keys_AW.swift in Sources */ = {isa = PBXBuildFile; fileRef = B834C0F42AD55C2000615420 /* Keys_AW.swift */; };
		B834C0F72AD55C4300615420 /* InternetManager_AW.swift in Sources */ = {isa = PBXBuildFile; fileRef = B834C0F62AD55C4300615420 /* InternetManager_AW.swift */; };
		B834C0F92AD55C5F00615420 /* FileSession_AW.swift in Sources */ = {isa = PBXBuildFile; fileRef = B834C0F82AD55C5F00615420 /* FileSession_AW.swift */; };
		B834C0FB2AD55CEF00615420 /* ContentType_AW.swift in Sources */ = {isa = PBXBuildFile; fileRef = B834C0FA2AD55CEF00615420 /* ContentType_AW.swift */; };
		B834C0FD2AD56AF800615420 /* StoreManager_AW.swift in Sources */ = {isa = PBXBuildFile; fileRef = B834C0FC2AD56AF800615420 /* StoreManager_AW.swift */; };
		B834C1002AD56B8B00615420 /* RealmSwift in Frameworks */ = {isa = PBXBuildFile; productRef = B834C0FF2AD56B8B00615420 /* RealmSwift */; };
		B834C1032AD5834500615420 /* PreloaderViewController_AW.swift in Sources */ = {isa = PBXBuildFile; fileRef = B834C1012AD5834500615420 /* PreloaderViewController_AW.swift */; };
		B834C1042AD5834500615420 /* PreloaderViewController_AW.xib in Resources */ = {isa = PBXBuildFile; fileRef = B834C1022AD5834500615420 /* PreloaderViewController_AW.xib */; };
		B834C1072AD58B5E00615420 /* ServiceHolder_AW.swift in Sources */ = {isa = PBXBuildFile; fileRef = B834C1052AD58B5E00615420 /* ServiceHolder_AW.swift */; };
		B834C1082AD58B5E00615420 /* ContentService_AW.swift in Sources */ = {isa = PBXBuildFile; fileRef = B834C1062AD58B5E00615420 /* ContentService_AW.swift */; };
		B84463782AF3C57B004AFBD7 /* CarouselFlowLayout_AW.swift in Sources */ = {isa = PBXBuildFile; fileRef = B844636D2AF3C57B004AFBD7 /* CarouselFlowLayout_AW.swift */; };
		B86BA9712AE7DED200D22BCF /* EditorSetupViewController_AW.swift in Sources */ = {isa = PBXBuildFile; fileRef = B86BA96F2AE7DED200D22BCF /* EditorSetupViewController_AW.swift */; };
		B86BA9722AE7DED200D22BCF /* EditorSetupViewController_AW.xib in Resources */ = {isa = PBXBuildFile; fileRef = B86BA9702AE7DED200D22BCF /* EditorSetupViewController_AW.xib */; };
		B86BA9742AE7E20900D22BCF /* EditorSetupViewModel_AW.swift in Sources */ = {isa = PBXBuildFile; fileRef = B86BA9732AE7E20900D22BCF /* EditorSetupViewModel_AW.swift */; };
		B86BA9792AE7E2B900D22BCF /* ContentCollectionViewCell.swift in Sources */ = {isa = PBXBuildFile; fileRef = B86BA9772AE7E2B900D22BCF /* ContentCollectionViewCell.swift */; };
		B86BA97A2AE7E2B900D22BCF /* ContentCollectionViewCell.xib in Resources */ = {isa = PBXBuildFile; fileRef = B86BA9782AE7E2B900D22BCF /* ContentCollectionViewCell.xib */; };
		B86BA97E2AE7E2C500D22BCF /* CategoryCollectionViewCell.swift in Sources */ = {isa = PBXBuildFile; fileRef = B86BA97C2AE7E2C500D22BCF /* CategoryCollectionViewCell.swift */; };
		B86BA97F2AE7E2C500D22BCF /* CategoryCollectionViewCell.xib in Resources */ = {isa = PBXBuildFile; fileRef = B86BA97D2AE7E2C500D22BCF /* CategoryCollectionViewCell.xib */; };
		B86BA9812AE7E97E00D22BCF /* CachedImageView_AW.swift in Sources */ = {isa = PBXBuildFile; fileRef = B86BA9802AE7E97E00D22BCF /* CachedImageView_AW.swift */; };
		B86BA9902AE7FB7900D22BCF /* BaseCollectionViewCell_AW.swift in Sources */ = {isa = PBXBuildFile; fileRef = B86BA98F2AE7FB7900D22BCF /* BaseCollectionViewCell_AW.swift */; };
		B86BA9922AE803E000D22BCF /* CharacterEditorImage_AW.swift in Sources */ = {isa = PBXBuildFile; fileRef = B86BA9912AE803E000D22BCF /* CharacterEditorImage_AW.swift */; };
		B86BA9952AE8042700D22BCF /* CharacterEditorImage_AW.xib in Resources */ = {isa = PBXBuildFile; fileRef = B86BA9942AE8042700D22BCF /* CharacterEditorImage_AW.xib */; };
		B86BA9972AE9061600D22BCF /* StoreManagerCharacters_AW.swift in Sources */ = {isa = PBXBuildFile; fileRef = B86BA9962AE9061600D22BCF /* StoreManagerCharacters_AW.swift */; };
		B86BA99B2AE9082400D22BCF /* EditorPreviewViewController_AW.swift in Sources */ = {isa = PBXBuildFile; fileRef = B86BA9992AE9082400D22BCF /* EditorPreviewViewController_AW.swift */; };
		B86BA99C2AE9082400D22BCF /* EditorPreviewViewController_AW.xib in Resources */ = {isa = PBXBuildFile; fileRef = B86BA99A2AE9082400D22BCF /* EditorPreviewViewController_AW.xib */; };
		B86BA99F2AE90F8200D22BCF /* EditorAlert_AW.swift in Sources */ = {isa = PBXBuildFile; fileRef = B86BA99E2AE90F8200D22BCF /* EditorAlert_AW.swift */; };
		B86BA9A12AE90F8500D22BCF /* EditorAlert_AW.xib in Resources */ = {isa = PBXBuildFile; fileRef = B86BA9A02AE90F8500D22BCF /* EditorAlert_AW.xib */; };
		B86BA9A32AE9133900D22BCF /* AlertManager_AW.swift in Sources */ = {isa = PBXBuildFile; fileRef = B86BA9A22AE9133900D22BCF /* AlertManager_AW.swift */; };
		B86BA9A72AE91A9400D22BCF /* InfoAlert_AW.swift in Sources */ = {isa = PBXBuildFile; fileRef = B86BA9A62AE91A9400D22BCF /* InfoAlert_AW.swift */; };
		B86BA9A92AE91A9800D22BCF /* InfoAlert_AW.xib in Resources */ = {isa = PBXBuildFile; fileRef = B86BA9A82AE91A9800D22BCF /* InfoAlert_AW.xib */; };
		B86BA9AD2AE928E600D22BCF /* EditorCollectionViewCell_AW.swift in Sources */ = {isa = PBXBuildFile; fileRef = B86BA9AB2AE928E600D22BCF /* EditorCollectionViewCell_AW.swift */; };
		B86BA9AE2AE928E600D22BCF /* EditorCollectionViewCell_AW.xib in Resources */ = {isa = PBXBuildFile; fileRef = B86BA9AC2AE928E600D22BCF /* EditorCollectionViewCell_AW.xib */; };
		B8788B4B2AAB12F800C7B676 /* UICollectionView_AW.swift in Sources */ = {isa = PBXBuildFile; fileRef = B8788B462AAB12F800C7B676 /* UICollectionView_AW.swift */; };
		B8788B4D2AAB12F800C7B676 /* UITableView_AW.swift in Sources */ = {isa = PBXBuildFile; fileRef = B8788B482AAB12F800C7B676 /* UITableView_AW.swift */; };
		B8788B532AAB136700C7B676 /* ContentTableViewCell_AW.swift in Sources */ = {isa = PBXBuildFile; fileRef = B8788B512AAB136700C7B676 /* ContentTableViewCell_AW.swift */; };
		B8788B542AAB136700C7B676 /* ContentTableViewCell_AW.xib in Resources */ = {isa = PBXBuildFile; fileRef = B8788B522AAB136700C7B676 /* ContentTableViewCell_AW.xib */; };
		B8788B592AAB29EF00C7B676 /* SearchView_AW.swift in Sources */ = {isa = PBXBuildFile; fileRef = B8788B582AAB29EF00C7B676 /* SearchView_AW.swift */; };
		B8788B5B2AAB29F300C7B676 /* SearchView_AW.xib in Resources */ = {isa = PBXBuildFile; fileRef = B8788B5A2AAB29F300C7B676 /* SearchView_AW.xib */; };
		B8788B5D2AAB2D8B00C7B676 /* HouseIdeasContentModel_AW.swift in Sources */ = {isa = PBXBuildFile; fileRef = B8788B5C2AAB2D8B00C7B676 /* HouseIdeasContentModel_AW.swift */; };
		B8788B602AAB440700C7B676 /* FilterView_AW.swift in Sources */ = {isa = PBXBuildFile; fileRef = B8788B5F2AAB440700C7B676 /* FilterView_AW.swift */; };
		B8788B622AAB440B00C7B676 /* FilterView_AW.xib in Resources */ = {isa = PBXBuildFile; fileRef = B8788B612AAB440B00C7B676 /* FilterView_AW.xib */; };
		B8788B662AAB4B9900C7B676 /* DetailContentViewController_AW.swift in Sources */ = {isa = PBXBuildFile; fileRef = B8788B642AAB4B9900C7B676 /* DetailContentViewController_AW.swift */; };
		B8788B672AAB4B9900C7B676 /* DetailContentViewController_AW.xib in Resources */ = {isa = PBXBuildFile; fileRef = B8788B652AAB4B9900C7B676 /* DetailContentViewController_AW.xib */; };
		B89FFD672AAA34F400DD71EF /* AppDelegate.swift in Sources */ = {isa = PBXBuildFile; fileRef = B89FFD662AAA34F400DD71EF /* AppDelegate.swift */; };
		B89FFD6E2AAA34F400DD71EF /* Main.storyboard in Resources */ = {isa = PBXBuildFile; fileRef = B89FFD6C2AAA34F400DD71EF /* Main.storyboard */; };
		B89FFD702AAA34F500DD71EF /* Assets.xcassets in Resources */ = {isa = PBXBuildFile; fileRef = B89FFD6F2AAA34F500DD71EF /* Assets.xcassets */; };
		B89FFD732AAA34F500DD71EF /* LaunchScreen.storyboard in Resources */ = {isa = PBXBuildFile; fileRef = B89FFD712AAA34F500DD71EF /* LaunchScreen.storyboard */; };
		B89FFD852AAA558E00DD71EF /* MainTabBarController_AW.swift in Sources */ = {isa = PBXBuildFile; fileRef = B89FFD842AAA558E00DD71EF /* MainTabBarController_AW.swift */; };
		B89FFD872AAA559A00DD71EF /* TabBarItem_AW.swift in Sources */ = {isa = PBXBuildFile; fileRef = B89FFD862AAA559A00DD71EF /* TabBarItem_AW.swift */; };
		B89FFD8A2AAA55FE00DD71EF /* TabBarButton_AW.swift in Sources */ = {isa = PBXBuildFile; fileRef = B89FFD892AAA55FE00DD71EF /* TabBarButton_AW.swift */; };
		B89FFD8C2AAA561000DD71EF /* TabBarButton_AW.xib in Resources */ = {isa = PBXBuildFile; fileRef = B89FFD8B2AAA561000DD71EF /* TabBarButton_AW.xib */; };
		B89FFD8E2AAA578D00DD71EF /* Colors_AW.swift in Sources */ = {isa = PBXBuildFile; fileRef = B89FFD8D2AAA578D00DD71EF /* Colors_AW.swift */; };
		B89FFD902AAA57C000DD71EF /* Fonts_AW.swift in Sources */ = {isa = PBXBuildFile; fileRef = B89FFD8F2AAA57C000DD71EF /* Fonts_AW.swift */; };
		B89FFDC62AAA5C2600DD71EF /* Stevia in Frameworks */ = {isa = PBXBuildFile; productRef = B89FFDC52AAA5C2600DD71EF /* Stevia */; };
		B89FFDC82AAA5C5300DD71EF /* Defines_AW.swift in Sources */ = {isa = PBXBuildFile; fileRef = B89FFDC72AAA5C5300DD71EF /* Defines_AW.swift */; };
		B89FFDCB2AAA5D5F00DD71EF /* UIView_AW.swift in Sources */ = {isa = PBXBuildFile; fileRef = B89FFDCA2AAA5D5F00DD71EF /* UIView_AW.swift */; };
		B89FFDCF2AAA5DE400DD71EF /* HomeViewController_AW.swift in Sources */ = {isa = PBXBuildFile; fileRef = B89FFDCD2AAA5DE400DD71EF /* HomeViewController_AW.swift */; };
		B89FFDD02AAA5DE400DD71EF /* HomeViewController_AW.xib in Resources */ = {isa = PBXBuildFile; fileRef = B89FFDCE2AAA5DE400DD71EF /* HomeViewController_AW.xib */; };
		B89FFDD42AAA5E1F00DD71EF /* ModsViewController_AW.swift in Sources */ = {isa = PBXBuildFile; fileRef = B89FFDD22AAA5E1F00DD71EF /* ModsViewController_AW.swift */; };
		B89FFDD52AAA5E1F00DD71EF /* ModsViewController_AW.xib in Resources */ = {isa = PBXBuildFile; fileRef = B89FFDD32AAA5E1F00DD71EF /* ModsViewController_AW.xib */; };
		B89FFDD92AAA5E5400DD71EF /* EditorViewController_AW.swift in Sources */ = {isa = PBXBuildFile; fileRef = B89FFDD72AAA5E5400DD71EF /* EditorViewController_AW.swift */; };
		B89FFDDA2AAA5E5400DD71EF /* EditorViewController_AW.xib in Resources */ = {isa = PBXBuildFile; fileRef = B89FFDD82AAA5E5400DD71EF /* EditorViewController_AW.xib */; };
		B89FFDDE2AAA5E9E00DD71EF /* SettingsViewController_AW.swift in Sources */ = {isa = PBXBuildFile; fileRef = B89FFDDC2AAA5E9E00DD71EF /* SettingsViewController_AW.swift */; };
		B89FFDDF2AAA5E9E00DD71EF /* SettingsViewController_AW.xib in Resources */ = {isa = PBXBuildFile; fileRef = B89FFDDD2AAA5E9E00DD71EF /* SettingsViewController_AW.xib */; };
		B89FFDE12AAA5F0E00DD71EF /* Coordinators_AW.swift in Sources */ = {isa = PBXBuildFile; fileRef = B89FFDE02AAA5F0E00DD71EF /* Coordinators_AW.swift */; };
		B89FFDE42AAA603B00DD71EF /* IQKeyboardManagerSwift in Frameworks */ = {isa = PBXBuildFile; productRef = B89FFDE32AAA603B00DD71EF /* IQKeyboardManagerSwift */; };
		B89FFDE72AAA635C00DD71EF /* BaseController_AW.swift in Sources */ = {isa = PBXBuildFile; fileRef = B89FFDE62AAA635C00DD71EF /* BaseController_AW.swift */; };
		B89FFDEF2AAA644300DD71EF /* SnapKit in Frameworks */ = {isa = PBXBuildFile; productRef = B89FFDEE2AAA644300DD71EF /* SnapKit */; };
		B8C26A452AF5275C00887D24 /* DetailContentTableViewCell_AW.swift in Sources */ = {isa = PBXBuildFile; fileRef = B8C26A432AF5275C00887D24 /* DetailContentTableViewCell_AW.swift */; };
		B8C26A462AF5275C00887D24 /* DetailContentTableViewCell_AW.xib in Resources */ = {isa = PBXBuildFile; fileRef = B8C26A442AF5275C00887D24 /* DetailContentTableViewCell_AW.xib */; };
		B8DCDD212AD53F79006F6AD2 /* DetailViewModel_AW.swift in Sources */ = {isa = PBXBuildFile; fileRef = B8DCDD202AD53F79006F6AD2 /* DetailViewModel_AW.swift */; };
		B8DCDD232AD540B3006F6AD2 /* UIString_AW.swift in Sources */ = {isa = PBXBuildFile; fileRef = B8DCDD222AD540B3006F6AD2 /* UIString_AW.swift */; };
		B8E0F04E2AE7A073008429BB /* CharacterContentType_AW.swift in Sources */ = {isa = PBXBuildFile; fileRef = B8E0F04D2AE7A073008429BB /* CharacterContentType_AW.swift */; };
		B8E0F0502AE7A0E0008429BB /* EditorContentData_AW.swift in Sources */ = {isa = PBXBuildFile; fileRef = B8E0F04F2AE7A0E0008429BB /* EditorContentData_AW.swift */; };
		B8E0F0522AE7A10D008429BB /* Category_AW.swift in Sources */ = {isa = PBXBuildFile; fileRef = B8E0F0512AE7A10D008429BB /* Category_AW.swift */; };
		B8FE40872AAF467E0070D716 /* CategoriesModel.swift in Sources */ = {isa = PBXBuildFile; fileRef = B8FE40862AAF467E0070D716 /* CategoriesModel.swift */; };
		B8FE40A62AAF4B5F0070D716 /* ModsContentModel_AW.swift in Sources */ = {isa = PBXBuildFile; fileRef = B8FE40A52AAF4B5F0070D716 /* ModsContentModel_AW.swift */; };
		B8FE40A82AAF4D4C0070D716 /* ContentListDataModel_AW.swift in Sources */ = {isa = PBXBuildFile; fileRef = B8FE40A72AAF4D4C0070D716 /* ContentListDataModel_AW.swift */; };
/* End PBXBuildFile section */

/* Begin PBXFileReference section */
		0B566DA273D2412985271AA9 /* Pods_Avatar_world_city_life_mod.framework */ = {isa = PBXFileReference; explicitFileType = wrapper.framework; includeInIndex = 0; path = Pods_Avatar_world_city_life_mod.framework; sourceTree = BUILT_PRODUCTS_DIR; };
		26715B33BBEAAC2A35C4A4A0 /* Pods-Avatar world city life mod.release.xcconfig */ = {isa = PBXFileReference; includeInIndex = 1; lastKnownFileType = text.xcconfig; name = "Pods-Avatar world city life mod.release.xcconfig"; path = "Target Support Files/Pods-Avatar world city life mod/Pods-Avatar world city life mod.release.xcconfig"; sourceTree = "<group>"; };
		590EFABD2CB3860600AF7986 /* SettingsVC.swift */ = {isa = PBXFileReference; lastKnownFileType = sourcecode.swift; path = SettingsVC.swift; sourceTree = "<group>"; };
		590EFABE2CB3860600AF7986 /* SettingsVC.xib */ = {isa = PBXFileReference; lastKnownFileType = file.xib; path = SettingsVC.xib; sourceTree = "<group>"; };
		590EFAC22CB3863300AF7986 /* SettingsCell.swift */ = {isa = PBXFileReference; lastKnownFileType = sourcecode.swift; path = SettingsCell.swift; sourceTree = "<group>"; };
		590EFAC32CB3863300AF7986 /* SettingsCell.xib */ = {isa = PBXFileReference; lastKnownFileType = file.xib; path = SettingsCell.xib; sourceTree = "<group>"; };
		59265E782CBA932100D6569C /* HouseIdeasVC.swift */ = {isa = PBXFileReference; lastKnownFileType = sourcecode.swift; path = HouseIdeasVC.swift; sourceTree = "<group>"; };
		59265E792CBA932100D6569C /* HouseIdeasVC.xib */ = {isa = PBXFileReference; lastKnownFileType = file.xib; path = HouseIdeasVC.xib; sourceTree = "<group>"; };
		59265E7D2CBA93AA00D6569C /* HouseIdeasCell.swift */ = {isa = PBXFileReference; lastKnownFileType = sourcecode.swift; path = HouseIdeasCell.swift; sourceTree = "<group>"; };
		59265E7E2CBA93AA00D6569C /* HouseIdeasCell.xib */ = {isa = PBXFileReference; lastKnownFileType = file.xib; path = HouseIdeasCell.xib; sourceTree = "<group>"; };
		5966E0D42CB6D51D00294C90 /* ModsDetailsVC.swift */ = {isa = PBXFileReference; lastKnownFileType = sourcecode.swift; path = ModsDetailsVC.swift; sourceTree = "<group>"; };
		5966E0D52CB6D51D00294C90 /* ModsDetailsVC.xib */ = {isa = PBXFileReference; lastKnownFileType = file.xib; path = ModsDetailsVC.xib; sourceTree = "<group>"; };
		5966E0D92CB6DC0500294C90 /* PopUPView.swift */ = {isa = PBXFileReference; lastKnownFileType = sourcecode.swift; path = PopUPView.swift; sourceTree = "<group>"; };
		5966E0DA2CB6DC0500294C90 /* PopUPView.xib */ = {isa = PBXFileReference; lastKnownFileType = file.xib; path = PopUPView.xib; sourceTree = "<group>"; };
		597CD0BA2CA9214700D8BF2B /* HomeVC.swift */ = {isa = PBXFileReference; lastKnownFileType = sourcecode.swift; path = HomeVC.swift; sourceTree = "<group>"; };
		597CD0BB2CA9214700D8BF2B /* HomeVC.xib */ = {isa = PBXFileReference; lastKnownFileType = file.xib; path = HomeVC.xib; sourceTree = "<group>"; };
		597CD0BF2CA9258100D8BF2B /* HomeTVC.swift */ = {isa = PBXFileReference; lastKnownFileType = sourcecode.swift; path = HomeTVC.swift; sourceTree = "<group>"; };
		597CD0C02CA9258100D8BF2B /* HomeTVC.xib */ = {isa = PBXFileReference; lastKnownFileType = file.xib; path = HomeTVC.xib; sourceTree = "<group>"; };
		597CD0C52CA92CDC00D8BF2B /* AppFunctions.swift */ = {isa = PBXFileReference; lastKnownFileType = sourcecode.swift; path = AppFunctions.swift; sourceTree = "<group>"; };
		597CD0C92CA92E8800D8BF2B /* AppColors.swift */ = {isa = PBXFileReference; lastKnownFileType = sourcecode.swift; path = AppColors.swift; sourceTree = "<group>"; };
		597CD0CB2CA9344500D8BF2B /* AppConstants.swift */ = {isa = PBXFileReference; lastKnownFileType = sourcecode.swift; path = AppConstants.swift; sourceTree = "<group>"; };
		597CD0CE2CA9358500D8BF2B /* ModsVCViewController.swift */ = {isa = PBXFileReference; lastKnownFileType = sourcecode.swift; path = ModsVCViewController.swift; sourceTree = "<group>"; };
		597CD0CF2CA9358500D8BF2B /* ModsVCViewController.xib */ = {isa = PBXFileReference; lastKnownFileType = file.xib; path = ModsVCViewController.xib; sourceTree = "<group>"; };
		597CD0D32CA935AF00D8BF2B /* GilroyAppConstFontsTexture.swift */ = {isa = PBXFileReference; lastKnownFileType = sourcecode.swift; path = GilroyAppConstFontsTexture.swift; sourceTree = "<group>"; };
		597CD0D62CA93A7C00D8BF2B /* CategoryCell.swift */ = {isa = PBXFileReference; lastKnownFileType = sourcecode.swift; path = CategoryCell.swift; sourceTree = "<group>"; };
		597CD0D72CA93A7C00D8BF2B /* CategoryCell.xib */ = {isa = PBXFileReference; lastKnownFileType = file.xib; path = CategoryCell.xib; sourceTree = "<group>"; };
		597CD0DF2CA9477100D8BF2B /* gilroyDoubleBold.ttf */ = {isa = PBXFileReference; lastKnownFileType = file; path = gilroyDoubleBold.ttf; sourceTree = "<group>"; };
		597CD0E02CA9477100D8BF2B /* gilroyChromeShadesExtraBold.ttf */ = {isa = PBXFileReference; lastKnownFileType = file; path = gilroyChromeShadesExtraBold.ttf; sourceTree = "<group>"; };
		597CD0E12CA9477100D8BF2B /* gilroyLightGroundKey.ttf */ = {isa = PBXFileReference; lastKnownFileType = file; path = gilroyLightGroundKey.ttf; sourceTree = "<group>"; };
		597CD0E22CA9477100D8BF2B /* gilroyLongMedium.ttf */ = {isa = PBXFileReference; lastKnownFileType = file; path = gilroyLongMedium.ttf; sourceTree = "<group>"; };
		597CD0E32CA9477100D8BF2B /* gilroyFloatRegular.ttf */ = {isa = PBXFileReference; lastKnownFileType = file; path = gilroyFloatRegular.ttf; sourceTree = "<group>"; };
		597CD0E42CA9477100D8BF2B /* gilroyStringSemiBold.ttf */ = {isa = PBXFileReference; lastKnownFileType = file; path = gilroyStringSemiBold.ttf; sourceTree = "<group>"; };
		597CD0E52CA9477100D8BF2B /* gilroyIntegerThink.ttf */ = {isa = PBXFileReference; lastKnownFileType = file; path = gilroyIntegerThink.ttf; sourceTree = "<group>"; };
		597CD0F12CA94AF400D8BF2B /* ModsTableCell.swift */ = {isa = PBXFileReference; lastKnownFileType = sourcecode.swift; path = ModsTableCell.swift; sourceTree = "<group>"; };
		597CD0F22CA94AF400D8BF2B /* ModsTableCell.xib */ = {isa = PBXFileReference; lastKnownFileType = file.xib; path = ModsTableCell.xib; sourceTree = "<group>"; };
		59FB6FBD2CBA64040058AD3E /* DeleteVC.swift */ = {isa = PBXFileReference; lastKnownFileType = sourcecode.swift; path = DeleteVC.swift; sourceTree = "<group>"; };
		59FB6FBE2CBA64040058AD3E /* DeleteVC.xib */ = {isa = PBXFileReference; lastKnownFileType = file.xib; path = DeleteVC.xib; sourceTree = "<group>"; };
		59FB6FC12CBA640B0058AD3E /* SearchVC.swift */ = {isa = PBXFileReference; lastKnownFileType = sourcecode.swift; path = SearchVC.swift; sourceTree = "<group>"; };
		59FB6FC22CBA640B0058AD3E /* SearchVC.xib */ = {isa = PBXFileReference; lastKnownFileType = file.xib; path = SearchVC.xib; sourceTree = "<group>"; };
		59FB6FC52CBA64140058AD3E /* SkinMakerVC.swift */ = {isa = PBXFileReference; lastKnownFileType = sourcecode.swift; path = SkinMakerVC.swift; sourceTree = "<group>"; };
		59FB6FC62CBA64140058AD3E /* SkinMakerVC.xib */ = {isa = PBXFileReference; lastKnownFileType = file.xib; path = SkinMakerVC.xib; sourceTree = "<group>"; };
		59FB6FC92CBA641C0058AD3E /* TermsVC.swift */ = {isa = PBXFileReference; lastKnownFileType = sourcecode.swift; path = TermsVC.swift; sourceTree = "<group>"; };
		59FB6FCA2CBA641C0058AD3E /* TermsVC.xib */ = {isa = PBXFileReference; lastKnownFileType = file.xib; path = TermsVC.xib; sourceTree = "<group>"; };
		59FB6FCD2CBA64240058AD3E /* PrivacyVC.swift */ = {isa = PBXFileReference; lastKnownFileType = sourcecode.swift; path = PrivacyVC.swift; sourceTree = "<group>"; };
		59FB6FCE2CBA64240058AD3E /* PrivacyVC.xib */ = {isa = PBXFileReference; lastKnownFileType = file.xib; path = PrivacyVC.xib; sourceTree = "<group>"; };
		59FB6FD52CBA7CCE0058AD3E /* LockScreenView.swift */ = {isa = PBXFileReference; lastKnownFileType = sourcecode.swift; path = LockScreenView.swift; sourceTree = "<group>"; };
		59FB6FD62CBA7CCE0058AD3E /* LockScreenView.xib */ = {isa = PBXFileReference; lastKnownFileType = file.xib; path = LockScreenView.xib; sourceTree = "<group>"; };
		59FB6FD92CBA7D010058AD3E /* BaseView.swift */ = {isa = PBXFileReference; lastKnownFileType = sourcecode.swift; path = BaseView.swift; sourceTree = "<group>"; };
		B80004912AE670E70013D096 /* FilterViewTableViewCell_AW.swift */ = {isa = PBXFileReference; lastKnownFileType = sourcecode.swift; path = FilterViewTableViewCell_AW.swift; sourceTree = "<group>"; };
		B80004922AE670E70013D096 /* FilterViewTableViewCell_AW.xib */ = {isa = PBXFileReference; lastKnownFileType = file.xib; path = FilterViewTableViewCell_AW.xib; sourceTree = "<group>"; };
		B815D4312AED1C50003A1344 /* Avatar world city life mod.entitlements */ = {isa = PBXFileReference; lastKnownFileType = text.plist.entitlements; path = "Avatar world city life mod.entitlements"; sourceTree = "<group>"; };
		B815D4332AED1C8F003A1344 /* StoreKit.framework */ = {isa = PBXFileReference; lastKnownFileType = wrapper.framework; name = StoreKit.framework; path = System/Library/Frameworks/StoreKit.framework; sourceTree = SDKROOT; };
		B815D4362AED9339003A1344 /* LoadingView_AW.swift */ = {isa = PBXFileReference; lastKnownFileType = sourcecode.swift; path = LoadingView_AW.swift; sourceTree = "<group>"; };
		B815D4382AED933E003A1344 /* LoadingView_AW.xib */ = {isa = PBXFileReference; lastKnownFileType = file.xib; path = LoadingView_AW.xib; sourceTree = "<group>"; };
		B815D43A2AEFA74C003A1344 /* ApkStoreManager_AW.swift */ = {isa = PBXFileReference; lastKnownFileType = sourcecode.swift; path = ApkStoreManager_AW.swift; sourceTree = "<group>"; };
		B815D43C2AEFA7BA003A1344 /* ViewController_AW+Extensions.swift */ = {isa = PBXFileReference; lastKnownFileType = sourcecode.swift; path = "ViewController_AW+Extensions.swift"; sourceTree = "<group>"; };
		B815D63B2AF04B4A003A1344 /* Configurations_AW .swift */ = {isa = PBXFileReference; fileEncoding = 4; lastKnownFileType = sourcecode.swift; path = "Configurations_AW .swift"; sourceTree = "<group>"; };
		B815D6832AF127F2003A1344 /* UIImage_AW.swift */ = {isa = PBXFileReference; lastKnownFileType = sourcecode.swift; path = UIImage_AW.swift; sourceTree = "<group>"; };
		B815D6852AF12B04003A1344 /* ReachabilityManager_AW.swift */ = {isa = PBXFileReference; lastKnownFileType = sourcecode.swift; path = ReachabilityManager_AW.swift; sourceTree = "<group>"; };
		B82C40192AF15F2500401575 /* animation.json */ = {isa = PBXFileReference; fileEncoding = 4; lastKnownFileType = text.json; path = animation.json; sourceTree = "<group>"; };
		B834C0EB2AD55B2A00615420 /* DBManager_AW.swift */ = {isa = PBXFileReference; lastKnownFileType = sourcecode.swift; path = DBManager_AW.swift; sourceTree = "<group>"; };
		B834C0F02AD55BE800615420 /* ContentManager_AW.swift */ = {isa = PBXFileReference; lastKnownFileType = sourcecode.swift; path = ContentManager_AW.swift; sourceTree = "<group>"; };
		B834C0F22AD55C0B00615420 /* NetworkManager_AW.swift */ = {isa = PBXFileReference; lastKnownFileType = sourcecode.swift; path = NetworkManager_AW.swift; sourceTree = "<group>"; };
		B834C0F42AD55C2000615420 /* Keys_AW.swift */ = {isa = PBXFileReference; lastKnownFileType = sourcecode.swift; path = Keys_AW.swift; sourceTree = "<group>"; };
		B834C0F62AD55C4300615420 /* InternetManager_AW.swift */ = {isa = PBXFileReference; lastKnownFileType = sourcecode.swift; path = InternetManager_AW.swift; sourceTree = "<group>"; };
		B834C0F82AD55C5F00615420 /* FileSession_AW.swift */ = {isa = PBXFileReference; lastKnownFileType = sourcecode.swift; path = FileSession_AW.swift; sourceTree = "<group>"; };
		B834C0FA2AD55CEF00615420 /* ContentType_AW.swift */ = {isa = PBXFileReference; lastKnownFileType = sourcecode.swift; path = ContentType_AW.swift; sourceTree = "<group>"; };
		B834C0FC2AD56AF800615420 /* StoreManager_AW.swift */ = {isa = PBXFileReference; lastKnownFileType = sourcecode.swift; path = StoreManager_AW.swift; sourceTree = "<group>"; };
		B834C1012AD5834500615420 /* PreloaderViewController_AW.swift */ = {isa = PBXFileReference; lastKnownFileType = sourcecode.swift; path = PreloaderViewController_AW.swift; sourceTree = "<group>"; };
		B834C1022AD5834500615420 /* PreloaderViewController_AW.xib */ = {isa = PBXFileReference; lastKnownFileType = file.xib; path = PreloaderViewController_AW.xib; sourceTree = "<group>"; };
		B834C1052AD58B5E00615420 /* ServiceHolder_AW.swift */ = {isa = PBXFileReference; fileEncoding = 4; lastKnownFileType = sourcecode.swift; path = ServiceHolder_AW.swift; sourceTree = "<group>"; };
		B834C1062AD58B5E00615420 /* ContentService_AW.swift */ = {isa = PBXFileReference; fileEncoding = 4; lastKnownFileType = sourcecode.swift; path = ContentService_AW.swift; sourceTree = "<group>"; };
		B844636D2AF3C57B004AFBD7 /* CarouselFlowLayout_AW.swift */ = {isa = PBXFileReference; fileEncoding = 4; lastKnownFileType = sourcecode.swift; path = CarouselFlowLayout_AW.swift; sourceTree = "<group>"; };
		B86BA96F2AE7DED200D22BCF /* EditorSetupViewController_AW.swift */ = {isa = PBXFileReference; lastKnownFileType = sourcecode.swift; path = EditorSetupViewController_AW.swift; sourceTree = "<group>"; };
		B86BA9702AE7DED200D22BCF /* EditorSetupViewController_AW.xib */ = {isa = PBXFileReference; lastKnownFileType = file.xib; path = EditorSetupViewController_AW.xib; sourceTree = "<group>"; };
		B86BA9732AE7E20900D22BCF /* EditorSetupViewModel_AW.swift */ = {isa = PBXFileReference; lastKnownFileType = sourcecode.swift; path = EditorSetupViewModel_AW.swift; sourceTree = "<group>"; };
		B86BA9772AE7E2B900D22BCF /* ContentCollectionViewCell.swift */ = {isa = PBXFileReference; lastKnownFileType = sourcecode.swift; path = ContentCollectionViewCell.swift; sourceTree = "<group>"; };
		B86BA9782AE7E2B900D22BCF /* ContentCollectionViewCell.xib */ = {isa = PBXFileReference; lastKnownFileType = file.xib; path = ContentCollectionViewCell.xib; sourceTree = "<group>"; };
		B86BA97C2AE7E2C500D22BCF /* CategoryCollectionViewCell.swift */ = {isa = PBXFileReference; lastKnownFileType = sourcecode.swift; path = CategoryCollectionViewCell.swift; sourceTree = "<group>"; };
		B86BA97D2AE7E2C500D22BCF /* CategoryCollectionViewCell.xib */ = {isa = PBXFileReference; lastKnownFileType = file.xib; path = CategoryCollectionViewCell.xib; sourceTree = "<group>"; };
		B86BA9802AE7E97E00D22BCF /* CachedImageView_AW.swift */ = {isa = PBXFileReference; lastKnownFileType = sourcecode.swift; path = CachedImageView_AW.swift; sourceTree = "<group>"; };
		B86BA98F2AE7FB7900D22BCF /* BaseCollectionViewCell_AW.swift */ = {isa = PBXFileReference; lastKnownFileType = sourcecode.swift; path = BaseCollectionViewCell_AW.swift; sourceTree = "<group>"; };
		B86BA9912AE803E000D22BCF /* CharacterEditorImage_AW.swift */ = {isa = PBXFileReference; lastKnownFileType = sourcecode.swift; path = CharacterEditorImage_AW.swift; sourceTree = "<group>"; };
		B86BA9942AE8042700D22BCF /* CharacterEditorImage_AW.xib */ = {isa = PBXFileReference; lastKnownFileType = file.xib; path = CharacterEditorImage_AW.xib; sourceTree = "<group>"; };
		B86BA9962AE9061600D22BCF /* StoreManagerCharacters_AW.swift */ = {isa = PBXFileReference; lastKnownFileType = sourcecode.swift; path = StoreManagerCharacters_AW.swift; sourceTree = "<group>"; };
		B86BA9992AE9082400D22BCF /* EditorPreviewViewController_AW.swift */ = {isa = PBXFileReference; lastKnownFileType = sourcecode.swift; path = EditorPreviewViewController_AW.swift; sourceTree = "<group>"; };
		B86BA99A2AE9082400D22BCF /* EditorPreviewViewController_AW.xib */ = {isa = PBXFileReference; lastKnownFileType = file.xib; path = EditorPreviewViewController_AW.xib; sourceTree = "<group>"; };
		B86BA99E2AE90F8200D22BCF /* EditorAlert_AW.swift */ = {isa = PBXFileReference; lastKnownFileType = sourcecode.swift; path = EditorAlert_AW.swift; sourceTree = "<group>"; };
		B86BA9A02AE90F8500D22BCF /* EditorAlert_AW.xib */ = {isa = PBXFileReference; lastKnownFileType = file.xib; path = EditorAlert_AW.xib; sourceTree = "<group>"; };
		B86BA9A22AE9133900D22BCF /* AlertManager_AW.swift */ = {isa = PBXFileReference; lastKnownFileType = sourcecode.swift; path = AlertManager_AW.swift; sourceTree = "<group>"; };
		B86BA9A62AE91A9400D22BCF /* InfoAlert_AW.swift */ = {isa = PBXFileReference; lastKnownFileType = sourcecode.swift; path = InfoAlert_AW.swift; sourceTree = "<group>"; };
		B86BA9A82AE91A9800D22BCF /* InfoAlert_AW.xib */ = {isa = PBXFileReference; lastKnownFileType = file.xib; path = InfoAlert_AW.xib; sourceTree = "<group>"; };
		B86BA9AB2AE928E600D22BCF /* EditorCollectionViewCell_AW.swift */ = {isa = PBXFileReference; lastKnownFileType = sourcecode.swift; path = EditorCollectionViewCell_AW.swift; sourceTree = "<group>"; };
		B86BA9AC2AE928E600D22BCF /* EditorCollectionViewCell_AW.xib */ = {isa = PBXFileReference; lastKnownFileType = file.xib; path = EditorCollectionViewCell_AW.xib; sourceTree = "<group>"; };
		B8788B462AAB12F800C7B676 /* UICollectionView_AW.swift */ = {isa = PBXFileReference; fileEncoding = 4; lastKnownFileType = sourcecode.swift; path = UICollectionView_AW.swift; sourceTree = "<group>"; };
		B8788B482AAB12F800C7B676 /* UITableView_AW.swift */ = {isa = PBXFileReference; fileEncoding = 4; lastKnownFileType = sourcecode.swift; path = UITableView_AW.swift; sourceTree = "<group>"; };
		B8788B512AAB136700C7B676 /* ContentTableViewCell_AW.swift */ = {isa = PBXFileReference; lastKnownFileType = sourcecode.swift; path = ContentTableViewCell_AW.swift; sourceTree = "<group>"; };
		B8788B522AAB136700C7B676 /* ContentTableViewCell_AW.xib */ = {isa = PBXFileReference; lastKnownFileType = file.xib; path = ContentTableViewCell_AW.xib; sourceTree = "<group>"; };
		B8788B582AAB29EF00C7B676 /* SearchView_AW.swift */ = {isa = PBXFileReference; lastKnownFileType = sourcecode.swift; path = SearchView_AW.swift; sourceTree = "<group>"; };
		B8788B5A2AAB29F300C7B676 /* SearchView_AW.xib */ = {isa = PBXFileReference; lastKnownFileType = file.xib; path = SearchView_AW.xib; sourceTree = "<group>"; };
		B8788B5C2AAB2D8B00C7B676 /* HouseIdeasContentModel_AW.swift */ = {isa = PBXFileReference; lastKnownFileType = sourcecode.swift; path = HouseIdeasContentModel_AW.swift; sourceTree = "<group>"; };
		B8788B5F2AAB440700C7B676 /* FilterView_AW.swift */ = {isa = PBXFileReference; lastKnownFileType = sourcecode.swift; path = FilterView_AW.swift; sourceTree = "<group>"; };
		B8788B612AAB440B00C7B676 /* FilterView_AW.xib */ = {isa = PBXFileReference; lastKnownFileType = file.xib; path = FilterView_AW.xib; sourceTree = "<group>"; };
		B8788B642AAB4B9900C7B676 /* DetailContentViewController_AW.swift */ = {isa = PBXFileReference; lastKnownFileType = sourcecode.swift; path = DetailContentViewController_AW.swift; sourceTree = "<group>"; };
		B8788B652AAB4B9900C7B676 /* DetailContentViewController_AW.xib */ = {isa = PBXFileReference; lastKnownFileType = file.xib; path = DetailContentViewController_AW.xib; sourceTree = "<group>"; };
		B89FFD632AAA34F400DD71EF /* Avatar world city life mod.app */ = {isa = PBXFileReference; explicitFileType = wrapper.application; includeInIndex = 0; path = "Avatar world city life mod.app"; sourceTree = BUILT_PRODUCTS_DIR; };
		B89FFD662AAA34F400DD71EF /* AppDelegate.swift */ = {isa = PBXFileReference; lastKnownFileType = sourcecode.swift; path = AppDelegate.swift; sourceTree = "<group>"; };
		B89FFD6D2AAA34F400DD71EF /* Base */ = {isa = PBXFileReference; lastKnownFileType = file.storyboard; name = Base; path = Base.lproj/Main.storyboard; sourceTree = "<group>"; };
		B89FFD6F2AAA34F500DD71EF /* Assets.xcassets */ = {isa = PBXFileReference; lastKnownFileType = folder.assetcatalog; path = Assets.xcassets; sourceTree = "<group>"; };
		B89FFD722AAA34F500DD71EF /* Base */ = {isa = PBXFileReference; lastKnownFileType = file.storyboard; name = Base; path = Base.lproj/LaunchScreen.storyboard; sourceTree = "<group>"; };
		B89FFD742AAA34F500DD71EF /* Info.plist */ = {isa = PBXFileReference; lastKnownFileType = text.plist.xml; path = Info.plist; sourceTree = "<group>"; };
		B89FFD842AAA558E00DD71EF /* MainTabBarController_AW.swift */ = {isa = PBXFileReference; lastKnownFileType = sourcecode.swift; path = MainTabBarController_AW.swift; sourceTree = "<group>"; };
		B89FFD862AAA559A00DD71EF /* TabBarItem_AW.swift */ = {isa = PBXFileReference; lastKnownFileType = sourcecode.swift; path = TabBarItem_AW.swift; sourceTree = "<group>"; };
		B89FFD892AAA55FE00DD71EF /* TabBarButton_AW.swift */ = {isa = PBXFileReference; lastKnownFileType = sourcecode.swift; path = TabBarButton_AW.swift; sourceTree = "<group>"; };
		B89FFD8B2AAA561000DD71EF /* TabBarButton_AW.xib */ = {isa = PBXFileReference; lastKnownFileType = file.xib; path = TabBarButton_AW.xib; sourceTree = "<group>"; };
		B89FFD8D2AAA578D00DD71EF /* Colors_AW.swift */ = {isa = PBXFileReference; lastKnownFileType = sourcecode.swift; path = Colors_AW.swift; sourceTree = "<group>"; };
		B89FFD8F2AAA57C000DD71EF /* Fonts_AW.swift */ = {isa = PBXFileReference; lastKnownFileType = sourcecode.swift; path = Fonts_AW.swift; sourceTree = "<group>"; };
		B89FFDC72AAA5C5300DD71EF /* Defines_AW.swift */ = {isa = PBXFileReference; lastKnownFileType = sourcecode.swift; path = Defines_AW.swift; sourceTree = "<group>"; };
		B89FFDCA2AAA5D5F00DD71EF /* UIView_AW.swift */ = {isa = PBXFileReference; lastKnownFileType = sourcecode.swift; path = UIView_AW.swift; sourceTree = "<group>"; };
		B89FFDCD2AAA5DE400DD71EF /* HomeViewController_AW.swift */ = {isa = PBXFileReference; lastKnownFileType = sourcecode.swift; path = HomeViewController_AW.swift; sourceTree = "<group>"; };
		B89FFDCE2AAA5DE400DD71EF /* HomeViewController_AW.xib */ = {isa = PBXFileReference; lastKnownFileType = file.xib; path = HomeViewController_AW.xib; sourceTree = "<group>"; };
		B89FFDD22AAA5E1F00DD71EF /* ModsViewController_AW.swift */ = {isa = PBXFileReference; lastKnownFileType = sourcecode.swift; path = ModsViewController_AW.swift; sourceTree = "<group>"; };
		B89FFDD32AAA5E1F00DD71EF /* ModsViewController_AW.xib */ = {isa = PBXFileReference; lastKnownFileType = file.xib; path = ModsViewController_AW.xib; sourceTree = "<group>"; };
		B89FFDD72AAA5E5400DD71EF /* EditorViewController_AW.swift */ = {isa = PBXFileReference; lastKnownFileType = sourcecode.swift; path = EditorViewController_AW.swift; sourceTree = "<group>"; };
		B89FFDD82AAA5E5400DD71EF /* EditorViewController_AW.xib */ = {isa = PBXFileReference; lastKnownFileType = file.xib; path = EditorViewController_AW.xib; sourceTree = "<group>"; };
		B89FFDDC2AAA5E9E00DD71EF /* SettingsViewController_AW.swift */ = {isa = PBXFileReference; lastKnownFileType = sourcecode.swift; path = SettingsViewController_AW.swift; sourceTree = "<group>"; };
		B89FFDDD2AAA5E9E00DD71EF /* SettingsViewController_AW.xib */ = {isa = PBXFileReference; lastKnownFileType = file.xib; path = SettingsViewController_AW.xib; sourceTree = "<group>"; };
		B89FFDE02AAA5F0E00DD71EF /* Coordinators_AW.swift */ = {isa = PBXFileReference; lastKnownFileType = sourcecode.swift; path = Coordinators_AW.swift; sourceTree = "<group>"; };
		B89FFDE62AAA635C00DD71EF /* BaseController_AW.swift */ = {isa = PBXFileReference; lastKnownFileType = sourcecode.swift; path = BaseController_AW.swift; sourceTree = "<group>"; };
		B8C26A432AF5275C00887D24 /* DetailContentTableViewCell_AW.swift */ = {isa = PBXFileReference; lastKnownFileType = sourcecode.swift; path = DetailContentTableViewCell_AW.swift; sourceTree = "<group>"; };
		B8C26A442AF5275C00887D24 /* DetailContentTableViewCell_AW.xib */ = {isa = PBXFileReference; lastKnownFileType = file.xib; path = DetailContentTableViewCell_AW.xib; sourceTree = "<group>"; };
		B8DCDD202AD53F79006F6AD2 /* DetailViewModel_AW.swift */ = {isa = PBXFileReference; lastKnownFileType = sourcecode.swift; path = DetailViewModel_AW.swift; sourceTree = "<group>"; };
		B8DCDD222AD540B3006F6AD2 /* UIString_AW.swift */ = {isa = PBXFileReference; lastKnownFileType = sourcecode.swift; path = UIString_AW.swift; sourceTree = "<group>"; };
		B8E0F04D2AE7A073008429BB /* CharacterContentType_AW.swift */ = {isa = PBXFileReference; lastKnownFileType = sourcecode.swift; path = CharacterContentType_AW.swift; sourceTree = "<group>"; };
		B8E0F04F2AE7A0E0008429BB /* EditorContentData_AW.swift */ = {isa = PBXFileReference; lastKnownFileType = sourcecode.swift; path = EditorContentData_AW.swift; sourceTree = "<group>"; };
		B8E0F0512AE7A10D008429BB /* Category_AW.swift */ = {isa = PBXFileReference; lastKnownFileType = sourcecode.swift; path = Category_AW.swift; sourceTree = "<group>"; };
		B8FE40862AAF467E0070D716 /* CategoriesModel.swift */ = {isa = PBXFileReference; lastKnownFileType = sourcecode.swift; path = CategoriesModel.swift; sourceTree = "<group>"; };
		B8FE40A52AAF4B5F0070D716 /* ModsContentModel_AW.swift */ = {isa = PBXFileReference; lastKnownFileType = sourcecode.swift; path = ModsContentModel_AW.swift; sourceTree = "<group>"; };
		B8FE40A72AAF4D4C0070D716 /* ContentListDataModel_AW.swift */ = {isa = PBXFileReference; lastKnownFileType = sourcecode.swift; path = ContentListDataModel_AW.swift; sourceTree = "<group>"; };
		D14462B6D4D77552677D0FE0 /* Pods-Avatar world city life mod.debug.xcconfig */ = {isa = PBXFileReference; includeInIndex = 1; lastKnownFileType = text.xcconfig; name = "Pods-Avatar world city life mod.debug.xcconfig"; path = "Target Support Files/Pods-Avatar world city life mod/Pods-Avatar world city life mod.debug.xcconfig"; sourceTree = "<group>"; };
/* End PBXFileReference section */

/* Begin PBXFrameworksBuildPhase section */
		B89FFD602AAA34F400DD71EF /* Frameworks */ = {
			isa = PBXFrameworksBuildPhase;
			buildActionMask = 2147483647;
			files = (
				B815D4402AEFA7F5003A1344 /* MBProgressHUD in Frameworks */,
				B89FFDEF2AAA644300DD71EF /* SnapKit in Frameworks */,
				B834C0EF2AD55BB100615420 /* SwiftyDropbox in Frameworks */,
				B82C40142AF15B9100401575 /* Lottie in Frameworks */,
				B89FFDC62AAA5C2600DD71EF /* Stevia in Frameworks */,
				B815D42E2AED1B44003A1344 /* Reachability in Frameworks */,
				B834C1002AD56B8B00615420 /* RealmSwift in Frameworks */,
				B89FFDE42AAA603B00DD71EF /* IQKeyboardManagerSwift in Frameworks */,
				28A9379A0CFA6D154CE91348 /* Pods_Avatar_world_city_life_mod.framework in Frameworks */,
			);
			runOnlyForDeploymentPostprocessing = 0;
		};
/* End PBXFrameworksBuildPhase section */

/* Begin PBXGroup section */
		4330B6D0C856ACE672748968 /* Pods */ = {
			isa = PBXGroup;
			children = (
				D14462B6D4D77552677D0FE0 /* Pods-Avatar world city life mod.debug.xcconfig */,
				26715B33BBEAAC2A35C4A4A0 /* Pods-Avatar world city life mod.release.xcconfig */,
			);
			path = Pods;
			sourceTree = "<group>";
		};
		590EFABC2CB385F900AF7986 /* SettingsVC */ = {
			isa = PBXGroup;
			children = (
				590EFABD2CB3860600AF7986 /* SettingsVC.swift */,
				590EFABE2CB3860600AF7986 /* SettingsVC.xib */,
			);
			path = SettingsVC;
			sourceTree = "<group>";
		};
		590EFAC12CB3862500AF7986 /* SettingsCell */ = {
			isa = PBXGroup;
			children = (
				590EFAC22CB3863300AF7986 /* SettingsCell.swift */,
				590EFAC32CB3863300AF7986 /* SettingsCell.xib */,
			);
			path = SettingsCell;
			sourceTree = "<group>";
		};
		59265E772CBA931500D6569C /* HouseIdeasVC */ = {
			isa = PBXGroup;
			children = (
				59265E782CBA932100D6569C /* HouseIdeasVC.swift */,
				59265E792CBA932100D6569C /* HouseIdeasVC.xib */,
			);
			path = HouseIdeasVC;
			sourceTree = "<group>";
		};
		59265E7C2CBA939700D6569C /* HouseIdeasCell */ = {
			isa = PBXGroup;
			children = (
				59265E7D2CBA93AA00D6569C /* HouseIdeasCell.swift */,
				59265E7E2CBA93AA00D6569C /* HouseIdeasCell.xib */,
			);
			path = HouseIdeasCell;
			sourceTree = "<group>";
		};
		595E5E772CAB0E5E0072F776 /* Cells */ = {
			isa = PBXGroup;
			children = (
				59265E7C2CBA939700D6569C /* HouseIdeasCell */,
				59FB6FD12CBA64530058AD3E /* SkinCell */,
				590EFAC12CB3862500AF7986 /* SettingsCell */,
				597CD0DA2CA93D6E00D8BF2B /* ModsTableCell */,
				597CD0D52CA93A6D00D8BF2B /* CategoryCell */,
			);
			path = Cells;
			sourceTree = "<group>";
		};
		5966E0D32CB6D50400294C90 /* ModsDetailsVC */ = {
			isa = PBXGroup;
			children = (
				5966E0D42CB6D51D00294C90 /* ModsDetailsVC.swift */,
				5966E0D52CB6D51D00294C90 /* ModsDetailsVC.xib */,
			);
			path = ModsDetailsVC;
			sourceTree = "<group>";
		};
		5966E0D82CB6DBF600294C90 /* PopUPView */ = {
			isa = PBXGroup;
			children = (
				5966E0D92CB6DC0500294C90 /* PopUPView.swift */,
				5966E0DA2CB6DC0500294C90 /* PopUPView.xib */,
			);
			path = PopUPView;
			sourceTree = "<group>";
		};
		597CD0B82CA91BE900D8BF2B /* NewFiles */ = {
			isa = PBXGroup;
			children = (
				59FB6FD42CBA7CC50058AD3E /* Views */,
				595E5E772CAB0E5E0072F776 /* Cells */,
				597CD0D22CA935A600D8BF2B /* AppFonts */,
				597CD0C82CA92E7F00D8BF2B /* AppColors */,
				597CD0C72CA92E7700D8BF2B /* AppConstants */,
				597CD0C42CA92CA300D8BF2B /* AppFunctions */,
				597CD0C32CA92C9800D8BF2B /* Controllers */,
			);
			path = NewFiles;
			sourceTree = "<group>";
		};
		597CD0B92CA9213A00D8BF2B /* HomeVC */ = {
			isa = PBXGroup;
			children = (
				597CD0BE2CA9257200D8BF2B /* HomeTVC */,
				597CD0BA2CA9214700D8BF2B /* HomeVC.swift */,
				597CD0BB2CA9214700D8BF2B /* HomeVC.xib */,
			);
			path = HomeVC;
			sourceTree = "<group>";
		};
		597CD0BE2CA9257200D8BF2B /* HomeTVC */ = {
			isa = PBXGroup;
			children = (
				597CD0BF2CA9258100D8BF2B /* HomeTVC.swift */,
				597CD0C02CA9258100D8BF2B /* HomeTVC.xib */,
			);
			path = HomeTVC;
			sourceTree = "<group>";
		};
		597CD0C32CA92C9800D8BF2B /* Controllers */ = {
			isa = PBXGroup;
			children = (
				597CD0B92CA9213A00D8BF2B /* HomeVC */,
				597CD0CD2CA9355F00D8BF2B /* ModsVC */,
				5966E0D32CB6D50400294C90 /* ModsDetailsVC */,
				59265E772CBA931500D6569C /* HouseIdeasVC */,
				59FB6FBA2CBA61CC0058AD3E /* SkinMakerVC */,
				590EFABC2CB385F900AF7986 /* SettingsVC */,
				59FB6FBB2CBA631A0058AD3E /* SearchVC */,
				59FB6FBC2CBA63F20058AD3E /* DeleteVC */,
				59FB6FB92CBA61BE0058AD3E /* TermsVC */,
				59FB6FB82CBA61B80058AD3E /* PrivacyVC */,
				5966E0D82CB6DBF600294C90 /* PopUPView */,
			);
			path = Controllers;
			sourceTree = "<group>";
		};
		597CD0C42CA92CA300D8BF2B /* AppFunctions */ = {
			isa = PBXGroup;
			children = (
				597CD0C52CA92CDC00D8BF2B /* AppFunctions.swift */,
			);
			path = AppFunctions;
			sourceTree = "<group>";
		};
		597CD0C72CA92E7700D8BF2B /* AppConstants */ = {
			isa = PBXGroup;
			children = (
				597CD0CB2CA9344500D8BF2B /* AppConstants.swift */,
			);
			path = AppConstants;
			sourceTree = "<group>";
		};
		597CD0C82CA92E7F00D8BF2B /* AppColors */ = {
			isa = PBXGroup;
			children = (
				597CD0C92CA92E8800D8BF2B /* AppColors.swift */,
			);
			path = AppColors;
			sourceTree = "<group>";
		};
		597CD0CD2CA9355F00D8BF2B /* ModsVC */ = {
			isa = PBXGroup;
			children = (
				597CD0CE2CA9358500D8BF2B /* ModsVCViewController.swift */,
				597CD0CF2CA9358500D8BF2B /* ModsVCViewController.xib */,
			);
			path = ModsVC;
			sourceTree = "<group>";
		};
		597CD0D22CA935A600D8BF2B /* AppFonts */ = {
			isa = PBXGroup;
			children = (
				597CD0DF2CA9477100D8BF2B /* gilroyDoubleBold.ttf */,
				597CD0E02CA9477100D8BF2B /* gilroyChromeShadesExtraBold.ttf */,
				597CD0E12CA9477100D8BF2B /* gilroyLightGroundKey.ttf */,
				597CD0E22CA9477100D8BF2B /* gilroyLongMedium.ttf */,
				597CD0E32CA9477100D8BF2B /* gilroyFloatRegular.ttf */,
				597CD0E42CA9477100D8BF2B /* gilroyStringSemiBold.ttf */,
				597CD0E52CA9477100D8BF2B /* gilroyIntegerThink.ttf */,
				597CD0D32CA935AF00D8BF2B /* GilroyAppConstFontsTexture.swift */,
			);
			path = AppFonts;
			sourceTree = "<group>";
		};
		597CD0D52CA93A6D00D8BF2B /* CategoryCell */ = {
			isa = PBXGroup;
			children = (
				597CD0D62CA93A7C00D8BF2B /* CategoryCell.swift */,
				597CD0D72CA93A7C00D8BF2B /* CategoryCell.xib */,
			);
			path = CategoryCell;
			sourceTree = "<group>";
		};
		597CD0DA2CA93D6E00D8BF2B /* ModsTableCell */ = {
			isa = PBXGroup;
			children = (
				597CD0F12CA94AF400D8BF2B /* ModsTableCell.swift */,
				597CD0F22CA94AF400D8BF2B /* ModsTableCell.xib */,
			);
			path = ModsTableCell;
			sourceTree = "<group>";
		};
		59FB6FB82CBA61B80058AD3E /* PrivacyVC */ = {
			isa = PBXGroup;
			children = (
				59FB6FCD2CBA64240058AD3E /* PrivacyVC.swift */,
				59FB6FCE2CBA64240058AD3E /* PrivacyVC.xib */,
			);
			path = PrivacyVC;
			sourceTree = "<group>";
		};
		59FB6FB92CBA61BE0058AD3E /* TermsVC */ = {
			isa = PBXGroup;
			children = (
				59FB6FC92CBA641C0058AD3E /* TermsVC.swift */,
				59FB6FCA2CBA641C0058AD3E /* TermsVC.xib */,
			);
			path = TermsVC;
			sourceTree = "<group>";
		};
		59FB6FBA2CBA61CC0058AD3E /* SkinMakerVC */ = {
			isa = PBXGroup;
			children = (
				59FB6FC52CBA64140058AD3E /* SkinMakerVC.swift */,
				59FB6FC62CBA64140058AD3E /* SkinMakerVC.xib */,
			);
			path = SkinMakerVC;
			sourceTree = "<group>";
		};
		59FB6FBB2CBA631A0058AD3E /* SearchVC */ = {
			isa = PBXGroup;
			children = (
				59FB6FC12CBA640B0058AD3E /* SearchVC.swift */,
				59FB6FC22CBA640B0058AD3E /* SearchVC.xib */,
			);
			path = SearchVC;
			sourceTree = "<group>";
		};
		59FB6FBC2CBA63F20058AD3E /* DeleteVC */ = {
			isa = PBXGroup;
			children = (
				59FB6FBD2CBA64040058AD3E /* DeleteVC.swift */,
				59FB6FBE2CBA64040058AD3E /* DeleteVC.xib */,
			);
			path = DeleteVC;
			sourceTree = "<group>";
		};
		59FB6FD12CBA64530058AD3E /* SkinCell */ = {
			isa = PBXGroup;
			children = (
			);
			path = SkinCell;
			sourceTree = "<group>";
		};
		59FB6FD42CBA7CC50058AD3E /* Views */ = {
			isa = PBXGroup;
			children = (
				59FB6FD52CBA7CCE0058AD3E /* LockScreenView.swift */,
				59FB6FD62CBA7CCE0058AD3E /* LockScreenView.xib */,
				59FB6FD92CBA7D010058AD3E /* BaseView.swift */,
			);
			path = Views;
			sourceTree = "<group>";
		};
		B80004902AE670D40013D096 /* Views */ = {
			isa = PBXGroup;
			children = (
				B80004912AE670E70013D096 /* FilterViewTableViewCell_AW.swift */,
				B80004922AE670E70013D096 /* FilterViewTableViewCell_AW.xib */,
			);
			path = Views;
			sourceTree = "<group>";
		};
		B815D4322AED1C8F003A1344 /* Frameworks */ = {
			isa = PBXGroup;
			children = (
				B815D4332AED1C8F003A1344 /* StoreKit.framework */,
				0B566DA273D2412985271AA9 /* Pods_Avatar_world_city_life_mod.framework */,
			);
			name = Frameworks;
			sourceTree = "<group>";
		};
		B815D4352AED9322003A1344 /* Loading */ = {
			isa = PBXGroup;
			children = (
				B815D4362AED9339003A1344 /* LoadingView_AW.swift */,
				B815D4382AED933E003A1344 /* LoadingView_AW.xib */,
			);
			path = Loading;
			sourceTree = "<group>";
		};
		B815D63A2AF04B4A003A1344 /* Configurations */ = {
			isa = PBXGroup;
			children = (
				B815D63B2AF04B4A003A1344 /* Configurations_AW .swift */,
			);
			path = Configurations;
			sourceTree = "<group>";
		};
		B834C0EA2AD55B1B00615420 /* Utilities */ = {
			isa = PBXGroup;
			children = (
				B815D6852AF12B04003A1344 /* ReachabilityManager_AW.swift */,
				B834C0EB2AD55B2A00615420 /* DBManager_AW.swift */,
				B834C0FA2AD55CEF00615420 /* ContentType_AW.swift */,
				B834C0F82AD55C5F00615420 /* FileSession_AW.swift */,
				B834C0F62AD55C4300615420 /* InternetManager_AW.swift */,
				B834C0F22AD55C0B00615420 /* NetworkManager_AW.swift */,
				B834C0F42AD55C2000615420 /* Keys_AW.swift */,
				B834C0F02AD55BE800615420 /* ContentManager_AW.swift */,
				B834C0FC2AD56AF800615420 /* StoreManager_AW.swift */,
				B86BA9962AE9061600D22BCF /* StoreManagerCharacters_AW.swift */,
				B815D43A2AEFA74C003A1344 /* ApkStoreManager_AW.swift */,
			);
			path = Utilities;
			sourceTree = "<group>";
		};
		B84463662AF3C57B004AFBD7 /* EDCarousel */ = {
			isa = PBXGroup;
			children = (
				B84463672AF3C57B004AFBD7 /* EDCarousel */,
			);
			path = EDCarousel;
			sourceTree = "<group>";
		};
		B84463672AF3C57B004AFBD7 /* EDCarousel */ = {
			isa = PBXGroup;
			children = (
				B844636D2AF3C57B004AFBD7 /* CarouselFlowLayout_AW.swift */,
			);
			path = EDCarousel;
			sourceTree = "<group>";
		};
		B844637A2AF3DA16004AFBD7 /* Recovered References */ = {
			isa = PBXGroup;
			children = (
			);
			name = "Recovered References";
			sourceTree = "<group>";
		};
		B86BA96E2AE7DEB900D22BCF /* EditorSetup */ = {
			isa = PBXGroup;
			children = (
				B86BA9752AE7E29900D22BCF /* Views */,
				B86BA9732AE7E20900D22BCF /* EditorSetupViewModel_AW.swift */,
				B86BA96F2AE7DED200D22BCF /* EditorSetupViewController_AW.swift */,
				B86BA9702AE7DED200D22BCF /* EditorSetupViewController_AW.xib */,
			);
			path = EditorSetup;
			sourceTree = "<group>";
		};
		B86BA9752AE7E29900D22BCF /* Views */ = {
			isa = PBXGroup;
			children = (
				B86BA9802AE7E97E00D22BCF /* CachedImageView_AW.swift */,
				B86BA97B2AE7E2BC00D22BCF /* Category */,
				B86BA9762AE7E2A300D22BCF /* Content */,
				B86BA9932AE8042000D22BCF /* CharacterEditorImage_AW */,
			);
			path = Views;
			sourceTree = "<group>";
		};
		B86BA9762AE7E2A300D22BCF /* Content */ = {
			isa = PBXGroup;
			children = (
				B86BA9772AE7E2B900D22BCF /* ContentCollectionViewCell.swift */,
				B86BA9782AE7E2B900D22BCF /* ContentCollectionViewCell.xib */,
			);
			path = Content;
			sourceTree = "<group>";
		};
		B86BA97B2AE7E2BC00D22BCF /* Category */ = {
			isa = PBXGroup;
			children = (
				B86BA97C2AE7E2C500D22BCF /* CategoryCollectionViewCell.swift */,
				B86BA97D2AE7E2C500D22BCF /* CategoryCollectionViewCell.xib */,
			);
			path = Category;
			sourceTree = "<group>";
		};
		B86BA9932AE8042000D22BCF /* CharacterEditorImage_AW */ = {
			isa = PBXGroup;
			children = (
				B86BA9912AE803E000D22BCF /* CharacterEditorImage_AW.swift */,
				B86BA9942AE8042700D22BCF /* CharacterEditorImage_AW.xib */,
			);
			path = CharacterEditorImage_AW;
			sourceTree = "<group>";
		};
		B86BA9982AE9080D00D22BCF /* EditorPreview */ = {
			isa = PBXGroup;
			children = (
				B86BA9992AE9082400D22BCF /* EditorPreviewViewController_AW.swift */,
				B86BA99A2AE9082400D22BCF /* EditorPreviewViewController_AW.xib */,
			);
			path = EditorPreview;
			sourceTree = "<group>";
		};
		B86BA99D2AE90F6900D22BCF /* Alerts */ = {
			isa = PBXGroup;
			children = (
				B815D4352AED9322003A1344 /* Loading */,
				B86BA9A52AE91A8D00D22BCF /* Info */,
				B86BA9A42AE91A8500D22BCF /* Editor */,
			);
			path = Alerts;
			sourceTree = "<group>";
		};
		B86BA9A42AE91A8500D22BCF /* Editor */ = {
			isa = PBXGroup;
			children = (
				B86BA99E2AE90F8200D22BCF /* EditorAlert_AW.swift */,
				B86BA9A02AE90F8500D22BCF /* EditorAlert_AW.xib */,
			);
			path = Editor;
			sourceTree = "<group>";
		};
		B86BA9A52AE91A8D00D22BCF /* Info */ = {
			isa = PBXGroup;
			children = (
				B86BA9A62AE91A9400D22BCF /* InfoAlert_AW.swift */,
				B86BA9A82AE91A9800D22BCF /* InfoAlert_AW.xib */,
			);
			path = Info;
			sourceTree = "<group>";
		};
		B86BA9AA2AE928CD00D22BCF /* Views */ = {
			isa = PBXGroup;
			children = (
				B86BA9AB2AE928E600D22BCF /* EditorCollectionViewCell_AW.swift */,
				B86BA9AC2AE928E600D22BCF /* EditorCollectionViewCell_AW.xib */,
			);
			path = Views;
			sourceTree = "<group>";
		};
		B8788B502AAB133400C7B676 /* ContentView */ = {
			isa = PBXGroup;
			children = (
				B8788B512AAB136700C7B676 /* ContentTableViewCell_AW.swift */,
				B8788B522AAB136700C7B676 /* ContentTableViewCell_AW.xib */,
			);
			path = ContentView;
			sourceTree = "<group>";
		};
		B8788B572AAB29D000C7B676 /* SearchView */ = {
			isa = PBXGroup;
			children = (
				B8788B582AAB29EF00C7B676 /* SearchView_AW.swift */,
				B8788B5A2AAB29F300C7B676 /* SearchView_AW.xib */,
			);
			path = SearchView;
			sourceTree = "<group>";
		};
		B8788B5E2AAB43EC00C7B676 /* FilterView */ = {
			isa = PBXGroup;
			children = (
				B80004902AE670D40013D096 /* Views */,
				B8788B5F2AAB440700C7B676 /* FilterView_AW.swift */,
				B8788B612AAB440B00C7B676 /* FilterView_AW.xib */,
			);
			path = FilterView;
			sourceTree = "<group>";
		};
		B8788B632AAB4B8300C7B676 /* DetailContent */ = {
			isa = PBXGroup;
			children = (
				B8DCDD242AD54113006F6AD2 /* Views */,
				B8DCDD202AD53F79006F6AD2 /* DetailViewModel_AW.swift */,
				B8788B642AAB4B9900C7B676 /* DetailContentViewController_AW.swift */,
				B8788B652AAB4B9900C7B676 /* DetailContentViewController_AW.xib */,
			);
			path = DetailContent;
			sourceTree = "<group>";
		};
		B89FFD5A2AAA34F400DD71EF = {
			isa = PBXGroup;
			children = (
				B89FFD652AAA34F400DD71EF /* Avatar world city life mod */,
				B89FFD642AAA34F400DD71EF /* Products */,
				B815D4322AED1C8F003A1344 /* Frameworks */,
				B844637A2AF3DA16004AFBD7 /* Recovered References */,
				4330B6D0C856ACE672748968 /* Pods */,
			);
			sourceTree = "<group>";
		};
		B89FFD642AAA34F400DD71EF /* Products */ = {
			isa = PBXGroup;
			children = (
				B89FFD632AAA34F400DD71EF /* Avatar world city life mod.app */,
			);
			name = Products;
			sourceTree = "<group>";
		};
		B89FFD652AAA34F400DD71EF /* Avatar world city life mod */ = {
			isa = PBXGroup;
			children = (
				B89FFD7A2AAA368D00DD71EF /* Resource */,
				597CD0B82CA91BE900D8BF2B /* NewFiles */,
				B815D4312AED1C50003A1344 /* Avatar world city life mod.entitlements */,
				B89FFD662AAA34F400DD71EF /* AppDelegate.swift */,
				B815D63A2AF04B4A003A1344 /* Configurations */,
				B89FFD822AAA36D400DD71EF /* Controllers */,
				B89FFD812AAA36CF00DD71EF /* Coordinators */,
				B89FFD802AAA36CA00DD71EF /* Views */,
				B89FFD7F2AAA36C500DD71EF /* Models */,
				B89FFD7E2AAA36C000DD71EF /* Extensions */,
				B89FFD7D2AAA36BA00DD71EF /* Helpers */,
				B89FFDE52AAA634200DD71EF /* Common */,
				B89FFD7C2AAA36B500DD71EF /* Services */,
				B834C0EA2AD55B1B00615420 /* Utilities */,
			);
			path = "Avatar world city life mod";
			sourceTree = "<group>";
		};
		B89FFD7A2AAA368D00DD71EF /* Resource */ = {
			isa = PBXGroup;
			children = (
				B82C40192AF15F2500401575 /* animation.json */,
				B89FFD6C2AAA34F400DD71EF /* Main.storyboard */,
				B89FFD6F2AAA34F500DD71EF /* Assets.xcassets */,
				B89FFD712AAA34F500DD71EF /* LaunchScreen.storyboard */,
				B89FFD742AAA34F500DD71EF /* Info.plist */,
			);
			path = Resource;
			sourceTree = "<group>";
		};
		B89FFD7C2AAA36B500DD71EF /* Services */ = {
			isa = PBXGroup;
			children = (
				B834C1062AD58B5E00615420 /* ContentService_AW.swift */,
				B834C1052AD58B5E00615420 /* ServiceHolder_AW.swift */,
			);
			path = Services;
			sourceTree = "<group>";
		};
		B89FFD7D2AAA36BA00DD71EF /* Helpers */ = {
			isa = PBXGroup;
			children = (
				B84463662AF3C57B004AFBD7 /* EDCarousel */,
				B89FFD8D2AAA578D00DD71EF /* Colors_AW.swift */,
				B89FFD8F2AAA57C000DD71EF /* Fonts_AW.swift */,
				B89FFDC72AAA5C5300DD71EF /* Defines_AW.swift */,
				B86BA9A22AE9133900D22BCF /* AlertManager_AW.swift */,
			);
			path = Helpers;
			sourceTree = "<group>";
		};
		B89FFD7E2AAA36C000DD71EF /* Extensions */ = {
			isa = PBXGroup;
			children = (
				B89FFDC92AAA5D5700DD71EF /* UI */,
			);
			path = Extensions;
			sourceTree = "<group>";
		};
		B89FFD7F2AAA36C500DD71EF /* Models */ = {
			isa = PBXGroup;
			children = (
				B8FE40862AAF467E0070D716 /* CategoriesModel.swift */,
				B8FE40A72AAF4D4C0070D716 /* ContentListDataModel_AW.swift */,
				B8E0F04D2AE7A073008429BB /* CharacterContentType_AW.swift */,
				B8E0F04F2AE7A0E0008429BB /* EditorContentData_AW.swift */,
				B8E0F0512AE7A10D008429BB /* Category_AW.swift */,
			);
			path = Models;
			sourceTree = "<group>";
		};
		B89FFD802AAA36CA00DD71EF /* Views */ = {
			isa = PBXGroup;
			children = (
				B86BA99D2AE90F6900D22BCF /* Alerts */,
				B8788B5E2AAB43EC00C7B676 /* FilterView */,
				B8788B572AAB29D000C7B676 /* SearchView */,
				B8788B502AAB133400C7B676 /* ContentView */,
			);
			path = Views;
			sourceTree = "<group>";
		};
		B89FFD812AAA36CF00DD71EF /* Coordinators */ = {
			isa = PBXGroup;
			children = (
				B89FFDE02AAA5F0E00DD71EF /* Coordinators_AW.swift */,
			);
			path = Coordinators;
			sourceTree = "<group>";
		};
		B89FFD822AAA36D400DD71EF /* Controllers */ = {
			isa = PBXGroup;
			children = (
				B89FFDDB2AAA5E9200DD71EF /* Settings */,
				B86BA96E2AE7DEB900D22BCF /* EditorSetup */,
				B86BA9982AE9080D00D22BCF /* EditorPreview */,
				B89FFDD62AAA5E4600DD71EF /* Editor */,
				B8788B632AAB4B8300C7B676 /* DetailContent */,
				B89FFDD12AAA5E1300DD71EF /* Mods */,
				B89FFDCC2AAA5DD800DD71EF /* Home */,
				B89FFD832AAA36DD00DD71EF /* TabBar */,
				B8E0F04C2AE79EC6008429BB /* Preloader */,
			);
			path = Controllers;
			sourceTree = "<group>";
		};
		B89FFD832AAA36DD00DD71EF /* TabBar */ = {
			isa = PBXGroup;
			children = (
				B89FFD882AAA55E100DD71EF /* TabBarButton */,
				B89FFD842AAA558E00DD71EF /* MainTabBarController_AW.swift */,
				B89FFD862AAA559A00DD71EF /* TabBarItem_AW.swift */,
			);
			path = TabBar;
			sourceTree = "<group>";
		};
		B89FFD882AAA55E100DD71EF /* TabBarButton */ = {
			isa = PBXGroup;
			children = (
				B89FFD892AAA55FE00DD71EF /* TabBarButton_AW.swift */,
				B89FFD8B2AAA561000DD71EF /* TabBarButton_AW.xib */,
			);
			path = TabBarButton;
			sourceTree = "<group>";
		};
		B89FFDC92AAA5D5700DD71EF /* UI */ = {
			isa = PBXGroup;
			children = (
				B8788B462AAB12F800C7B676 /* UICollectionView_AW.swift */,
				B815D43C2AEFA7BA003A1344 /* ViewController_AW+Extensions.swift */,
				B8788B482AAB12F800C7B676 /* UITableView_AW.swift */,
				B89FFDCA2AAA5D5F00DD71EF /* UIView_AW.swift */,
				B8DCDD222AD540B3006F6AD2 /* UIString_AW.swift */,
				B815D6832AF127F2003A1344 /* UIImage_AW.swift */,
			);
			path = UI;
			sourceTree = "<group>";
		};
		B89FFDCC2AAA5DD800DD71EF /* Home */ = {
			isa = PBXGroup;
			children = (
				B8788B5C2AAB2D8B00C7B676 /* HouseIdeasContentModel_AW.swift */,
				B89FFDCD2AAA5DE400DD71EF /* HomeViewController_AW.swift */,
				B89FFDCE2AAA5DE400DD71EF /* HomeViewController_AW.xib */,
			);
			path = Home;
			sourceTree = "<group>";
		};
		B89FFDD12AAA5E1300DD71EF /* Mods */ = {
			isa = PBXGroup;
			children = (
				B8FE40A52AAF4B5F0070D716 /* ModsContentModel_AW.swift */,
				B89FFDD22AAA5E1F00DD71EF /* ModsViewController_AW.swift */,
				B89FFDD32AAA5E1F00DD71EF /* ModsViewController_AW.xib */,
			);
			path = Mods;
			sourceTree = "<group>";
		};
		B89FFDD62AAA5E4600DD71EF /* Editor */ = {
			isa = PBXGroup;
			children = (
				B86BA9AA2AE928CD00D22BCF /* Views */,
				B89FFDD72AAA5E5400DD71EF /* EditorViewController_AW.swift */,
				B89FFDD82AAA5E5400DD71EF /* EditorViewController_AW.xib */,
			);
			path = Editor;
			sourceTree = "<group>";
		};
		B89FFDDB2AAA5E9200DD71EF /* Settings */ = {
			isa = PBXGroup;
			children = (
				B89FFDDC2AAA5E9E00DD71EF /* SettingsViewController_AW.swift */,
				B89FFDDD2AAA5E9E00DD71EF /* SettingsViewController_AW.xib */,
			);
			path = Settings;
			sourceTree = "<group>";
		};
		B89FFDE52AAA634200DD71EF /* Common */ = {
			isa = PBXGroup;
			children = (
				B89FFDE62AAA635C00DD71EF /* BaseController_AW.swift */,
				B86BA98F2AE7FB7900D22BCF /* BaseCollectionViewCell_AW.swift */,
			);
			path = Common;
			sourceTree = "<group>";
		};
		B8DCDD242AD54113006F6AD2 /* Views */ = {
			isa = PBXGroup;
			children = (
				B8C26A432AF5275C00887D24 /* DetailContentTableViewCell_AW.swift */,
				B8C26A442AF5275C00887D24 /* DetailContentTableViewCell_AW.xib */,
			);
			path = Views;
			sourceTree = "<group>";
		};
		B8E0F04C2AE79EC6008429BB /* Preloader */ = {
			isa = PBXGroup;
			children = (
				B834C1012AD5834500615420 /* PreloaderViewController_AW.swift */,
				B834C1022AD5834500615420 /* PreloaderViewController_AW.xib */,
			);
			path = Preloader;
			sourceTree = "<group>";
		};
/* End PBXGroup section */

/* Begin PBXNativeTarget section */
		B89FFD622AAA34F400DD71EF /* Avatar world city life mod */ = {
			isa = PBXNativeTarget;
			buildConfigurationList = B89FFD772AAA34F500DD71EF /* Build configuration list for PBXNativeTarget "Avatar world city life mod" */;
			buildPhases = (
				9C9A13F55E95CD78650495BA /* [CP] Check Pods Manifest.lock */,
				B89FFD5F2AAA34F400DD71EF /* Sources */,
				B89FFD602AAA34F400DD71EF /* Frameworks */,
				B89FFD612AAA34F400DD71EF /* Resources */,
				E3D0561013313C3F2296FF18 /* [CP] Embed Pods Frameworks */,
			);
			buildRules = (
			);
			dependencies = (
			);
			name = "Avatar world city life mod";
			packageProductDependencies = (
				B89FFDC52AAA5C2600DD71EF /* Stevia */,
				B89FFDE32AAA603B00DD71EF /* IQKeyboardManagerSwift */,
				B89FFDEE2AAA644300DD71EF /* SnapKit */,
				B834C0EE2AD55BB100615420 /* SwiftyDropbox */,
				B834C0FF2AD56B8B00615420 /* RealmSwift */,
				B815D42D2AED1B44003A1344 /* Reachability */,
				B815D43F2AEFA7F5003A1344 /* MBProgressHUD */,
				B82C40132AF15B9100401575 /* Lottie */,
			);
			productName = "Avatar world city life mod";
			productReference = B89FFD632AAA34F400DD71EF /* Avatar world city life mod.app */;
			productType = "com.apple.product-type.application";
		};
/* End PBXNativeTarget section */

/* Begin PBXProject section */
		B89FFD5B2AAA34F400DD71EF /* Project object */ = {
			isa = PBXProject;
			attributes = {
				BuildIndependentTargetsInParallel = 1;
				LastSwiftUpdateCheck = 1430;
				LastUpgradeCheck = 1430;
				TargetAttributes = {
					B89FFD622AAA34F400DD71EF = {
						CreatedOnToolsVersion = 14.3;
					};
				};
			};
			buildConfigurationList = B89FFD5E2AAA34F400DD71EF /* Build configuration list for PBXProject "Avatar world city life mod" */;
			compatibilityVersion = "Xcode 14.0";
			developmentRegion = en;
			hasScannedForEncodings = 0;
			knownRegions = (
				en,
				Base,
				"en-GB",
				"en-AU",
				"en-IN",
				de,
				he,
				ar,
				el,
				"zh-Hans",
				ja,
				uk,
				nb,
				es,
				sl,
				da,
				"es-419",
				it,
				sk,
				"fr-CA",
				sr,
				ms,
				sv,
				cs,
				ko,
				"zh-Hant",
				hu,
				tr,
				pl,
				"pt-BR",
				vi,
				lv,
				lt,
				ru,
				fr,
				fi,
				id,
				nl,
				th,
				"pt-PT",
				ro,
				hr,
				hi,
				ca,
			);
			mainGroup = B89FFD5A2AAA34F400DD71EF;
			packageReferences = (
				B89FFDC42AAA5C2600DD71EF /* XCRemoteSwiftPackageReference "Stevia" */,
				B89FFDE22AAA603B00DD71EF /* XCRemoteSwiftPackageReference "IQKeyboardManager" */,
				B89FFDED2AAA644300DD71EF /* XCRemoteSwiftPackageReference "SnapKit" */,
				B834C0ED2AD55BB100615420 /* XCRemoteSwiftPackageReference "SwiftyDropbox" */,
				B834C0FE2AD56B8B00615420 /* XCRemoteSwiftPackageReference "realm-swift" */,
				B815D42C2AED1B44003A1344 /* XCRemoteSwiftPackageReference "Reachability" */,
				B815D43E2AEFA7F5003A1344 /* XCRemoteSwiftPackageReference "MBProgressHUD" */,
				B82C40122AF15B9100401575 /* XCRemoteSwiftPackageReference "lottie-ios" */,
			);
			productRefGroup = B89FFD642AAA34F400DD71EF /* Products */;
			projectDirPath = "";
			projectRoot = "";
			targets = (
				B89FFD622AAA34F400DD71EF /* Avatar world city life mod */,
			);
		};
/* End PBXProject section */

/* Begin PBXResourcesBuildPhase section */
		B89FFD612AAA34F400DD71EF /* Resources */ = {
			isa = PBXResourcesBuildPhase;
			buildActionMask = 2147483647;
			files = (
				597CD0C22CA9258100D8BF2B /* HomeTVC.xib in Resources */,
				B8788B622AAB440B00C7B676 /* FilterView_AW.xib in Resources */,
				B8788B672AAB4B9900C7B676 /* DetailContentViewController_AW.xib in Resources */,
				B8788B542AAB136700C7B676 /* ContentTableViewCell_AW.xib in Resources */,
				59265E7B2CBA932100D6569C /* HouseIdeasVC.xib in Resources */,
				B86BA9722AE7DED200D22BCF /* EditorSetupViewController_AW.xib in Resources */,
				59FB6FC42CBA640B0058AD3E /* SearchVC.xib in Resources */,
				59FB6FC82CBA64140058AD3E /* SkinMakerVC.xib in Resources */,
				B89FFDDA2AAA5E5400DD71EF /* EditorViewController_AW.xib in Resources */,
				B89FFD732AAA34F500DD71EF /* LaunchScreen.storyboard in Resources */,
				590EFAC02CB3860600AF7986 /* SettingsVC.xib in Resources */,
				B86BA9A12AE90F8500D22BCF /* EditorAlert_AW.xib in Resources */,
				59265E802CBA93AA00D6569C /* HouseIdeasCell.xib in Resources */,
				B82C401A2AF15F2500401575 /* animation.json in Resources */,
				597CD0D12CA9358500D8BF2B /* ModsVCViewController.xib in Resources */,
				B8C26A462AF5275C00887D24 /* DetailContentTableViewCell_AW.xib in Resources */,
				59FB6FCC2CBA641C0058AD3E /* TermsVC.xib in Resources */,
				B815D4392AED933E003A1344 /* LoadingView_AW.xib in Resources */,
				B86BA99C2AE9082400D22BCF /* EditorPreviewViewController_AW.xib in Resources */,
				59FB6FD72CBA7CCE0058AD3E /* LockScreenView.xib in Resources */,
				59FB6FD02CBA64240058AD3E /* PrivacyVC.xib in Resources */,
				B89FFDDF2AAA5E9E00DD71EF /* SettingsViewController_AW.xib in Resources */,
				597CD0BD2CA9214700D8BF2B /* HomeVC.xib in Resources */,
				597CD0E62CA9477100D8BF2B /* gilroyFloatRegular.ttf in Resources */,
				597CD0E72CA9477100D8BF2B /* gilroyChromeShadesExtraBold.ttf in Resources */,
				597CD0F42CA94AF400D8BF2B /* ModsTableCell.xib in Resources */,
				597CD0E82CA9477100D8BF2B /* gilroyLongMedium.ttf in Resources */,
				597CD0E92CA9477100D8BF2B /* gilroyStringSemiBold.ttf in Resources */,
				597CD0EA2CA9477100D8BF2B /* gilroyIntegerThink.ttf in Resources */,
				597CD0EB2CA9477100D8BF2B /* gilroyDoubleBold.ttf in Resources */,
				597CD0EC2CA9477100D8BF2B /* gilroyLightGroundKey.ttf in Resources */,
				B86BA97F2AE7E2C500D22BCF /* CategoryCollectionViewCell.xib in Resources */,
				B89FFDD52AAA5E1F00DD71EF /* ModsViewController_AW.xib in Resources */,
				B89FFD702AAA34F500DD71EF /* Assets.xcassets in Resources */,
				597CD0D92CA93A7C00D8BF2B /* CategoryCell.xib in Resources */,
				B80004942AE670E70013D096 /* FilterViewTableViewCell_AW.xib in Resources */,
				59FB6FC02CBA64040058AD3E /* DeleteVC.xib in Resources */,
				B86BA9952AE8042700D22BCF /* CharacterEditorImage_AW.xib in Resources */,
				5966E0DC2CB6DC0500294C90 /* PopUPView.xib in Resources */,
				B8788B5B2AAB29F300C7B676 /* SearchView_AW.xib in Resources */,
				B86BA97A2AE7E2B900D22BCF /* ContentCollectionViewCell.xib in Resources */,
				B89FFDD02AAA5DE400DD71EF /* HomeViewController_AW.xib in Resources */,
				B89FFD6E2AAA34F400DD71EF /* Main.storyboard in Resources */,
				B834C1042AD5834500615420 /* PreloaderViewController_AW.xib in Resources */,
				B89FFD8C2AAA561000DD71EF /* TabBarButton_AW.xib in Resources */,
				5966E0D72CB6D51D00294C90 /* ModsDetailsVC.xib in Resources */,
				590EFAC52CB3863300AF7986 /* SettingsCell.xib in Resources */,
				B86BA9A92AE91A9800D22BCF /* InfoAlert_AW.xib in Resources */,
				B86BA9AE2AE928E600D22BCF /* EditorCollectionViewCell_AW.xib in Resources */,
			);
			runOnlyForDeploymentPostprocessing = 0;
		};
/* End PBXResourcesBuildPhase section */

/* Begin PBXShellScriptBuildPhase section */
		9C9A13F55E95CD78650495BA /* [CP] Check Pods Manifest.lock */ = {
			isa = PBXShellScriptBuildPhase;
			buildActionMask = 2147483647;
			files = (
			);
			inputFileListPaths = (
			);
			inputPaths = (
				"${PODS_PODFILE_DIR_PATH}/Podfile.lock",
				"${PODS_ROOT}/Manifest.lock",
			);
			name = "[CP] Check Pods Manifest.lock";
			outputFileListPaths = (
			);
			outputPaths = (
				"$(DERIVED_FILE_DIR)/Pods-Avatar world city life mod-checkManifestLockResult.txt",
			);
			runOnlyForDeploymentPostprocessing = 0;
			shellPath = /bin/sh;
			shellScript = "diff \"${PODS_PODFILE_DIR_PATH}/Podfile.lock\" \"${PODS_ROOT}/Manifest.lock\" > /dev/null\nif [ $? != 0 ] ; then\n    # print error to STDERR\n    echo \"error: The sandbox is not in sync with the Podfile.lock. Run 'pod install' or update your CocoaPods installation.\" >&2\n    exit 1\nfi\n# This output is used by Xcode 'outputs' to avoid re-running this script phase.\necho \"SUCCESS\" > \"${SCRIPT_OUTPUT_FILE_0}\"\n";
			showEnvVarsInLog = 0;
		};
		E3D0561013313C3F2296FF18 /* [CP] Embed Pods Frameworks */ = {
			isa = PBXShellScriptBuildPhase;
			buildActionMask = 2147483647;
			files = (
			);
			inputFileListPaths = (
				"${PODS_ROOT}/Target Support Files/Pods-Avatar world city life mod/Pods-Avatar world city life mod-frameworks-${CONFIGURATION}-input-files.xcfilelist",
			);
			name = "[CP] Embed Pods Frameworks";
			outputFileListPaths = (
				"${PODS_ROOT}/Target Support Files/Pods-Avatar world city life mod/Pods-Avatar world city life mod-frameworks-${CONFIGURATION}-output-files.xcfilelist",
			);
			runOnlyForDeploymentPostprocessing = 0;
			shellPath = /bin/sh;
			shellScript = "\"${PODS_ROOT}/Target Support Files/Pods-Avatar world city life mod/Pods-Avatar world city life mod-frameworks.sh\"\n";
			showEnvVarsInLog = 0;
		};
/* End PBXShellScriptBuildPhase section */

/* Begin PBXSourcesBuildPhase section */
		B89FFD5F2AAA34F400DD71EF /* Sources */ = {
			isa = PBXSourcesBuildPhase;
			buildActionMask = 2147483647;
			files = (
				B8788B602AAB440700C7B676 /* FilterView_AW.swift in Sources */,
				B80004932AE670E70013D096 /* FilterViewTableViewCell_AW.swift in Sources */,
				B815D6842AF127F2003A1344 /* UIImage_AW.swift in Sources */,
				B89FFDC82AAA5C5300DD71EF /* Defines_AW.swift in Sources */,
				B8E0F04E2AE7A073008429BB /* CharacterContentType_AW.swift in Sources */,
				B89FFDD92AAA5E5400DD71EF /* EditorViewController_AW.swift in Sources */,
				59265E7A2CBA932100D6569C /* HouseIdeasVC.swift in Sources */,
				B815D43D2AEFA7BA003A1344 /* ViewController_AW+Extensions.swift in Sources */,
				B86BA9972AE9061600D22BCF /* StoreManagerCharacters_AW.swift in Sources */,
				B86BA9A72AE91A9400D22BCF /* InfoAlert_AW.swift in Sources */,
				B8E0F0522AE7A10D008429BB /* Category_AW.swift in Sources */,
				5966E0D62CB6D51D00294C90 /* ModsDetailsVC.swift in Sources */,
				B86BA9922AE803E000D22BCF /* CharacterEditorImage_AW.swift in Sources */,
				B834C1032AD5834500615420 /* PreloaderViewController_AW.swift in Sources */,
				59FB6FD82CBA7CCE0058AD3E /* LockScreenView.swift in Sources */,
				B834C0FB2AD55CEF00615420 /* ContentType_AW.swift in Sources */,
				B834C0F52AD55C2000615420 /* Keys_AW.swift in Sources */,
				597CD0F32CA94AF400D8BF2B /* ModsTableCell.swift in Sources */,
				B89FFDCB2AAA5D5F00DD71EF /* UIView_AW.swift in Sources */,
				59FB6FCF2CBA64240058AD3E /* PrivacyVC.swift in Sources */,
				59FB6FDA2CBA7D010058AD3E /* BaseView.swift in Sources */,
				597CD0CA2CA92E8800D8BF2B /* AppColors.swift in Sources */,
				B86BA9A32AE9133900D22BCF /* AlertManager_AW.swift in Sources */,
				B8DCDD212AD53F79006F6AD2 /* DetailViewModel_AW.swift in Sources */,
				B8788B532AAB136700C7B676 /* ContentTableViewCell_AW.swift in Sources */,
				B89FFD902AAA57C000DD71EF /* Fonts_AW.swift in Sources */,
				B86BA9AD2AE928E600D22BCF /* EditorCollectionViewCell_AW.swift in Sources */,
				B86BA9812AE7E97E00D22BCF /* CachedImageView_AW.swift in Sources */,
				B8788B5D2AAB2D8B00C7B676 /* HouseIdeasContentModel_AW.swift in Sources */,
				B8C26A452AF5275C00887D24 /* DetailContentTableViewCell_AW.swift in Sources */,
				B89FFDE12AAA5F0E00DD71EF /* Coordinators_AW.swift in Sources */,
				B89FFDDE2AAA5E9E00DD71EF /* SettingsViewController_AW.swift in Sources */,
				597CD0D82CA93A7C00D8BF2B /* CategoryCell.swift in Sources */,
				B84463782AF3C57B004AFBD7 /* CarouselFlowLayout_AW.swift in Sources */,
				B86BA97E2AE7E2C500D22BCF /* CategoryCollectionViewCell.swift in Sources */,
				B8FE40A82AAF4D4C0070D716 /* ContentListDataModel_AW.swift in Sources */,
				B8788B662AAB4B9900C7B676 /* DetailContentViewController_AW.swift in Sources */,
				B89FFDE72AAA635C00DD71EF /* BaseController_AW.swift in Sources */,
				59FB6FC32CBA640B0058AD3E /* SearchVC.swift in Sources */,
				597CD0C12CA9258100D8BF2B /* HomeTVC.swift in Sources */,
				5966E0DB2CB6DC0500294C90 /* PopUPView.swift in Sources */,
				B8FE40A62AAF4B5F0070D716 /* ModsContentModel_AW.swift in Sources */,
				B815D4372AED9339003A1344 /* LoadingView_AW.swift in Sources */,
				B86BA9902AE7FB7900D22BCF /* BaseCollectionViewCell_AW.swift in Sources */,
				B834C0F32AD55C0B00615420 /* NetworkManager_AW.swift in Sources */,
				B89FFD852AAA558E00DD71EF /* MainTabBarController_AW.swift in Sources */,
				B815D6862AF12B04003A1344 /* ReachabilityManager_AW.swift in Sources */,
				B834C1082AD58B5E00615420 /* ContentService_AW.swift in Sources */,
				B8788B592AAB29EF00C7B676 /* SearchView_AW.swift in Sources */,
				B89FFDCF2AAA5DE400DD71EF /* HomeViewController_AW.swift in Sources */,
				B815D67E2AF04B4B003A1344 /* Configurations_AW .swift in Sources */,
				B834C0FD2AD56AF800615420 /* StoreManager_AW.swift in Sources */,
				B834C0F72AD55C4300615420 /* InternetManager_AW.swift in Sources */,
				597CD0D02CA9358500D8BF2B /* ModsVCViewController.swift in Sources */,
				B86BA9712AE7DED200D22BCF /* EditorSetupViewController_AW.swift in Sources */,
				B8FE40872AAF467E0070D716 /* CategoriesModel.swift in Sources */,
				B86BA9792AE7E2B900D22BCF /* ContentCollectionViewCell.swift in Sources */,
				59265E7F2CBA93AA00D6569C /* HouseIdeasCell.swift in Sources */,
				59FB6FCB2CBA641C0058AD3E /* TermsVC.swift in Sources */,
				597CD0D42CA935AF00D8BF2B /* GilroyAppConstFontsTexture.swift in Sources */,
				B8788B4B2AAB12F800C7B676 /* UICollectionView_AW.swift in Sources */,
				597CD0C62CA92CDC00D8BF2B /* AppFunctions.swift in Sources */,
				590EFABF2CB3860600AF7986 /* SettingsVC.swift in Sources */,
				B8DCDD232AD540B3006F6AD2 /* UIString_AW.swift in Sources */,
				B834C0F92AD55C5F00615420 /* FileSession_AW.swift in Sources */,
				B89FFD872AAA559A00DD71EF /* TabBarItem_AW.swift in Sources */,
				B834C1072AD58B5E00615420 /* ServiceHolder_AW.swift in Sources */,
				B8E0F0502AE7A0E0008429BB /* EditorContentData_AW.swift in Sources */,
				590EFAC42CB3863300AF7986 /* SettingsCell.swift in Sources */,
				B89FFD672AAA34F400DD71EF /* AppDelegate.swift in Sources */,
				B8788B4D2AAB12F800C7B676 /* UITableView_AW.swift in Sources */,
				B89FFD8A2AAA55FE00DD71EF /* TabBarButton_AW.swift in Sources */,
				59FB6FBF2CBA64040058AD3E /* DeleteVC.swift in Sources */,
				B815D43B2AEFA74C003A1344 /* ApkStoreManager_AW.swift in Sources */,
				B86BA99B2AE9082400D22BCF /* EditorPreviewViewController_AW.swift in Sources */,
				597CD0CC2CA9344500D8BF2B /* AppConstants.swift in Sources */,
				B89FFD8E2AAA578D00DD71EF /* Colors_AW.swift in Sources */,
				597CD0BC2CA9214700D8BF2B /* HomeVC.swift in Sources */,
				B89FFDD42AAA5E1F00DD71EF /* ModsViewController_AW.swift in Sources */,
				B834C0F12AD55BE800615420 /* ContentManager_AW.swift in Sources */,
				59FB6FC72CBA64140058AD3E /* SkinMakerVC.swift in Sources */,
				B834C0EC2AD55B2A00615420 /* DBManager_AW.swift in Sources */,
				B86BA9742AE7E20900D22BCF /* EditorSetupViewModel_AW.swift in Sources */,
				B86BA99F2AE90F8200D22BCF /* EditorAlert_AW.swift in Sources */,
			);
			runOnlyForDeploymentPostprocessing = 0;
		};
/* End PBXSourcesBuildPhase section */

/* Begin PBXVariantGroup section */
		B89FFD6C2AAA34F400DD71EF /* Main.storyboard */ = {
			isa = PBXVariantGroup;
			children = (
				B89FFD6D2AAA34F400DD71EF /* Base */,
			);
			name = Main.storyboard;
			sourceTree = "<group>";
		};
		B89FFD712AAA34F500DD71EF /* LaunchScreen.storyboard */ = {
			isa = PBXVariantGroup;
			children = (
				B89FFD722AAA34F500DD71EF /* Base */,
			);
			name = LaunchScreen.storyboard;
			sourceTree = "<group>";
		};
/* End PBXVariantGroup section */

/* Begin XCBuildConfiguration section */
		B89FFD752AAA34F500DD71EF /* Debug */ = {
			isa = XCBuildConfiguration;
			buildSettings = {
				ALWAYS_SEARCH_USER_PATHS = NO;
				CLANG_ANALYZER_NONNULL = YES;
				CLANG_ANALYZER_NUMBER_OBJECT_CONVERSION = YES_AGGRESSIVE;
				CLANG_CXX_LANGUAGE_STANDARD = "gnu++20";
				CLANG_ENABLE_MODULES = YES;
				CLANG_ENABLE_OBJC_ARC = YES;
				CLANG_ENABLE_OBJC_WEAK = YES;
				CLANG_WARN_BLOCK_CAPTURE_AUTORELEASING = YES;
				CLANG_WARN_BOOL_CONVERSION = YES;
				CLANG_WARN_COMMA = YES;
				CLANG_WARN_CONSTANT_CONVERSION = YES;
				CLANG_WARN_DEPRECATED_OBJC_IMPLEMENTATIONS = YES;
				CLANG_WARN_DIRECT_OBJC_ISA_USAGE = YES_ERROR;
				CLANG_WARN_DOCUMENTATION_COMMENTS = YES;
				CLANG_WARN_EMPTY_BODY = YES;
				CLANG_WARN_ENUM_CONVERSION = YES;
				CLANG_WARN_INFINITE_RECURSION = YES;
				CLANG_WARN_INT_CONVERSION = YES;
				CLANG_WARN_NON_LITERAL_NULL_CONVERSION = YES;
				CLANG_WARN_OBJC_IMPLICIT_RETAIN_SELF = YES;
				CLANG_WARN_OBJC_LITERAL_CONVERSION = YES;
				CLANG_WARN_OBJC_ROOT_CLASS = YES_ERROR;
				CLANG_WARN_QUOTED_INCLUDE_IN_FRAMEWORK_HEADER = YES;
				CLANG_WARN_RANGE_LOOP_ANALYSIS = YES;
				CLANG_WARN_STRICT_PROTOTYPES = YES;
				CLANG_WARN_SUSPICIOUS_MOVE = YES;
				CLANG_WARN_UNGUARDED_AVAILABILITY = YES_AGGRESSIVE;
				CLANG_WARN_UNREACHABLE_CODE = YES;
				CLANG_WARN__DUPLICATE_METHOD_MATCH = YES;
				COPY_PHASE_STRIP = NO;
				DEBUG_INFORMATION_FORMAT = dwarf;
				ENABLE_STRICT_OBJC_MSGSEND = YES;
				ENABLE_TESTABILITY = YES;
				GCC_C_LANGUAGE_STANDARD = gnu11;
				GCC_DYNAMIC_NO_PIC = NO;
				GCC_NO_COMMON_BLOCKS = YES;
				GCC_OPTIMIZATION_LEVEL = 0;
				GCC_PREPROCESSOR_DEFINITIONS = (
					"DEBUG=1",
					"$(inherited)",
				);
				GCC_WARN_64_TO_32_BIT_CONVERSION = YES;
				GCC_WARN_ABOUT_RETURN_TYPE = YES_ERROR;
				GCC_WARN_UNDECLARED_SELECTOR = YES;
				GCC_WARN_UNINITIALIZED_AUTOS = YES_AGGRESSIVE;
				GCC_WARN_UNUSED_FUNCTION = YES;
				GCC_WARN_UNUSED_VARIABLE = YES;
				IPHONEOS_DEPLOYMENT_TARGET = 16.4;
				MTL_ENABLE_DEBUG_INFO = INCLUDE_SOURCE;
				MTL_FAST_MATH = YES;
				ONLY_ACTIVE_ARCH = YES;
				SDKROOT = iphoneos;
				SWIFT_ACTIVE_COMPILATION_CONDITIONS = DEBUG;
				SWIFT_OPTIMIZATION_LEVEL = "-Onone";
			};
			name = Debug;
		};
		B89FFD762AAA34F500DD71EF /* Release */ = {
			isa = XCBuildConfiguration;
			buildSettings = {
				ALWAYS_SEARCH_USER_PATHS = NO;
				CLANG_ANALYZER_NONNULL = YES;
				CLANG_ANALYZER_NUMBER_OBJECT_CONVERSION = YES_AGGRESSIVE;
				CLANG_CXX_LANGUAGE_STANDARD = "gnu++20";
				CLANG_ENABLE_MODULES = YES;
				CLANG_ENABLE_OBJC_ARC = YES;
				CLANG_ENABLE_OBJC_WEAK = YES;
				CLANG_WARN_BLOCK_CAPTURE_AUTORELEASING = YES;
				CLANG_WARN_BOOL_CONVERSION = YES;
				CLANG_WARN_COMMA = YES;
				CLANG_WARN_CONSTANT_CONVERSION = YES;
				CLANG_WARN_DEPRECATED_OBJC_IMPLEMENTATIONS = YES;
				CLANG_WARN_DIRECT_OBJC_ISA_USAGE = YES_ERROR;
				CLANG_WARN_DOCUMENTATION_COMMENTS = YES;
				CLANG_WARN_EMPTY_BODY = YES;
				CLANG_WARN_ENUM_CONVERSION = YES;
				CLANG_WARN_INFINITE_RECURSION = YES;
				CLANG_WARN_INT_CONVERSION = YES;
				CLANG_WARN_NON_LITERAL_NULL_CONVERSION = YES;
				CLANG_WARN_OBJC_IMPLICIT_RETAIN_SELF = YES;
				CLANG_WARN_OBJC_LITERAL_CONVERSION = YES;
				CLANG_WARN_OBJC_ROOT_CLASS = YES_ERROR;
				CLANG_WARN_QUOTED_INCLUDE_IN_FRAMEWORK_HEADER = YES;
				CLANG_WARN_RANGE_LOOP_ANALYSIS = YES;
				CLANG_WARN_STRICT_PROTOTYPES = YES;
				CLANG_WARN_SUSPICIOUS_MOVE = YES;
				CLANG_WARN_UNGUARDED_AVAILABILITY = YES_AGGRESSIVE;
				CLANG_WARN_UNREACHABLE_CODE = YES;
				CLANG_WARN__DUPLICATE_METHOD_MATCH = YES;
				COPY_PHASE_STRIP = NO;
				DEBUG_INFORMATION_FORMAT = "dwarf-with-dsym";
				ENABLE_NS_ASSERTIONS = NO;
				ENABLE_STRICT_OBJC_MSGSEND = YES;
				GCC_C_LANGUAGE_STANDARD = gnu11;
				GCC_NO_COMMON_BLOCKS = YES;
				GCC_WARN_64_TO_32_BIT_CONVERSION = YES;
				GCC_WARN_ABOUT_RETURN_TYPE = YES_ERROR;
				GCC_WARN_UNDECLARED_SELECTOR = YES;
				GCC_WARN_UNINITIALIZED_AUTOS = YES_AGGRESSIVE;
				GCC_WARN_UNUSED_FUNCTION = YES;
				GCC_WARN_UNUSED_VARIABLE = YES;
				IPHONEOS_DEPLOYMENT_TARGET = 16.4;
				MTL_ENABLE_DEBUG_INFO = NO;
				MTL_FAST_MATH = YES;
				SDKROOT = iphoneos;
				SWIFT_COMPILATION_MODE = wholemodule;
				SWIFT_OPTIMIZATION_LEVEL = "-O";
				VALIDATE_PRODUCT = YES;
			};
			name = Release;
		};
		B89FFD782AAA34F500DD71EF /* Debug */ = {
			isa = XCBuildConfiguration;
			baseConfigurationReference = D14462B6D4D77552677D0FE0 /* Pods-Avatar world city life mod.debug.xcconfig */;
			buildSettings = {
				ASSETCATALOG_COMPILER_APPICON_NAME = AppIcon;
				ASSETCATALOG_COMPILER_GLOBAL_ACCENT_COLOR_NAME = AccentColor;
				CODE_SIGN_ENTITLEMENTS = "Avatar world city life mod/Avatar world city life mod.entitlements";
				CODE_SIGN_STYLE = Automatic;
				CURRENT_PROJECT_VERSION = 1;
				DEVELOPMENT_TEAM = "";
				GENERATE_INFOPLIST_FILE = YES;
				INFOPLIST_FILE = "Avatar world city life mod/Resource/Info.plist";
				INFOPLIST_KEY_NSPhotoLibraryAddUsageDescription = "Downloading content to Photo Library";
				INFOPLIST_KEY_NSUserTrackingUsageDescription = "Tracking Usage Description";
				INFOPLIST_KEY_UIApplicationSupportsIndirectInputEvents = YES;
				INFOPLIST_KEY_UILaunchStoryboardName = HomeViewController_AW.xib;
				INFOPLIST_KEY_UIMainStoryboardFile = Main;
				INFOPLIST_KEY_UISupportedInterfaceOrientations = UIInterfaceOrientationPortrait;
				INFOPLIST_KEY_UIUserInterfaceStyle = Light;
				IPHONEOS_DEPLOYMENT_TARGET = 16.0;
				LD_RUNPATH_SEARCH_PATHS = (
					"$(inherited)",
					"@executable_path/Frameworks",
				);
				MARKETING_VERSION = 1.0;
				PRODUCT_BUNDLE_IDENTIFIER = "app.soft-company.development";
				PRODUCT_NAME = "$(TARGET_NAME)";
				SUPPORTED_PLATFORMS = "iphoneos iphonesimulator";
				SUPPORTS_MACCATALYST = NO;
				SUPPORTS_MAC_DESIGNED_FOR_IPHONE_IPAD = NO;
				SWIFT_EMIT_LOC_STRINGS = YES;
				SWIFT_VERSION = 5.0;
				TARGETED_DEVICE_FAMILY = "1,2";
			};
			name = Debug;
		};
		B89FFD792AAA34F500DD71EF /* Release */ = {
			isa = XCBuildConfiguration;
			baseConfigurationReference = 26715B33BBEAAC2A35C4A4A0 /* Pods-Avatar world city life mod.release.xcconfig */;
			buildSettings = {
				ASSETCATALOG_COMPILER_APPICON_NAME = AppIcon;
				ASSETCATALOG_COMPILER_GLOBAL_ACCENT_COLOR_NAME = AccentColor;
				CODE_SIGN_ENTITLEMENTS = "Avatar world city life mod/Avatar world city life mod.entitlements";
				CODE_SIGN_STYLE = Automatic;
				CURRENT_PROJECT_VERSION = 1;
				DEVELOPMENT_TEAM = "";
				GENERATE_INFOPLIST_FILE = YES;
				INFOPLIST_FILE = "Avatar world city life mod/Resource/Info.plist";
				INFOPLIST_KEY_NSPhotoLibraryAddUsageDescription = "Downloading content to Photo Library";
				INFOPLIST_KEY_NSUserTrackingUsageDescription = "Tracking Usage Description";
				INFOPLIST_KEY_UIApplicationSupportsIndirectInputEvents = YES;
				INFOPLIST_KEY_UILaunchStoryboardName = HomeViewController_AW.xib;
				INFOPLIST_KEY_UIMainStoryboardFile = Main;
				INFOPLIST_KEY_UISupportedInterfaceOrientations = UIInterfaceOrientationPortrait;
				INFOPLIST_KEY_UIUserInterfaceStyle = Light;
				IPHONEOS_DEPLOYMENT_TARGET = 16.0;
				LD_RUNPATH_SEARCH_PATHS = (
					"$(inherited)",
					"@executable_path/Frameworks",
				);
				MARKETING_VERSION = 1.0;
				PRODUCT_BUNDLE_IDENTIFIER = "app.soft-company.development";
				PRODUCT_NAME = "$(TARGET_NAME)";
				SUPPORTED_PLATFORMS = "iphoneos iphonesimulator";
				SUPPORTS_MACCATALYST = NO;
				SUPPORTS_MAC_DESIGNED_FOR_IPHONE_IPAD = NO;
				SWIFT_EMIT_LOC_STRINGS = YES;
				SWIFT_VERSION = 5.0;
				TARGETED_DEVICE_FAMILY = "1,2";
			};
			name = Release;
		};
/* End XCBuildConfiguration section */

/* Begin XCConfigurationList section */
		B89FFD5E2AAA34F400DD71EF /* Build configuration list for PBXProject "Avatar world city life mod" */ = {
			isa = XCConfigurationList;
			buildConfigurations = (
				B89FFD752AAA34F500DD71EF /* Debug */,
				B89FFD762AAA34F500DD71EF /* Release */,
			);
			defaultConfigurationIsVisible = 0;
			defaultConfigurationName = Release;
		};
		B89FFD772AAA34F500DD71EF /* Build configuration list for PBXNativeTarget "Avatar world city life mod" */ = {
			isa = XCConfigurationList;
			buildConfigurations = (
				B89FFD782AAA34F500DD71EF /* Debug */,
				B89FFD792AAA34F500DD71EF /* Release */,
			);
			defaultConfigurationIsVisible = 0;
			defaultConfigurationName = Release;
		};
/* End XCConfigurationList section */

/* Begin XCRemoteSwiftPackageReference section */
		B815D42C2AED1B44003A1344 /* XCRemoteSwiftPackageReference "Reachability" */ = {
			isa = XCRemoteSwiftPackageReference;
			repositoryURL = "https://github.com/ashleymills/Reachability.swift";
			requirement = {
				branch = master;
				kind = branch;
			};
		};
		B815D43E2AEFA7F5003A1344 /* XCRemoteSwiftPackageReference "MBProgressHUD" */ = {
			isa = XCRemoteSwiftPackageReference;
			repositoryURL = "https://github.com/jdg/MBProgressHUD";
			requirement = {
				kind = upToNextMajorVersion;
				minimumVersion = 1.0.0;
			};
		};
		B82C40122AF15B9100401575 /* XCRemoteSwiftPackageReference "lottie-ios" */ = {
			isa = XCRemoteSwiftPackageReference;
			repositoryURL = "https://github.com/airbnb/lottie-ios/";
			requirement = {
				kind = upToNextMajorVersion;
				minimumVersion = 4.0.0;
			};
		};
		B834C0ED2AD55BB100615420 /* XCRemoteSwiftPackageReference "SwiftyDropbox" */ = {
			isa = XCRemoteSwiftPackageReference;
			repositoryURL = "https://github.com/dropbox/SwiftyDropbox";
			requirement = {
				kind = upToNextMajorVersion;
				minimumVersion = 9.0.0;
			};
		};
		B834C0FE2AD56B8B00615420 /* XCRemoteSwiftPackageReference "realm-swift" */ = {
			isa = XCRemoteSwiftPackageReference;
			repositoryURL = "https://github.com/realm/realm-swift";
			requirement = {
				branch = master;
				kind = branch;
			};
		};
		B89FFDC42AAA5C2600DD71EF /* XCRemoteSwiftPackageReference "Stevia" */ = {
			isa = XCRemoteSwiftPackageReference;
			repositoryURL = "https://github.com/freshOS/Stevia";
			requirement = {
				kind = upToNextMajorVersion;
				minimumVersion = 5.0.0;
			};
		};
		B89FFDE22AAA603B00DD71EF /* XCRemoteSwiftPackageReference "IQKeyboardManager" */ = {
			isa = XCRemoteSwiftPackageReference;
			repositoryURL = "https://github.com/hackiftekhar/IQKeyboardManager";
			requirement = {
				kind = upToNextMajorVersion;
				minimumVersion = 6.0.0;
			};
		};
		B89FFDED2AAA644300DD71EF /* XCRemoteSwiftPackageReference "SnapKit" */ = {
			isa = XCRemoteSwiftPackageReference;
			repositoryURL = "https://github.com/SnapKit/SnapKit.git";
			requirement = {
				kind = upToNextMajorVersion;
				minimumVersion = 5.0.0;
			};
		};
/* End XCRemoteSwiftPackageReference section */

/* Begin XCSwiftPackageProductDependency section */
		B815D42D2AED1B44003A1344 /* Reachability */ = {
			isa = XCSwiftPackageProductDependency;
			package = B815D42C2AED1B44003A1344 /* XCRemoteSwiftPackageReference "Reachability" */;
			productName = Reachability;
		};
		B815D43F2AEFA7F5003A1344 /* MBProgressHUD */ = {
			isa = XCSwiftPackageProductDependency;
			package = B815D43E2AEFA7F5003A1344 /* XCRemoteSwiftPackageReference "MBProgressHUD" */;
			productName = MBProgressHUD;
		};
		B82C40132AF15B9100401575 /* Lottie */ = {
			isa = XCSwiftPackageProductDependency;
			package = B82C40122AF15B9100401575 /* XCRemoteSwiftPackageReference "lottie-ios" */;
			productName = Lottie;
		};
		B834C0EE2AD55BB100615420 /* SwiftyDropbox */ = {
			isa = XCSwiftPackageProductDependency;
			package = B834C0ED2AD55BB100615420 /* XCRemoteSwiftPackageReference "SwiftyDropbox" */;
			productName = SwiftyDropbox;
		};
		B834C0FF2AD56B8B00615420 /* RealmSwift */ = {
			isa = XCSwiftPackageProductDependency;
			package = B834C0FE2AD56B8B00615420 /* XCRemoteSwiftPackageReference "realm-swift" */;
			productName = RealmSwift;
		};
		B89FFDC52AAA5C2600DD71EF /* Stevia */ = {
			isa = XCSwiftPackageProductDependency;
			package = B89FFDC42AAA5C2600DD71EF /* XCRemoteSwiftPackageReference "Stevia" */;
			productName = Stevia;
		};
		B89FFDE32AAA603B00DD71EF /* IQKeyboardManagerSwift */ = {
			isa = XCSwiftPackageProductDependency;
			package = B89FFDE22AAA603B00DD71EF /* XCRemoteSwiftPackageReference "IQKeyboardManager" */;
			productName = IQKeyboardManagerSwift;
		};
		B89FFDEE2AAA644300DD71EF /* SnapKit */ = {
			isa = XCSwiftPackageProductDependency;
			package = B89FFDED2AAA644300DD71EF /* XCRemoteSwiftPackageReference "SnapKit" */;
			productName = SnapKit;
		};
/* End XCSwiftPackageProductDependency section */
	};
	rootObject = B89FFD5B2AAA34F400DD71EF /* Project object */;
}
